{
  "version": 4,
  "terraform_version": "1.12.1",
  "serial": 256,
  "lineage": "315e52e6-cdb4-8d32-7c59-3b659f863526",
  "outputs": {},
  "resources": [
    {
      "mode": "managed",
      "type": "kubernetes_manifest",
      "name": "auth-service",
      "provider": "provider[\"registry.terraform.io/hashicorp/kubernetes\"]",
      "instances": [
        {
          "schema_version": 1,
          "attributes": {
            "computed_fields": null,
            "field_manager": [],
            "manifest": {
              "value": {
                "apiVersion": "v1",
                "kind": "Service",
                "metadata": {
                  "labels": {
                    "app": "auth-service"
                  },
                  "name": "auth-service",
                  "namespace": "sins"
                },
                "spec": {
                  "ports": [
                    {
                      "name": "http-metrics",
                      "port": 8080,
                      "targetPort": 8080
                    }
                  ],
                  "selector": {
                    "app": "auth-service"
                  }
                }
              },
              "type": [
                "object",
                {
                  "apiVersion": "string",
                  "kind": "string",
                  "metadata": [
                    "object",
                    {
                      "labels": [
                        "object",
                        {
                          "app": "string"
                        }
                      ],
                      "name": "string",
                      "namespace": "string"
                    }
                  ],
                  "spec": [
                    "object",
                    {
                      "ports": [
                        "tuple",
                        [
                          [
                            "object",
                            {
                              "name": "string",
                              "port": "number",
                              "targetPort": "number"
                            }
                          ]
                        ]
                      ],
                      "selector": [
                        "object",
                        {
                          "app": "string"
                        }
                      ]
                    }
                  ]
                }
              ]
            },
            "object": {
              "value": {
                "apiVersion": "v1",
                "kind": "Service",
                "metadata": {
                  "annotations": null,
                  "creationTimestamp": null,
                  "deletionGracePeriodSeconds": null,
                  "deletionTimestamp": null,
                  "finalizers": null,
                  "generateName": null,
                  "generation": null,
                  "labels": {
                    "app": "auth-service"
                  },
                  "managedFields": null,
                  "name": "auth-service",
                  "namespace": "sins",
                  "ownerReferences": null,
                  "resourceVersion": null,
                  "selfLink": null,
                  "uid": null
                },
                "spec": {
                  "allocateLoadBalancerNodePorts": null,
                  "clusterIP": "10.0.42.241",
                  "clusterIPs": [
                    "10.0.42.241"
                  ],
                  "externalIPs": null,
                  "externalName": null,
                  "externalTrafficPolicy": null,
                  "healthCheckNodePort": null,
                  "internalTrafficPolicy": "Cluster",
                  "ipFamilies": [
                    "IPv4"
                  ],
                  "ipFamilyPolicy": "SingleStack",
                  "loadBalancerClass": null,
                  "loadBalancerIP": null,
                  "loadBalancerSourceRanges": null,
                  "ports": [
                    {
                      "appProtocol": null,
                      "name": "http-metrics",
                      "nodePort": null,
                      "port": 8080,
                      "protocol": "TCP",
                      "targetPort": "8080"
                    }
                  ],
                  "publishNotReadyAddresses": null,
                  "selector": {
                    "app": "auth-service"
                  },
                  "sessionAffinity": "None",
                  "sessionAffinityConfig": {
                    "clientIP": {
                      "timeoutSeconds": null
                    }
                  },
                  "trafficDistribution": null,
                  "type": "ClusterIP"
                }
              },
              "type": [
                "object",
                {
                  "apiVersion": "string",
                  "kind": "string",
                  "metadata": [
                    "object",
                    {
                      "annotations": [
                        "map",
                        "string"
                      ],
                      "creationTimestamp": "string",
                      "deletionGracePeriodSeconds": "number",
                      "deletionTimestamp": "string",
                      "finalizers": [
                        "list",
                        "string"
                      ],
                      "generateName": "string",
                      "generation": "number",
                      "labels": [
                        "map",
                        "string"
                      ],
                      "managedFields": [
                        "tuple",
                        [
                          [
                            "object",
                            {
                              "apiVersion": "string",
                              "fieldsType": "string",
                              "fieldsV1": "dynamic",
                              "manager": "string",
                              "operation": "string",
                              "subresource": "string",
                              "time": "string"
                            }
                          ]
                        ]
                      ],
                      "name": "string",
                      "namespace": "string",
                      "ownerReferences": [
                        "list",
                        [
                          "object",
                          {
                            "apiVersion": "string",
                            "blockOwnerDeletion": "bool",
                            "controller": "bool",
                            "kind": "string",
                            "name": "string",
                            "uid": "string"
                          }
                        ]
                      ],
                      "resourceVersion": "string",
                      "selfLink": "string",
                      "uid": "string"
                    }
                  ],
                  "spec": [
                    "object",
                    {
                      "allocateLoadBalancerNodePorts": "bool",
                      "clusterIP": "string",
                      "clusterIPs": [
                        "list",
                        "string"
                      ],
                      "externalIPs": [
                        "list",
                        "string"
                      ],
                      "externalName": "string",
                      "externalTrafficPolicy": "string",
                      "healthCheckNodePort": "number",
                      "internalTrafficPolicy": "string",
                      "ipFamilies": [
                        "list",
                        "string"
                      ],
                      "ipFamilyPolicy": "string",
                      "loadBalancerClass": "string",
                      "loadBalancerIP": "string",
                      "loadBalancerSourceRanges": [
                        "list",
                        "string"
                      ],
                      "ports": [
                        "list",
                        [
                          "object",
                          {
                            "appProtocol": "string",
                            "name": "string",
                            "nodePort": "number",
                            "port": "number",
                            "protocol": "string",
                            "targetPort": "string"
                          }
                        ]
                      ],
                      "publishNotReadyAddresses": "bool",
                      "selector": [
                        "map",
                        "string"
                      ],
                      "sessionAffinity": "string",
                      "sessionAffinityConfig": [
                        "object",
                        {
                          "clientIP": [
                            "object",
                            {
                              "timeoutSeconds": "number"
                            }
                          ]
                        }
                      ],
                      "trafficDistribution": "string",
                      "type": "string"
                    }
                  ]
                }
              ]
            },
            "timeouts": [],
            "wait": [],
            "wait_for": null
          },
          "sensitive_attributes": [],
          "identity_schema_version": 1,
          "identity": {
            "api_version": "v1",
            "kind": "Service",
            "name": "auth-service",
            "namespace": "sins"
          }
        }
      ]
    },
    {
      "mode": "managed",
      "type": "kubernetes_manifest",
      "name": "blunt_games",
      "provider": "provider[\"registry.terraform.io/hashicorp/kubernetes\"]",
      "instances": [
        {
          "index_key": "configmap.yml",
          "schema_version": 1,
          "attributes": {
            "computed_fields": null,
            "field_manager": [],
            "manifest": {
              "value": {
                "apiVersion": "v1",
                "data": {
                  "init.sql": "-- Create tables for auth-service\nCREATE TABLE IF NOT EXISTS users (\n  id SERIAL PRIMARY KEY,\n  username VARCHAR(255) UNIQUE NOT NULL,\n  password_hash BYTEA NOT NULL\n);\nALTER TABLE users OWNER TO \"user\";\n\n-- Create table for Snake game scores\nCREATE TABLE IF NOT EXISTS snake_high_scores (\n  id SERIAL PRIMARY KEY,\n  user_id INTEGER REFERENCES users(id),\n  score INTEGER DEFAULT 0\n);\nALTER TABLE snake_high_scores OWNER TO \"user\";\n\n-- Create table for other game stats (Tic-Tac-Toe and Rock-Paper-Scissors)\nCREATE TABLE IF NOT EXISTS games_stats (\n  id SERIAL PRIMARY KEY,\n  user_id INTEGER REFERENCES users(id),\n  game_type VARCHAR(50) NOT NULL,\n  wins INTEGER DEFAULT 0,\n  losses INTEGER DEFAULT 0\n);\nALTER TABLE games_stats OWNER TO \"user\";\n\n-- Give 'user' full rights\nGRANT ALL PRIVILEGES ON TABLE users TO \"user\";\nGRANT ALL PRIVILEGES ON TABLE snake_high_scores TO \"user\";\nGRANT ALL PRIVILEGES ON TABLE games_stats TO \"user\";\n\n-- Allow access to sequences\nGRANT USAGE, SELECT, UPDATE ON SEQUENCE users_id_seq TO \"user\";\nGRANT USAGE, SELECT, UPDATE ON SEQUENCE snake_high_scores_id_seq TO \"user\";\nGRANT USAGE, SELECT, UPDATE ON SEQUENCE games_stats_id_seq TO \"user\";\n\n-- Make sure the app user can use the database\nGRANT CONNECT ON DATABASE dbname TO \"user\";\n\n-- Make sure the app user can use the public schema\nGRANT USAGE ON SCHEMA public TO \"user\";\n\n-- Give full rights on all existing tables\nGRANT SELECT, INSERT, UPDATE, DELETE ON ALL TABLES IN SCHEMA public TO \"user\";\n\n-- Give full rights on all existing sequences\nGRANT USAGE, SELECT, UPDATE ON ALL SEQUENCES IN SCHEMA public TO \"user\";\n\n-- Ensure future tables/sequences also get these rights automatically\nALTER DEFAULT PRIVILEGES IN SCHEMA public GRANT SELECT, INSERT, UPDATE, DELETE ON TABLES TO \"user\";\nALTER DEFAULT PRIVILEGES IN SCHEMA public GRANT USAGE, SELECT, UPDATE ON SEQUENCES TO \"user\";\n"
                },
                "kind": "ConfigMap",
                "metadata": {
                  "name": "init-sql",
                  "namespace": "sins"
                }
              },
              "type": [
                "object",
                {
                  "apiVersion": "string",
                  "data": [
                    "object",
                    {
                      "init.sql": "string"
                    }
                  ],
                  "kind": "string",
                  "metadata": [
                    "object",
                    {
                      "name": "string",
                      "namespace": "string"
                    }
                  ]
                }
              ]
            },
            "object": {
              "value": {
                "apiVersion": "v1",
                "binaryData": null,
                "data": {
                  "init.sql": "-- Create tables for auth-service\nCREATE TABLE IF NOT EXISTS users (\n  id SERIAL PRIMARY KEY,\n  username VARCHAR(255) UNIQUE NOT NULL,\n  password_hash BYTEA NOT NULL\n);\nALTER TABLE users OWNER TO \"user\";\n\n-- Create table for Snake game scores\nCREATE TABLE IF NOT EXISTS snake_high_scores (\n  id SERIAL PRIMARY KEY,\n  user_id INTEGER REFERENCES users(id),\n  score INTEGER DEFAULT 0\n);\nALTER TABLE snake_high_scores OWNER TO \"user\";\n\n-- Create table for other game stats (Tic-Tac-Toe and Rock-Paper-Scissors)\nCREATE TABLE IF NOT EXISTS games_stats (\n  id SERIAL PRIMARY KEY,\n  user_id INTEGER REFERENCES users(id),\n  game_type VARCHAR(50) NOT NULL,\n  wins INTEGER DEFAULT 0,\n  losses INTEGER DEFAULT 0\n);\nALTER TABLE games_stats OWNER TO \"user\";\n\n-- Give 'user' full rights\nGRANT ALL PRIVILEGES ON TABLE users TO \"user\";\nGRANT ALL PRIVILEGES ON TABLE snake_high_scores TO \"user\";\nGRANT ALL PRIVILEGES ON TABLE games_stats TO \"user\";\n\n-- Allow access to sequences\nGRANT USAGE, SELECT, UPDATE ON SEQUENCE users_id_seq TO \"user\";\nGRANT USAGE, SELECT, UPDATE ON SEQUENCE snake_high_scores_id_seq TO \"user\";\nGRANT USAGE, SELECT, UPDATE ON SEQUENCE games_stats_id_seq TO \"user\";\n\n-- Make sure the app user can use the database\nGRANT CONNECT ON DATABASE dbname TO \"user\";\n\n-- Make sure the app user can use the public schema\nGRANT USAGE ON SCHEMA public TO \"user\";\n\n-- Give full rights on all existing tables\nGRANT SELECT, INSERT, UPDATE, DELETE ON ALL TABLES IN SCHEMA public TO \"user\";\n\n-- Give full rights on all existing sequences\nGRANT USAGE, SELECT, UPDATE ON ALL SEQUENCES IN SCHEMA public TO \"user\";\n\n-- Ensure future tables/sequences also get these rights automatically\nALTER DEFAULT PRIVILEGES IN SCHEMA public GRANT SELECT, INSERT, UPDATE, DELETE ON TABLES TO \"user\";\nALTER DEFAULT PRIVILEGES IN SCHEMA public GRANT USAGE, SELECT, UPDATE ON SEQUENCES TO \"user\";\n"
                },
                "immutable": null,
                "kind": "ConfigMap",
                "metadata": {
                  "annotations": null,
                  "creationTimestamp": null,
                  "deletionGracePeriodSeconds": null,
                  "deletionTimestamp": null,
                  "finalizers": null,
                  "generateName": null,
                  "generation": null,
                  "labels": null,
                  "managedFields": null,
                  "name": "init-sql",
                  "namespace": "sins",
                  "ownerReferences": null,
                  "resourceVersion": null,
                  "selfLink": null,
                  "uid": null
                }
              },
              "type": [
                "object",
                {
                  "apiVersion": "string",
                  "binaryData": [
                    "map",
                    "string"
                  ],
                  "data": [
                    "map",
                    "string"
                  ],
                  "immutable": "bool",
                  "kind": "string",
                  "metadata": [
                    "object",
                    {
                      "annotations": [
                        "map",
                        "string"
                      ],
                      "creationTimestamp": "string",
                      "deletionGracePeriodSeconds": "number",
                      "deletionTimestamp": "string",
                      "finalizers": [
                        "list",
                        "string"
                      ],
                      "generateName": "string",
                      "generation": "number",
                      "labels": [
                        "map",
                        "string"
                      ],
                      "managedFields": [
                        "tuple",
                        [
                          [
                            "object",
                            {
                              "apiVersion": "string",
                              "fieldsType": "string",
                              "fieldsV1": "dynamic",
                              "manager": "string",
                              "operation": "string",
                              "subresource": "string",
                              "time": "string"
                            }
                          ]
                        ]
                      ],
                      "name": "string",
                      "namespace": "string",
                      "ownerReferences": [
                        "list",
                        [
                          "object",
                          {
                            "apiVersion": "string",
                            "blockOwnerDeletion": "bool",
                            "controller": "bool",
                            "kind": "string",
                            "name": "string",
                            "uid": "string"
                          }
                        ]
                      ],
                      "resourceVersion": "string",
                      "selfLink": "string",
                      "uid": "string"
                    }
                  ]
                }
              ]
            },
            "timeouts": [],
            "wait": [],
            "wait_for": null
          },
          "sensitive_attributes": [],
          "identity_schema_version": 1,
          "identity": {
            "api_version": "v1",
            "kind": "ConfigMap",
            "name": "init-sql",
            "namespace": "sins"
          }
        },
        {
          "index_key": "deployauth.yml",
          "schema_version": 1,
          "attributes": {
            "computed_fields": null,
            "field_manager": [],
            "manifest": {
              "value": {
                "apiVersion": "apps/v1",
                "kind": "Deployment",
                "metadata": {
                  "creationTimestamp": null,
                  "labels": {
                    "app": "auth-service"
                  },
                  "name": "authservice",
                  "namespace": "sins"
                },
                "spec": {
                  "replicas": 2,
                  "selector": {
                    "matchLabels": {
                      "app": "auth-service"
                    }
                  },
                  "strategy": {
                    "rollingUpdate": {
                      "maxSurge": 1,
                      "maxUnavailable": 2
                    },
                    "type": "RollingUpdate"
                  },
                  "template": {
                    "metadata": {
                      "creationTimestamp": null,
                      "labels": {
                        "app": "auth-service"
                      }
                    },
                    "spec": {
                      "containers": [
                        {
                          "env": [
                            {
                              "name": "POSTGRES_HOST",
                              "value": "postgres-rw.sins.svc.cluster.local"
                            },
                            {
                              "name": "POSTGRES_DB",
                              "value": "dbname"
                            },
                            {
                              "name": "POSTGRES_USER",
                              "valueFrom": {
                                "secretKeyRef": {
                                  "key": "user",
                                  "name": "postgres-app"
                                }
                              }
                            },
                            {
                              "name": "POSTGRES_PASSWORD",
                              "valueFrom": {
                                "secretKeyRef": {
                                  "key": "password",
                                  "name": "postgres-app"
                                }
                              }
                            }
                          ],
                          "image": "aditya090/projectk8s:auth",
                          "name": "auth-service",
                          "ports": [
                            {
                              "containerPort": 8080
                            }
                          ],
                          "previleged": true,
                          "readOnlyRootFileSystem": true,
                          "resources": {
                            "limits": {
                              "cpu": "500m",
                              "memory": "128Mi"
                            },
                            "requests": {
                              "cpu": "250m",
                              "memory": "64Mi"
                            }
                          },
                          "securityContext": {
                            "allowPrivilegeEscalation": false,
                            "capabilities": {
                              "drop": [
                                "All"
                              ]
                            }
                          }
                        }
                      ],
                      "securityContext": {
                        "fsGroup": 1000,
                        "runAsGroup": 1000,
                        "runAsNonRoot": true,
                        "runAsUser": 1000
                      },
                      "terminationGracePeriodSeconds": 5
                    }
                  }
                }
              },
              "type": [
                "object",
                {
                  "apiVersion": "string",
                  "kind": "string",
                  "metadata": [
                    "object",
                    {
                      "creationTimestamp": "dynamic",
                      "labels": [
                        "object",
                        {
                          "app": "string"
                        }
                      ],
                      "name": "string",
                      "namespace": "string"
                    }
                  ],
                  "spec": [
                    "object",
                    {
                      "replicas": "number",
                      "selector": [
                        "object",
                        {
                          "matchLabels": [
                            "object",
                            {
                              "app": "string"
                            }
                          ]
                        }
                      ],
                      "strategy": [
                        "object",
                        {
                          "rollingUpdate": [
                            "object",
                            {
                              "maxSurge": "number",
                              "maxUnavailable": "number"
                            }
                          ],
                          "type": "string"
                        }
                      ],
                      "template": [
                        "object",
                        {
                          "metadata": [
                            "object",
                            {
                              "creationTimestamp": "dynamic",
                              "labels": [
                                "object",
                                {
                                  "app": "string"
                                }
                              ]
                            }
                          ],
                          "spec": [
                            "object",
                            {
                              "containers": [
                                "tuple",
                                [
                                  [
                                    "object",
                                    {
                                      "env": [
                                        "tuple",
                                        [
                                          [
                                            "object",
                                            {
                                              "name": "string",
                                              "value": "string"
                                            }
                                          ],
                                          [
                                            "object",
                                            {
                                              "name": "string",
                                              "value": "string"
                                            }
                                          ],
                                          [
                                            "object",
                                            {
                                              "name": "string",
                                              "valueFrom": [
                                                "object",
                                                {
                                                  "secretKeyRef": [
                                                    "object",
                                                    {
                                                      "key": "string",
                                                      "name": "string"
                                                    }
                                                  ]
                                                }
                                              ]
                                            }
                                          ],
                                          [
                                            "object",
                                            {
                                              "name": "string",
                                              "valueFrom": [
                                                "object",
                                                {
                                                  "secretKeyRef": [
                                                    "object",
                                                    {
                                                      "key": "string",
                                                      "name": "string"
                                                    }
                                                  ]
                                                }
                                              ]
                                            }
                                          ]
                                        ]
                                      ],
                                      "image": "string",
                                      "name": "string",
                                      "ports": [
                                        "tuple",
                                        [
                                          [
                                            "object",
                                            {
                                              "containerPort": "number"
                                            }
                                          ]
                                        ]
                                      ],
                                      "previleged": "bool",
                                      "readOnlyRootFileSystem": "bool",
                                      "resources": [
                                        "object",
                                        {
                                          "limits": [
                                            "object",
                                            {
                                              "cpu": "string",
                                              "memory": "string"
                                            }
                                          ],
                                          "requests": [
                                            "object",
                                            {
                                              "cpu": "string",
                                              "memory": "string"
                                            }
                                          ]
                                        }
                                      ],
                                      "securityContext": [
                                        "object",
                                        {
                                          "allowPrivilegeEscalation": "bool",
                                          "capabilities": [
                                            "object",
                                            {
                                              "drop": [
                                                "tuple",
                                                [
                                                  "string"
                                                ]
                                              ]
                                            }
                                          ]
                                        }
                                      ]
                                    }
                                  ]
                                ]
                              ],
                              "securityContext": [
                                "object",
                                {
                                  "fsGroup": "number",
                                  "runAsGroup": "number",
                                  "runAsNonRoot": "bool",
                                  "runAsUser": "number"
                                }
                              ],
                              "terminationGracePeriodSeconds": "number"
                            }
                          ]
                        }
                      ]
                    }
                  ]
                }
              ]
            },
            "object": {
              "value": {
                "apiVersion": "apps/v1",
                "kind": "Deployment",
                "metadata": {
                  "annotations": {
                    "deployment.kubernetes.io/revision": "1"
                  },
                  "creationTimestamp": null,
                  "deletionGracePeriodSeconds": null,
                  "deletionTimestamp": null,
                  "finalizers": null,
                  "generateName": null,
                  "generation": null,
                  "labels": {
                    "app": "auth-service"
                  },
                  "managedFields": null,
                  "name": "authservice",
                  "namespace": "sins",
                  "ownerReferences": null,
                  "resourceVersion": null,
                  "selfLink": null,
                  "uid": null
                },
                "spec": {
                  "minReadySeconds": null,
                  "paused": null,
                  "progressDeadlineSeconds": 600,
                  "replicas": 2,
                  "revisionHistoryLimit": 10,
                  "selector": {
                    "matchExpressions": null,
                    "matchLabels": {
                      "app": "auth-service"
                    }
                  },
                  "strategy": {
                    "rollingUpdate": {
                      "maxSurge": "1",
                      "maxUnavailable": "2"
                    },
                    "type": "RollingUpdate"
                  },
                  "template": {
                    "metadata": {
                      "annotations": null,
                      "creationTimestamp": null,
                      "deletionGracePeriodSeconds": null,
                      "deletionTimestamp": null,
                      "finalizers": null,
                      "generateName": null,
                      "generation": null,
                      "labels": {
                        "app": "auth-service"
                      },
                      "managedFields": null,
                      "name": null,
                      "namespace": null,
                      "ownerReferences": null,
                      "resourceVersion": null,
                      "selfLink": null,
                      "uid": null
                    },
                    "spec": {
                      "activeDeadlineSeconds": null,
                      "affinity": {
                        "nodeAffinity": {
                          "preferredDuringSchedulingIgnoredDuringExecution": null,
                          "requiredDuringSchedulingIgnoredDuringExecution": {
                            "nodeSelectorTerms": null
                          }
                        },
                        "podAffinity": {
                          "preferredDuringSchedulingIgnoredDuringExecution": null,
                          "requiredDuringSchedulingIgnoredDuringExecution": null
                        },
                        "podAntiAffinity": {
                          "preferredDuringSchedulingIgnoredDuringExecution": null,
                          "requiredDuringSchedulingIgnoredDuringExecution": null
                        }
                      },
                      "automountServiceAccountToken": null,
                      "containers": [
                        {
                          "args": null,
                          "command": null,
                          "env": [
                            {
                              "name": "POSTGRES_HOST",
                              "value": "postgres-rw.sins.svc.cluster.local",
                              "valueFrom": {
                                "configMapKeyRef": {
                                  "key": null,
                                  "name": null,
                                  "optional": null
                                },
                                "fieldRef": {
                                  "apiVersion": null,
                                  "fieldPath": null
                                },
                                "resourceFieldRef": {
                                  "containerName": null,
                                  "divisor": null,
                                  "resource": null
                                },
                                "secretKeyRef": {
                                  "key": null,
                                  "name": null,
                                  "optional": null
                                }
                              }
                            },
                            {
                              "name": "POSTGRES_DB",
                              "value": "dbname",
                              "valueFrom": {
                                "configMapKeyRef": {
                                  "key": null,
                                  "name": null,
                                  "optional": null
                                },
                                "fieldRef": {
                                  "apiVersion": null,
                                  "fieldPath": null
                                },
                                "resourceFieldRef": {
                                  "containerName": null,
                                  "divisor": null,
                                  "resource": null
                                },
                                "secretKeyRef": {
                                  "key": null,
                                  "name": null,
                                  "optional": null
                                }
                              }
                            },
                            {
                              "name": "POSTGRES_USER",
                              "value": null,
                              "valueFrom": {
                                "configMapKeyRef": {
                                  "key": null,
                                  "name": null,
                                  "optional": null
                                },
                                "fieldRef": {
                                  "apiVersion": null,
                                  "fieldPath": null
                                },
                                "resourceFieldRef": {
                                  "containerName": null,
                                  "divisor": null,
                                  "resource": null
                                },
                                "secretKeyRef": {
                                  "key": "user",
                                  "name": "postgres-app",
                                  "optional": null
                                }
                              }
                            },
                            {
                              "name": "POSTGRES_PASSWORD",
                              "value": null,
                              "valueFrom": {
                                "configMapKeyRef": {
                                  "key": null,
                                  "name": null,
                                  "optional": null
                                },
                                "fieldRef": {
                                  "apiVersion": null,
                                  "fieldPath": null
                                },
                                "resourceFieldRef": {
                                  "containerName": null,
                                  "divisor": null,
                                  "resource": null
                                },
                                "secretKeyRef": {
                                  "key": "password",
                                  "name": "postgres-app",
                                  "optional": null
                                }
                              }
                            }
                          ],
                          "envFrom": null,
                          "image": "aditya090/projectk8s:auth",
                          "imagePullPolicy": "IfNotPresent",
                          "lifecycle": {
                            "postStart": {
                              "exec": {
                                "command": null
                              },
                              "httpGet": {
                                "host": null,
                                "httpHeaders": null,
                                "path": null,
                                "port": null,
                                "scheme": null
                              },
                              "sleep": {
                                "seconds": null
                              },
                              "tcpSocket": {
                                "host": null,
                                "port": null
                              }
                            },
                            "preStop": {
                              "exec": {
                                "command": null
                              },
                              "httpGet": {
                                "host": null,
                                "httpHeaders": null,
                                "path": null,
                                "port": null,
                                "scheme": null
                              },
                              "sleep": {
                                "seconds": null
                              },
                              "tcpSocket": {
                                "host": null,
                                "port": null
                              }
                            }
                          },
                          "livenessProbe": {
                            "exec": {
                              "command": null
                            },
                            "failureThreshold": null,
                            "grpc": {
                              "port": null,
                              "service": null
                            },
                            "httpGet": {
                              "host": null,
                              "httpHeaders": null,
                              "path": null,
                              "port": null,
                              "scheme": null
                            },
                            "initialDelaySeconds": null,
                            "periodSeconds": null,
                            "successThreshold": null,
                            "tcpSocket": {
                              "host": null,
                              "port": null
                            },
                            "terminationGracePeriodSeconds": null,
                            "timeoutSeconds": null
                          },
                          "name": "auth-service",
                          "ports": [
                            {
                              "containerPort": 8080,
                              "hostIP": null,
                              "hostPort": null,
                              "name": null,
                              "protocol": "TCP"
                            }
                          ],
                          "readinessProbe": {
                            "exec": {
                              "command": null
                            },
                            "failureThreshold": null,
                            "grpc": {
                              "port": null,
                              "service": null
                            },
                            "httpGet": {
                              "host": null,
                              "httpHeaders": null,
                              "path": null,
                              "port": null,
                              "scheme": null
                            },
                            "initialDelaySeconds": null,
                            "periodSeconds": null,
                            "successThreshold": null,
                            "tcpSocket": {
                              "host": null,
                              "port": null
                            },
                            "terminationGracePeriodSeconds": null,
                            "timeoutSeconds": null
                          },
                          "resizePolicy": null,
                          "resources": {
                            "claims": null,
                            "limits": {
                              "cpu": "500m",
                              "memory": "128Mi"
                            },
                            "requests": {
                              "cpu": "250m",
                              "memory": "64Mi"
                            }
                          },
                          "restartPolicy": null,
                          "securityContext": {
                            "allowPrivilegeEscalation": false,
                            "appArmorProfile": {
                              "localhostProfile": null,
                              "type": null
                            },
                            "capabilities": {
                              "add": null,
                              "drop": [
                                "All"
                              ]
                            },
                            "privileged": null,
                            "procMount": null,
                            "readOnlyRootFilesystem": null,
                            "runAsGroup": null,
                            "runAsNonRoot": null,
                            "runAsUser": null,
                            "seLinuxOptions": {
                              "level": null,
                              "role": null,
                              "type": null,
                              "user": null
                            },
                            "seccompProfile": {
                              "localhostProfile": null,
                              "type": null
                            },
                            "windowsOptions": {
                              "gmsaCredentialSpec": null,
                              "gmsaCredentialSpecName": null,
                              "hostProcess": null,
                              "runAsUserName": null
                            }
                          },
                          "startupProbe": {
                            "exec": {
                              "command": null
                            },
                            "failureThreshold": null,
                            "grpc": {
                              "port": null,
                              "service": null
                            },
                            "httpGet": {
                              "host": null,
                              "httpHeaders": null,
                              "path": null,
                              "port": null,
                              "scheme": null
                            },
                            "initialDelaySeconds": null,
                            "periodSeconds": null,
                            "successThreshold": null,
                            "tcpSocket": {
                              "host": null,
                              "port": null
                            },
                            "terminationGracePeriodSeconds": null,
                            "timeoutSeconds": null
                          },
                          "stdin": null,
                          "stdinOnce": null,
                          "terminationMessagePath": "/dev/termination-log",
                          "terminationMessagePolicy": "File",
                          "tty": null,
                          "volumeDevices": null,
                          "volumeMounts": null,
                          "workingDir": null
                        }
                      ],
                      "dnsConfig": {
                        "nameservers": null,
                        "options": null,
                        "searches": null
                      },
                      "dnsPolicy": "ClusterFirst",
                      "enableServiceLinks": null,
                      "ephemeralContainers": null,
                      "hostAliases": null,
                      "hostIPC": null,
                      "hostNetwork": null,
                      "hostPID": null,
                      "hostUsers": null,
                      "hostname": null,
                      "imagePullSecrets": null,
                      "initContainers": null,
                      "nodeName": null,
                      "nodeSelector": null,
                      "os": {
                        "name": null
                      },
                      "overhead": null,
                      "preemptionPolicy": null,
                      "priority": null,
                      "priorityClassName": null,
                      "readinessGates": null,
                      "resourceClaims": null,
                      "resources": {
                        "claims": null,
                        "limits": null,
                        "requests": null
                      },
                      "restartPolicy": "Always",
                      "runtimeClassName": null,
                      "schedulerName": "default-scheduler",
                      "schedulingGates": null,
                      "securityContext": {
                        "appArmorProfile": {
                          "localhostProfile": null,
                          "type": null
                        },
                        "fsGroup": 1000,
                        "fsGroupChangePolicy": null,
                        "runAsGroup": 1000,
                        "runAsNonRoot": true,
                        "runAsUser": 1000,
                        "seLinuxChangePolicy": null,
                        "seLinuxOptions": {
                          "level": null,
                          "role": null,
                          "type": null,
                          "user": null
                        },
                        "seccompProfile": {
                          "localhostProfile": null,
                          "type": null
                        },
                        "supplementalGroups": null,
                        "supplementalGroupsPolicy": null,
                        "sysctls": null,
                        "windowsOptions": {
                          "gmsaCredentialSpec": null,
                          "gmsaCredentialSpecName": null,
                          "hostProcess": null,
                          "runAsUserName": null
                        }
                      },
                      "serviceAccount": null,
                      "serviceAccountName": null,
                      "setHostnameAsFQDN": null,
                      "shareProcessNamespace": null,
                      "subdomain": null,
                      "terminationGracePeriodSeconds": 5,
                      "tolerations": null,
                      "topologySpreadConstraints": null,
                      "volumes": null
                    }
                  }
                }
              },
              "type": [
                "object",
                {
                  "apiVersion": "string",
                  "kind": "string",
                  "metadata": [
                    "object",
                    {
                      "annotations": [
                        "map",
                        "string"
                      ],
                      "creationTimestamp": "string",
                      "deletionGracePeriodSeconds": "number",
                      "deletionTimestamp": "string",
                      "finalizers": [
                        "list",
                        "string"
                      ],
                      "generateName": "string",
                      "generation": "number",
                      "labels": [
                        "map",
                        "string"
                      ],
                      "managedFields": [
                        "tuple",
                        [
                          [
                            "object",
                            {
                              "apiVersion": "string",
                              "fieldsType": "string",
                              "fieldsV1": "dynamic",
                              "manager": "string",
                              "operation": "string",
                              "subresource": "string",
                              "time": "string"
                            }
                          ]
                        ]
                      ],
                      "name": "string",
                      "namespace": "string",
                      "ownerReferences": [
                        "list",
                        [
                          "object",
                          {
                            "apiVersion": "string",
                            "blockOwnerDeletion": "bool",
                            "controller": "bool",
                            "kind": "string",
                            "name": "string",
                            "uid": "string"
                          }
                        ]
                      ],
                      "resourceVersion": "string",
                      "selfLink": "string",
                      "uid": "string"
                    }
                  ],
                  "spec": [
                    "object",
                    {
                      "minReadySeconds": "number",
                      "paused": "bool",
                      "progressDeadlineSeconds": "number",
                      "replicas": "number",
                      "revisionHistoryLimit": "number",
                      "selector": [
                        "object",
                        {
                          "matchExpressions": [
                            "list",
                            [
                              "object",
                              {
                                "key": "string",
                                "operator": "string",
                                "values": [
                                  "list",
                                  "string"
                                ]
                              }
                            ]
                          ],
                          "matchLabels": [
                            "map",
                            "string"
                          ]
                        }
                      ],
                      "strategy": [
                        "object",
                        {
                          "rollingUpdate": [
                            "object",
                            {
                              "maxSurge": "string",
                              "maxUnavailable": "string"
                            }
                          ],
                          "type": "string"
                        }
                      ],
                      "template": [
                        "object",
                        {
                          "metadata": [
                            "object",
                            {
                              "annotations": [
                                "map",
                                "string"
                              ],
                              "creationTimestamp": "string",
                              "deletionGracePeriodSeconds": "number",
                              "deletionTimestamp": "string",
                              "finalizers": [
                                "list",
                                "string"
                              ],
                              "generateName": "string",
                              "generation": "number",
                              "labels": [
                                "map",
                                "string"
                              ],
                              "managedFields": [
                                "tuple",
                                [
                                  [
                                    "object",
                                    {
                                      "apiVersion": "string",
                                      "fieldsType": "string",
                                      "fieldsV1": "dynamic",
                                      "manager": "string",
                                      "operation": "string",
                                      "subresource": "string",
                                      "time": "string"
                                    }
                                  ]
                                ]
                              ],
                              "name": "string",
                              "namespace": "string",
                              "ownerReferences": [
                                "list",
                                [
                                  "object",
                                  {
                                    "apiVersion": "string",
                                    "blockOwnerDeletion": "bool",
                                    "controller": "bool",
                                    "kind": "string",
                                    "name": "string",
                                    "uid": "string"
                                  }
                                ]
                              ],
                              "resourceVersion": "string",
                              "selfLink": "string",
                              "uid": "string"
                            }
                          ],
                          "spec": [
                            "object",
                            {
                              "activeDeadlineSeconds": "number",
                              "affinity": [
                                "object",
                                {
                                  "nodeAffinity": [
                                    "object",
                                    {
                                      "preferredDuringSchedulingIgnoredDuringExecution": [
                                        "list",
                                        [
                                          "object",
                                          {
                                            "preference": [
                                              "object",
                                              {
                                                "matchExpressions": [
                                                  "list",
                                                  [
                                                    "object",
                                                    {
                                                      "key": "string",
                                                      "operator": "string",
                                                      "values": [
                                                        "list",
                                                        "string"
                                                      ]
                                                    }
                                                  ]
                                                ],
                                                "matchFields": [
                                                  "list",
                                                  [
                                                    "object",
                                                    {
                                                      "key": "string",
                                                      "operator": "string",
                                                      "values": [
                                                        "list",
                                                        "string"
                                                      ]
                                                    }
                                                  ]
                                                ]
                                              }
                                            ],
                                            "weight": "number"
                                          }
                                        ]
                                      ],
                                      "requiredDuringSchedulingIgnoredDuringExecution": [
                                        "object",
                                        {
                                          "nodeSelectorTerms": [
                                            "list",
                                            [
                                              "object",
                                              {
                                                "matchExpressions": [
                                                  "list",
                                                  [
                                                    "object",
                                                    {
                                                      "key": "string",
                                                      "operator": "string",
                                                      "values": [
                                                        "list",
                                                        "string"
                                                      ]
                                                    }
                                                  ]
                                                ],
                                                "matchFields": [
                                                  "list",
                                                  [
                                                    "object",
                                                    {
                                                      "key": "string",
                                                      "operator": "string",
                                                      "values": [
                                                        "list",
                                                        "string"
                                                      ]
                                                    }
                                                  ]
                                                ]
                                              }
                                            ]
                                          ]
                                        }
                                      ]
                                    }
                                  ],
                                  "podAffinity": [
                                    "object",
                                    {
                                      "preferredDuringSchedulingIgnoredDuringExecution": [
                                        "list",
                                        [
                                          "object",
                                          {
                                            "podAffinityTerm": [
                                              "object",
                                              {
                                                "labelSelector": [
                                                  "object",
                                                  {
                                                    "matchExpressions": [
                                                      "list",
                                                      [
                                                        "object",
                                                        {
                                                          "key": "string",
                                                          "operator": "string",
                                                          "values": [
                                                            "list",
                                                            "string"
                                                          ]
                                                        }
                                                      ]
                                                    ],
                                                    "matchLabels": [
                                                      "map",
                                                      "string"
                                                    ]
                                                  }
                                                ],
                                                "matchLabelKeys": [
                                                  "list",
                                                  "string"
                                                ],
                                                "mismatchLabelKeys": [
                                                  "list",
                                                  "string"
                                                ],
                                                "namespaceSelector": [
                                                  "object",
                                                  {
                                                    "matchExpressions": [
                                                      "list",
                                                      [
                                                        "object",
                                                        {
                                                          "key": "string",
                                                          "operator": "string",
                                                          "values": [
                                                            "list",
                                                            "string"
                                                          ]
                                                        }
                                                      ]
                                                    ],
                                                    "matchLabels": [
                                                      "map",
                                                      "string"
                                                    ]
                                                  }
                                                ],
                                                "namespaces": [
                                                  "list",
                                                  "string"
                                                ],
                                                "topologyKey": "string"
                                              }
                                            ],
                                            "weight": "number"
                                          }
                                        ]
                                      ],
                                      "requiredDuringSchedulingIgnoredDuringExecution": [
                                        "list",
                                        [
                                          "object",
                                          {
                                            "labelSelector": [
                                              "object",
                                              {
                                                "matchExpressions": [
                                                  "list",
                                                  [
                                                    "object",
                                                    {
                                                      "key": "string",
                                                      "operator": "string",
                                                      "values": [
                                                        "list",
                                                        "string"
                                                      ]
                                                    }
                                                  ]
                                                ],
                                                "matchLabels": [
                                                  "map",
                                                  "string"
                                                ]
                                              }
                                            ],
                                            "matchLabelKeys": [
                                              "list",
                                              "string"
                                            ],
                                            "mismatchLabelKeys": [
                                              "list",
                                              "string"
                                            ],
                                            "namespaceSelector": [
                                              "object",
                                              {
                                                "matchExpressions": [
                                                  "list",
                                                  [
                                                    "object",
                                                    {
                                                      "key": "string",
                                                      "operator": "string",
                                                      "values": [
                                                        "list",
                                                        "string"
                                                      ]
                                                    }
                                                  ]
                                                ],
                                                "matchLabels": [
                                                  "map",
                                                  "string"
                                                ]
                                              }
                                            ],
                                            "namespaces": [
                                              "list",
                                              "string"
                                            ],
                                            "topologyKey": "string"
                                          }
                                        ]
                                      ]
                                    }
                                  ],
                                  "podAntiAffinity": [
                                    "object",
                                    {
                                      "preferredDuringSchedulingIgnoredDuringExecution": [
                                        "list",
                                        [
                                          "object",
                                          {
                                            "podAffinityTerm": [
                                              "object",
                                              {
                                                "labelSelector": [
                                                  "object",
                                                  {
                                                    "matchExpressions": [
                                                      "list",
                                                      [
                                                        "object",
                                                        {
                                                          "key": "string",
                                                          "operator": "string",
                                                          "values": [
                                                            "list",
                                                            "string"
                                                          ]
                                                        }
                                                      ]
                                                    ],
                                                    "matchLabels": [
                                                      "map",
                                                      "string"
                                                    ]
                                                  }
                                                ],
                                                "matchLabelKeys": [
                                                  "list",
                                                  "string"
                                                ],
                                                "mismatchLabelKeys": [
                                                  "list",
                                                  "string"
                                                ],
                                                "namespaceSelector": [
                                                  "object",
                                                  {
                                                    "matchExpressions": [
                                                      "list",
                                                      [
                                                        "object",
                                                        {
                                                          "key": "string",
                                                          "operator": "string",
                                                          "values": [
                                                            "list",
                                                            "string"
                                                          ]
                                                        }
                                                      ]
                                                    ],
                                                    "matchLabels": [
                                                      "map",
                                                      "string"
                                                    ]
                                                  }
                                                ],
                                                "namespaces": [
                                                  "list",
                                                  "string"
                                                ],
                                                "topologyKey": "string"
                                              }
                                            ],
                                            "weight": "number"
                                          }
                                        ]
                                      ],
                                      "requiredDuringSchedulingIgnoredDuringExecution": [
                                        "list",
                                        [
                                          "object",
                                          {
                                            "labelSelector": [
                                              "object",
                                              {
                                                "matchExpressions": [
                                                  "list",
                                                  [
                                                    "object",
                                                    {
                                                      "key": "string",
                                                      "operator": "string",
                                                      "values": [
                                                        "list",
                                                        "string"
                                                      ]
                                                    }
                                                  ]
                                                ],
                                                "matchLabels": [
                                                  "map",
                                                  "string"
                                                ]
                                              }
                                            ],
                                            "matchLabelKeys": [
                                              "list",
                                              "string"
                                            ],
                                            "mismatchLabelKeys": [
                                              "list",
                                              "string"
                                            ],
                                            "namespaceSelector": [
                                              "object",
                                              {
                                                "matchExpressions": [
                                                  "list",
                                                  [
                                                    "object",
                                                    {
                                                      "key": "string",
                                                      "operator": "string",
                                                      "values": [
                                                        "list",
                                                        "string"
                                                      ]
                                                    }
                                                  ]
                                                ],
                                                "matchLabels": [
                                                  "map",
                                                  "string"
                                                ]
                                              }
                                            ],
                                            "namespaces": [
                                              "list",
                                              "string"
                                            ],
                                            "topologyKey": "string"
                                          }
                                        ]
                                      ]
                                    }
                                  ]
                                }
                              ],
                              "automountServiceAccountToken": "bool",
                              "containers": [
                                "list",
                                [
                                  "object",
                                  {
                                    "args": [
                                      "list",
                                      "string"
                                    ],
                                    "command": [
                                      "list",
                                      "string"
                                    ],
                                    "env": [
                                      "list",
                                      [
                                        "object",
                                        {
                                          "name": "string",
                                          "value": "string",
                                          "valueFrom": [
                                            "object",
                                            {
                                              "configMapKeyRef": [
                                                "object",
                                                {
                                                  "key": "string",
                                                  "name": "string",
                                                  "optional": "bool"
                                                }
                                              ],
                                              "fieldRef": [
                                                "object",
                                                {
                                                  "apiVersion": "string",
                                                  "fieldPath": "string"
                                                }
                                              ],
                                              "resourceFieldRef": [
                                                "object",
                                                {
                                                  "containerName": "string",
                                                  "divisor": "string",
                                                  "resource": "string"
                                                }
                                              ],
                                              "secretKeyRef": [
                                                "object",
                                                {
                                                  "key": "string",
                                                  "name": "string",
                                                  "optional": "bool"
                                                }
                                              ]
                                            }
                                          ]
                                        }
                                      ]
                                    ],
                                    "envFrom": [
                                      "list",
                                      [
                                        "object",
                                        {
                                          "configMapRef": [
                                            "object",
                                            {
                                              "name": "string",
                                              "optional": "bool"
                                            }
                                          ],
                                          "prefix": "string",
                                          "secretRef": [
                                            "object",
                                            {
                                              "name": "string",
                                              "optional": "bool"
                                            }
                                          ]
                                        }
                                      ]
                                    ],
                                    "image": "string",
                                    "imagePullPolicy": "string",
                                    "lifecycle": [
                                      "object",
                                      {
                                        "postStart": [
                                          "object",
                                          {
                                            "exec": [
                                              "object",
                                              {
                                                "command": [
                                                  "list",
                                                  "string"
                                                ]
                                              }
                                            ],
                                            "httpGet": [
                                              "object",
                                              {
                                                "host": "string",
                                                "httpHeaders": [
                                                  "list",
                                                  [
                                                    "object",
                                                    {
                                                      "name": "string",
                                                      "value": "string"
                                                    }
                                                  ]
                                                ],
                                                "path": "string",
                                                "port": "string",
                                                "scheme": "string"
                                              }
                                            ],
                                            "sleep": [
                                              "object",
                                              {
                                                "seconds": "number"
                                              }
                                            ],
                                            "tcpSocket": [
                                              "object",
                                              {
                                                "host": "string",
                                                "port": "string"
                                              }
                                            ]
                                          }
                                        ],
                                        "preStop": [
                                          "object",
                                          {
                                            "exec": [
                                              "object",
                                              {
                                                "command": [
                                                  "list",
                                                  "string"
                                                ]
                                              }
                                            ],
                                            "httpGet": [
                                              "object",
                                              {
                                                "host": "string",
                                                "httpHeaders": [
                                                  "list",
                                                  [
                                                    "object",
                                                    {
                                                      "name": "string",
                                                      "value": "string"
                                                    }
                                                  ]
                                                ],
                                                "path": "string",
                                                "port": "string",
                                                "scheme": "string"
                                              }
                                            ],
                                            "sleep": [
                                              "object",
                                              {
                                                "seconds": "number"
                                              }
                                            ],
                                            "tcpSocket": [
                                              "object",
                                              {
                                                "host": "string",
                                                "port": "string"
                                              }
                                            ]
                                          }
                                        ]
                                      }
                                    ],
                                    "livenessProbe": [
                                      "object",
                                      {
                                        "exec": [
                                          "object",
                                          {
                                            "command": [
                                              "list",
                                              "string"
                                            ]
                                          }
                                        ],
                                        "failureThreshold": "number",
                                        "grpc": [
                                          "object",
                                          {
                                            "port": "number",
                                            "service": "string"
                                          }
                                        ],
                                        "httpGet": [
                                          "object",
                                          {
                                            "host": "string",
                                            "httpHeaders": [
                                              "list",
                                              [
                                                "object",
                                                {
                                                  "name": "string",
                                                  "value": "string"
                                                }
                                              ]
                                            ],
                                            "path": "string",
                                            "port": "string",
                                            "scheme": "string"
                                          }
                                        ],
                                        "initialDelaySeconds": "number",
                                        "periodSeconds": "number",
                                        "successThreshold": "number",
                                        "tcpSocket": [
                                          "object",
                                          {
                                            "host": "string",
                                            "port": "string"
                                          }
                                        ],
                                        "terminationGracePeriodSeconds": "number",
                                        "timeoutSeconds": "number"
                                      }
                                    ],
                                    "name": "string",
                                    "ports": [
                                      "list",
                                      [
                                        "object",
                                        {
                                          "containerPort": "number",
                                          "hostIP": "string",
                                          "hostPort": "number",
                                          "name": "string",
                                          "protocol": "string"
                                        }
                                      ]
                                    ],
                                    "readinessProbe": [
                                      "object",
                                      {
                                        "exec": [
                                          "object",
                                          {
                                            "command": [
                                              "list",
                                              "string"
                                            ]
                                          }
                                        ],
                                        "failureThreshold": "number",
                                        "grpc": [
                                          "object",
                                          {
                                            "port": "number",
                                            "service": "string"
                                          }
                                        ],
                                        "httpGet": [
                                          "object",
                                          {
                                            "host": "string",
                                            "httpHeaders": [
                                              "list",
                                              [
                                                "object",
                                                {
                                                  "name": "string",
                                                  "value": "string"
                                                }
                                              ]
                                            ],
                                            "path": "string",
                                            "port": "string",
                                            "scheme": "string"
                                          }
                                        ],
                                        "initialDelaySeconds": "number",
                                        "periodSeconds": "number",
                                        "successThreshold": "number",
                                        "tcpSocket": [
                                          "object",
                                          {
                                            "host": "string",
                                            "port": "string"
                                          }
                                        ],
                                        "terminationGracePeriodSeconds": "number",
                                        "timeoutSeconds": "number"
                                      }
                                    ],
                                    "resizePolicy": [
                                      "list",
                                      [
                                        "object",
                                        {
                                          "resourceName": "string",
                                          "restartPolicy": "string"
                                        }
                                      ]
                                    ],
                                    "resources": [
                                      "object",
                                      {
                                        "claims": [
                                          "list",
                                          [
                                            "object",
                                            {
                                              "name": "string",
                                              "request": "string"
                                            }
                                          ]
                                        ],
                                        "limits": [
                                          "map",
                                          "string"
                                        ],
                                        "requests": [
                                          "map",
                                          "string"
                                        ]
                                      }
                                    ],
                                    "restartPolicy": "string",
                                    "securityContext": [
                                      "object",
                                      {
                                        "allowPrivilegeEscalation": "bool",
                                        "appArmorProfile": [
                                          "object",
                                          {
                                            "localhostProfile": "string",
                                            "type": "string"
                                          }
                                        ],
                                        "capabilities": [
                                          "object",
                                          {
                                            "add": [
                                              "list",
                                              "string"
                                            ],
                                            "drop": [
                                              "list",
                                              "string"
                                            ]
                                          }
                                        ],
                                        "privileged": "bool",
                                        "procMount": "string",
                                        "readOnlyRootFilesystem": "bool",
                                        "runAsGroup": "number",
                                        "runAsNonRoot": "bool",
                                        "runAsUser": "number",
                                        "seLinuxOptions": [
                                          "object",
                                          {
                                            "level": "string",
                                            "role": "string",
                                            "type": "string",
                                            "user": "string"
                                          }
                                        ],
                                        "seccompProfile": [
                                          "object",
                                          {
                                            "localhostProfile": "string",
                                            "type": "string"
                                          }
                                        ],
                                        "windowsOptions": [
                                          "object",
                                          {
                                            "gmsaCredentialSpec": "string",
                                            "gmsaCredentialSpecName": "string",
                                            "hostProcess": "bool",
                                            "runAsUserName": "string"
                                          }
                                        ]
                                      }
                                    ],
                                    "startupProbe": [
                                      "object",
                                      {
                                        "exec": [
                                          "object",
                                          {
                                            "command": [
                                              "list",
                                              "string"
                                            ]
                                          }
                                        ],
                                        "failureThreshold": "number",
                                        "grpc": [
                                          "object",
                                          {
                                            "port": "number",
                                            "service": "string"
                                          }
                                        ],
                                        "httpGet": [
                                          "object",
                                          {
                                            "host": "string",
                                            "httpHeaders": [
                                              "list",
                                              [
                                                "object",
                                                {
                                                  "name": "string",
                                                  "value": "string"
                                                }
                                              ]
                                            ],
                                            "path": "string",
                                            "port": "string",
                                            "scheme": "string"
                                          }
                                        ],
                                        "initialDelaySeconds": "number",
                                        "periodSeconds": "number",
                                        "successThreshold": "number",
                                        "tcpSocket": [
                                          "object",
                                          {
                                            "host": "string",
                                            "port": "string"
                                          }
                                        ],
                                        "terminationGracePeriodSeconds": "number",
                                        "timeoutSeconds": "number"
                                      }
                                    ],
                                    "stdin": "bool",
                                    "stdinOnce": "bool",
                                    "terminationMessagePath": "string",
                                    "terminationMessagePolicy": "string",
                                    "tty": "bool",
                                    "volumeDevices": [
                                      "list",
                                      [
                                        "object",
                                        {
                                          "devicePath": "string",
                                          "name": "string"
                                        }
                                      ]
                                    ],
                                    "volumeMounts": [
                                      "list",
                                      [
                                        "object",
                                        {
                                          "mountPath": "string",
                                          "mountPropagation": "string",
                                          "name": "string",
                                          "readOnly": "bool",
                                          "recursiveReadOnly": "string",
                                          "subPath": "string",
                                          "subPathExpr": "string"
                                        }
                                      ]
                                    ],
                                    "workingDir": "string"
                                  }
                                ]
                              ],
                              "dnsConfig": [
                                "object",
                                {
                                  "nameservers": [
                                    "list",
                                    "string"
                                  ],
                                  "options": [
                                    "list",
                                    [
                                      "object",
                                      {
                                        "name": "string",
                                        "value": "string"
                                      }
                                    ]
                                  ],
                                  "searches": [
                                    "list",
                                    "string"
                                  ]
                                }
                              ],
                              "dnsPolicy": "string",
                              "enableServiceLinks": "bool",
                              "ephemeralContainers": [
                                "list",
                                [
                                  "object",
                                  {
                                    "args": [
                                      "list",
                                      "string"
                                    ],
                                    "command": [
                                      "list",
                                      "string"
                                    ],
                                    "env": [
                                      "list",
                                      [
                                        "object",
                                        {
                                          "name": "string",
                                          "value": "string",
                                          "valueFrom": [
                                            "object",
                                            {
                                              "configMapKeyRef": [
                                                "object",
                                                {
                                                  "key": "string",
                                                  "name": "string",
                                                  "optional": "bool"
                                                }
                                              ],
                                              "fieldRef": [
                                                "object",
                                                {
                                                  "apiVersion": "string",
                                                  "fieldPath": "string"
                                                }
                                              ],
                                              "resourceFieldRef": [
                                                "object",
                                                {
                                                  "containerName": "string",
                                                  "divisor": "string",
                                                  "resource": "string"
                                                }
                                              ],
                                              "secretKeyRef": [
                                                "object",
                                                {
                                                  "key": "string",
                                                  "name": "string",
                                                  "optional": "bool"
                                                }
                                              ]
                                            }
                                          ]
                                        }
                                      ]
                                    ],
                                    "envFrom": [
                                      "list",
                                      [
                                        "object",
                                        {
                                          "configMapRef": [
                                            "object",
                                            {
                                              "name": "string",
                                              "optional": "bool"
                                            }
                                          ],
                                          "prefix": "string",
                                          "secretRef": [
                                            "object",
                                            {
                                              "name": "string",
                                              "optional": "bool"
                                            }
                                          ]
                                        }
                                      ]
                                    ],
                                    "image": "string",
                                    "imagePullPolicy": "string",
                                    "lifecycle": [
                                      "object",
                                      {
                                        "postStart": [
                                          "object",
                                          {
                                            "exec": [
                                              "object",
                                              {
                                                "command": [
                                                  "list",
                                                  "string"
                                                ]
                                              }
                                            ],
                                            "httpGet": [
                                              "object",
                                              {
                                                "host": "string",
                                                "httpHeaders": [
                                                  "list",
                                                  [
                                                    "object",
                                                    {
                                                      "name": "string",
                                                      "value": "string"
                                                    }
                                                  ]
                                                ],
                                                "path": "string",
                                                "port": "string",
                                                "scheme": "string"
                                              }
                                            ],
                                            "sleep": [
                                              "object",
                                              {
                                                "seconds": "number"
                                              }
                                            ],
                                            "tcpSocket": [
                                              "object",
                                              {
                                                "host": "string",
                                                "port": "string"
                                              }
                                            ]
                                          }
                                        ],
                                        "preStop": [
                                          "object",
                                          {
                                            "exec": [
                                              "object",
                                              {
                                                "command": [
                                                  "list",
                                                  "string"
                                                ]
                                              }
                                            ],
                                            "httpGet": [
                                              "object",
                                              {
                                                "host": "string",
                                                "httpHeaders": [
                                                  "list",
                                                  [
                                                    "object",
                                                    {
                                                      "name": "string",
                                                      "value": "string"
                                                    }
                                                  ]
                                                ],
                                                "path": "string",
                                                "port": "string",
                                                "scheme": "string"
                                              }
                                            ],
                                            "sleep": [
                                              "object",
                                              {
                                                "seconds": "number"
                                              }
                                            ],
                                            "tcpSocket": [
                                              "object",
                                              {
                                                "host": "string",
                                                "port": "string"
                                              }
                                            ]
                                          }
                                        ]
                                      }
                                    ],
                                    "livenessProbe": [
                                      "object",
                                      {
                                        "exec": [
                                          "object",
                                          {
                                            "command": [
                                              "list",
                                              "string"
                                            ]
                                          }
                                        ],
                                        "failureThreshold": "number",
                                        "grpc": [
                                          "object",
                                          {
                                            "port": "number",
                                            "service": "string"
                                          }
                                        ],
                                        "httpGet": [
                                          "object",
                                          {
                                            "host": "string",
                                            "httpHeaders": [
                                              "list",
                                              [
                                                "object",
                                                {
                                                  "name": "string",
                                                  "value": "string"
                                                }
                                              ]
                                            ],
                                            "path": "string",
                                            "port": "string",
                                            "scheme": "string"
                                          }
                                        ],
                                        "initialDelaySeconds": "number",
                                        "periodSeconds": "number",
                                        "successThreshold": "number",
                                        "tcpSocket": [
                                          "object",
                                          {
                                            "host": "string",
                                            "port": "string"
                                          }
                                        ],
                                        "terminationGracePeriodSeconds": "number",
                                        "timeoutSeconds": "number"
                                      }
                                    ],
                                    "name": "string",
                                    "ports": [
                                      "list",
                                      [
                                        "object",
                                        {
                                          "containerPort": "number",
                                          "hostIP": "string",
                                          "hostPort": "number",
                                          "name": "string",
                                          "protocol": "string"
                                        }
                                      ]
                                    ],
                                    "readinessProbe": [
                                      "object",
                                      {
                                        "exec": [
                                          "object",
                                          {
                                            "command": [
                                              "list",
                                              "string"
                                            ]
                                          }
                                        ],
                                        "failureThreshold": "number",
                                        "grpc": [
                                          "object",
                                          {
                                            "port": "number",
                                            "service": "string"
                                          }
                                        ],
                                        "httpGet": [
                                          "object",
                                          {
                                            "host": "string",
                                            "httpHeaders": [
                                              "list",
                                              [
                                                "object",
                                                {
                                                  "name": "string",
                                                  "value": "string"
                                                }
                                              ]
                                            ],
                                            "path": "string",
                                            "port": "string",
                                            "scheme": "string"
                                          }
                                        ],
                                        "initialDelaySeconds": "number",
                                        "periodSeconds": "number",
                                        "successThreshold": "number",
                                        "tcpSocket": [
                                          "object",
                                          {
                                            "host": "string",
                                            "port": "string"
                                          }
                                        ],
                                        "terminationGracePeriodSeconds": "number",
                                        "timeoutSeconds": "number"
                                      }
                                    ],
                                    "resizePolicy": [
                                      "list",
                                      [
                                        "object",
                                        {
                                          "resourceName": "string",
                                          "restartPolicy": "string"
                                        }
                                      ]
                                    ],
                                    "resources": [
                                      "object",
                                      {
                                        "claims": [
                                          "list",
                                          [
                                            "object",
                                            {
                                              "name": "string",
                                              "request": "string"
                                            }
                                          ]
                                        ],
                                        "limits": [
                                          "map",
                                          "string"
                                        ],
                                        "requests": [
                                          "map",
                                          "string"
                                        ]
                                      }
                                    ],
                                    "restartPolicy": "string",
                                    "securityContext": [
                                      "object",
                                      {
                                        "allowPrivilegeEscalation": "bool",
                                        "appArmorProfile": [
                                          "object",
                                          {
                                            "localhostProfile": "string",
                                            "type": "string"
                                          }
                                        ],
                                        "capabilities": [
                                          "object",
                                          {
                                            "add": [
                                              "list",
                                              "string"
                                            ],
                                            "drop": [
                                              "list",
                                              "string"
                                            ]
                                          }
                                        ],
                                        "privileged": "bool",
                                        "procMount": "string",
                                        "readOnlyRootFilesystem": "bool",
                                        "runAsGroup": "number",
                                        "runAsNonRoot": "bool",
                                        "runAsUser": "number",
                                        "seLinuxOptions": [
                                          "object",
                                          {
                                            "level": "string",
                                            "role": "string",
                                            "type": "string",
                                            "user": "string"
                                          }
                                        ],
                                        "seccompProfile": [
                                          "object",
                                          {
                                            "localhostProfile": "string",
                                            "type": "string"
                                          }
                                        ],
                                        "windowsOptions": [
                                          "object",
                                          {
                                            "gmsaCredentialSpec": "string",
                                            "gmsaCredentialSpecName": "string",
                                            "hostProcess": "bool",
                                            "runAsUserName": "string"
                                          }
                                        ]
                                      }
                                    ],
                                    "startupProbe": [
                                      "object",
                                      {
                                        "exec": [
                                          "object",
                                          {
                                            "command": [
                                              "list",
                                              "string"
                                            ]
                                          }
                                        ],
                                        "failureThreshold": "number",
                                        "grpc": [
                                          "object",
                                          {
                                            "port": "number",
                                            "service": "string"
                                          }
                                        ],
                                        "httpGet": [
                                          "object",
                                          {
                                            "host": "string",
                                            "httpHeaders": [
                                              "list",
                                              [
                                                "object",
                                                {
                                                  "name": "string",
                                                  "value": "string"
                                                }
                                              ]
                                            ],
                                            "path": "string",
                                            "port": "string",
                                            "scheme": "string"
                                          }
                                        ],
                                        "initialDelaySeconds": "number",
                                        "periodSeconds": "number",
                                        "successThreshold": "number",
                                        "tcpSocket": [
                                          "object",
                                          {
                                            "host": "string",
                                            "port": "string"
                                          }
                                        ],
                                        "terminationGracePeriodSeconds": "number",
                                        "timeoutSeconds": "number"
                                      }
                                    ],
                                    "stdin": "bool",
                                    "stdinOnce": "bool",
                                    "targetContainerName": "string",
                                    "terminationMessagePath": "string",
                                    "terminationMessagePolicy": "string",
                                    "tty": "bool",
                                    "volumeDevices": [
                                      "list",
                                      [
                                        "object",
                                        {
                                          "devicePath": "string",
                                          "name": "string"
                                        }
                                      ]
                                    ],
                                    "volumeMounts": [
                                      "list",
                                      [
                                        "object",
                                        {
                                          "mountPath": "string",
                                          "mountPropagation": "string",
                                          "name": "string",
                                          "readOnly": "bool",
                                          "recursiveReadOnly": "string",
                                          "subPath": "string",
                                          "subPathExpr": "string"
                                        }
                                      ]
                                    ],
                                    "workingDir": "string"
                                  }
                                ]
                              ],
                              "hostAliases": [
                                "list",
                                [
                                  "object",
                                  {
                                    "hostnames": [
                                      "list",
                                      "string"
                                    ],
                                    "ip": "string"
                                  }
                                ]
                              ],
                              "hostIPC": "bool",
                              "hostNetwork": "bool",
                              "hostPID": "bool",
                              "hostUsers": "bool",
                              "hostname": "string",
                              "imagePullSecrets": [
                                "list",
                                [
                                  "object",
                                  {
                                    "name": "string"
                                  }
                                ]
                              ],
                              "initContainers": [
                                "list",
                                [
                                  "object",
                                  {
                                    "args": [
                                      "list",
                                      "string"
                                    ],
                                    "command": [
                                      "list",
                                      "string"
                                    ],
                                    "env": [
                                      "list",
                                      [
                                        "object",
                                        {
                                          "name": "string",
                                          "value": "string",
                                          "valueFrom": [
                                            "object",
                                            {
                                              "configMapKeyRef": [
                                                "object",
                                                {
                                                  "key": "string",
                                                  "name": "string",
                                                  "optional": "bool"
                                                }
                                              ],
                                              "fieldRef": [
                                                "object",
                                                {
                                                  "apiVersion": "string",
                                                  "fieldPath": "string"
                                                }
                                              ],
                                              "resourceFieldRef": [
                                                "object",
                                                {
                                                  "containerName": "string",
                                                  "divisor": "string",
                                                  "resource": "string"
                                                }
                                              ],
                                              "secretKeyRef": [
                                                "object",
                                                {
                                                  "key": "string",
                                                  "name": "string",
                                                  "optional": "bool"
                                                }
                                              ]
                                            }
                                          ]
                                        }
                                      ]
                                    ],
                                    "envFrom": [
                                      "list",
                                      [
                                        "object",
                                        {
                                          "configMapRef": [
                                            "object",
                                            {
                                              "name": "string",
                                              "optional": "bool"
                                            }
                                          ],
                                          "prefix": "string",
                                          "secretRef": [
                                            "object",
                                            {
                                              "name": "string",
                                              "optional": "bool"
                                            }
                                          ]
                                        }
                                      ]
                                    ],
                                    "image": "string",
                                    "imagePullPolicy": "string",
                                    "lifecycle": [
                                      "object",
                                      {
                                        "postStart": [
                                          "object",
                                          {
                                            "exec": [
                                              "object",
                                              {
                                                "command": [
                                                  "list",
                                                  "string"
                                                ]
                                              }
                                            ],
                                            "httpGet": [
                                              "object",
                                              {
                                                "host": "string",
                                                "httpHeaders": [
                                                  "list",
                                                  [
                                                    "object",
                                                    {
                                                      "name": "string",
                                                      "value": "string"
                                                    }
                                                  ]
                                                ],
                                                "path": "string",
                                                "port": "string",
                                                "scheme": "string"
                                              }
                                            ],
                                            "sleep": [
                                              "object",
                                              {
                                                "seconds": "number"
                                              }
                                            ],
                                            "tcpSocket": [
                                              "object",
                                              {
                                                "host": "string",
                                                "port": "string"
                                              }
                                            ]
                                          }
                                        ],
                                        "preStop": [
                                          "object",
                                          {
                                            "exec": [
                                              "object",
                                              {
                                                "command": [
                                                  "list",
                                                  "string"
                                                ]
                                              }
                                            ],
                                            "httpGet": [
                                              "object",
                                              {
                                                "host": "string",
                                                "httpHeaders": [
                                                  "list",
                                                  [
                                                    "object",
                                                    {
                                                      "name": "string",
                                                      "value": "string"
                                                    }
                                                  ]
                                                ],
                                                "path": "string",
                                                "port": "string",
                                                "scheme": "string"
                                              }
                                            ],
                                            "sleep": [
                                              "object",
                                              {
                                                "seconds": "number"
                                              }
                                            ],
                                            "tcpSocket": [
                                              "object",
                                              {
                                                "host": "string",
                                                "port": "string"
                                              }
                                            ]
                                          }
                                        ]
                                      }
                                    ],
                                    "livenessProbe": [
                                      "object",
                                      {
                                        "exec": [
                                          "object",
                                          {
                                            "command": [
                                              "list",
                                              "string"
                                            ]
                                          }
                                        ],
                                        "failureThreshold": "number",
                                        "grpc": [
                                          "object",
                                          {
                                            "port": "number",
                                            "service": "string"
                                          }
                                        ],
                                        "httpGet": [
                                          "object",
                                          {
                                            "host": "string",
                                            "httpHeaders": [
                                              "list",
                                              [
                                                "object",
                                                {
                                                  "name": "string",
                                                  "value": "string"
                                                }
                                              ]
                                            ],
                                            "path": "string",
                                            "port": "string",
                                            "scheme": "string"
                                          }
                                        ],
                                        "initialDelaySeconds": "number",
                                        "periodSeconds": "number",
                                        "successThreshold": "number",
                                        "tcpSocket": [
                                          "object",
                                          {
                                            "host": "string",
                                            "port": "string"
                                          }
                                        ],
                                        "terminationGracePeriodSeconds": "number",
                                        "timeoutSeconds": "number"
                                      }
                                    ],
                                    "name": "string",
                                    "ports": [
                                      "list",
                                      [
                                        "object",
                                        {
                                          "containerPort": "number",
                                          "hostIP": "string",
                                          "hostPort": "number",
                                          "name": "string",
                                          "protocol": "string"
                                        }
                                      ]
                                    ],
                                    "readinessProbe": [
                                      "object",
                                      {
                                        "exec": [
                                          "object",
                                          {
                                            "command": [
                                              "list",
                                              "string"
                                            ]
                                          }
                                        ],
                                        "failureThreshold": "number",
                                        "grpc": [
                                          "object",
                                          {
                                            "port": "number",
                                            "service": "string"
                                          }
                                        ],
                                        "httpGet": [
                                          "object",
                                          {
                                            "host": "string",
                                            "httpHeaders": [
                                              "list",
                                              [
                                                "object",
                                                {
                                                  "name": "string",
                                                  "value": "string"
                                                }
                                              ]
                                            ],
                                            "path": "string",
                                            "port": "string",
                                            "scheme": "string"
                                          }
                                        ],
                                        "initialDelaySeconds": "number",
                                        "periodSeconds": "number",
                                        "successThreshold": "number",
                                        "tcpSocket": [
                                          "object",
                                          {
                                            "host": "string",
                                            "port": "string"
                                          }
                                        ],
                                        "terminationGracePeriodSeconds": "number",
                                        "timeoutSeconds": "number"
                                      }
                                    ],
                                    "resizePolicy": [
                                      "list",
                                      [
                                        "object",
                                        {
                                          "resourceName": "string",
                                          "restartPolicy": "string"
                                        }
                                      ]
                                    ],
                                    "resources": [
                                      "object",
                                      {
                                        "claims": [
                                          "list",
                                          [
                                            "object",
                                            {
                                              "name": "string",
                                              "request": "string"
                                            }
                                          ]
                                        ],
                                        "limits": [
                                          "map",
                                          "string"
                                        ],
                                        "requests": [
                                          "map",
                                          "string"
                                        ]
                                      }
                                    ],
                                    "restartPolicy": "string",
                                    "securityContext": [
                                      "object",
                                      {
                                        "allowPrivilegeEscalation": "bool",
                                        "appArmorProfile": [
                                          "object",
                                          {
                                            "localhostProfile": "string",
                                            "type": "string"
                                          }
                                        ],
                                        "capabilities": [
                                          "object",
                                          {
                                            "add": [
                                              "list",
                                              "string"
                                            ],
                                            "drop": [
                                              "list",
                                              "string"
                                            ]
                                          }
                                        ],
                                        "privileged": "bool",
                                        "procMount": "string",
                                        "readOnlyRootFilesystem": "bool",
                                        "runAsGroup": "number",
                                        "runAsNonRoot": "bool",
                                        "runAsUser": "number",
                                        "seLinuxOptions": [
                                          "object",
                                          {
                                            "level": "string",
                                            "role": "string",
                                            "type": "string",
                                            "user": "string"
                                          }
                                        ],
                                        "seccompProfile": [
                                          "object",
                                          {
                                            "localhostProfile": "string",
                                            "type": "string"
                                          }
                                        ],
                                        "windowsOptions": [
                                          "object",
                                          {
                                            "gmsaCredentialSpec": "string",
                                            "gmsaCredentialSpecName": "string",
                                            "hostProcess": "bool",
                                            "runAsUserName": "string"
                                          }
                                        ]
                                      }
                                    ],
                                    "startupProbe": [
                                      "object",
                                      {
                                        "exec": [
                                          "object",
                                          {
                                            "command": [
                                              "list",
                                              "string"
                                            ]
                                          }
                                        ],
                                        "failureThreshold": "number",
                                        "grpc": [
                                          "object",
                                          {
                                            "port": "number",
                                            "service": "string"
                                          }
                                        ],
                                        "httpGet": [
                                          "object",
                                          {
                                            "host": "string",
                                            "httpHeaders": [
                                              "list",
                                              [
                                                "object",
                                                {
                                                  "name": "string",
                                                  "value": "string"
                                                }
                                              ]
                                            ],
                                            "path": "string",
                                            "port": "string",
                                            "scheme": "string"
                                          }
                                        ],
                                        "initialDelaySeconds": "number",
                                        "periodSeconds": "number",
                                        "successThreshold": "number",
                                        "tcpSocket": [
                                          "object",
                                          {
                                            "host": "string",
                                            "port": "string"
                                          }
                                        ],
                                        "terminationGracePeriodSeconds": "number",
                                        "timeoutSeconds": "number"
                                      }
                                    ],
                                    "stdin": "bool",
                                    "stdinOnce": "bool",
                                    "terminationMessagePath": "string",
                                    "terminationMessagePolicy": "string",
                                    "tty": "bool",
                                    "volumeDevices": [
                                      "list",
                                      [
                                        "object",
                                        {
                                          "devicePath": "string",
                                          "name": "string"
                                        }
                                      ]
                                    ],
                                    "volumeMounts": [
                                      "list",
                                      [
                                        "object",
                                        {
                                          "mountPath": "string",
                                          "mountPropagation": "string",
                                          "name": "string",
                                          "readOnly": "bool",
                                          "recursiveReadOnly": "string",
                                          "subPath": "string",
                                          "subPathExpr": "string"
                                        }
                                      ]
                                    ],
                                    "workingDir": "string"
                                  }
                                ]
                              ],
                              "nodeName": "string",
                              "nodeSelector": [
                                "map",
                                "string"
                              ],
                              "os": [
                                "object",
                                {
                                  "name": "string"
                                }
                              ],
                              "overhead": [
                                "map",
                                "string"
                              ],
                              "preemptionPolicy": "string",
                              "priority": "number",
                              "priorityClassName": "string",
                              "readinessGates": [
                                "list",
                                [
                                  "object",
                                  {
                                    "conditionType": "string"
                                  }
                                ]
                              ],
                              "resourceClaims": [
                                "list",
                                [
                                  "object",
                                  {
                                    "name": "string",
                                    "resourceClaimName": "string",
                                    "resourceClaimTemplateName": "string"
                                  }
                                ]
                              ],
                              "resources": [
                                "object",
                                {
                                  "claims": [
                                    "list",
                                    [
                                      "object",
                                      {
                                        "name": "string",
                                        "request": "string"
                                      }
                                    ]
                                  ],
                                  "limits": [
                                    "map",
                                    "string"
                                  ],
                                  "requests": [
                                    "map",
                                    "string"
                                  ]
                                }
                              ],
                              "restartPolicy": "string",
                              "runtimeClassName": "string",
                              "schedulerName": "string",
                              "schedulingGates": [
                                "list",
                                [
                                  "object",
                                  {
                                    "name": "string"
                                  }
                                ]
                              ],
                              "securityContext": [
                                "object",
                                {
                                  "appArmorProfile": [
                                    "object",
                                    {
                                      "localhostProfile": "string",
                                      "type": "string"
                                    }
                                  ],
                                  "fsGroup": "number",
                                  "fsGroupChangePolicy": "string",
                                  "runAsGroup": "number",
                                  "runAsNonRoot": "bool",
                                  "runAsUser": "number",
                                  "seLinuxChangePolicy": "string",
                                  "seLinuxOptions": [
                                    "object",
                                    {
                                      "level": "string",
                                      "role": "string",
                                      "type": "string",
                                      "user": "string"
                                    }
                                  ],
                                  "seccompProfile": [
                                    "object",
                                    {
                                      "localhostProfile": "string",
                                      "type": "string"
                                    }
                                  ],
                                  "supplementalGroups": [
                                    "list",
                                    "number"
                                  ],
                                  "supplementalGroupsPolicy": "string",
                                  "sysctls": [
                                    "list",
                                    [
                                      "object",
                                      {
                                        "name": "string",
                                        "value": "string"
                                      }
                                    ]
                                  ],
                                  "windowsOptions": [
                                    "object",
                                    {
                                      "gmsaCredentialSpec": "string",
                                      "gmsaCredentialSpecName": "string",
                                      "hostProcess": "bool",
                                      "runAsUserName": "string"
                                    }
                                  ]
                                }
                              ],
                              "serviceAccount": "string",
                              "serviceAccountName": "string",
                              "setHostnameAsFQDN": "bool",
                              "shareProcessNamespace": "bool",
                              "subdomain": "string",
                              "terminationGracePeriodSeconds": "number",
                              "tolerations": [
                                "list",
                                [
                                  "object",
                                  {
                                    "effect": "string",
                                    "key": "string",
                                    "operator": "string",
                                    "tolerationSeconds": "number",
                                    "value": "string"
                                  }
                                ]
                              ],
                              "topologySpreadConstraints": [
                                "list",
                                [
                                  "object",
                                  {
                                    "labelSelector": [
                                      "object",
                                      {
                                        "matchExpressions": [
                                          "list",
                                          [
                                            "object",
                                            {
                                              "key": "string",
                                              "operator": "string",
                                              "values": [
                                                "list",
                                                "string"
                                              ]
                                            }
                                          ]
                                        ],
                                        "matchLabels": [
                                          "map",
                                          "string"
                                        ]
                                      }
                                    ],
                                    "matchLabelKeys": [
                                      "list",
                                      "string"
                                    ],
                                    "maxSkew": "number",
                                    "minDomains": "number",
                                    "nodeAffinityPolicy": "string",
                                    "nodeTaintsPolicy": "string",
                                    "topologyKey": "string",
                                    "whenUnsatisfiable": "string"
                                  }
                                ]
                              ],
                              "volumes": [
                                "tuple",
                                [
                                  [
                                    "object",
                                    {
                                      "awsElasticBlockStore": [
                                        "object",
                                        {
                                          "fsType": "string",
                                          "partition": "number",
                                          "readOnly": "bool",
                                          "volumeID": "string"
                                        }
                                      ],
                                      "azureDisk": [
                                        "object",
                                        {
                                          "cachingMode": "string",
                                          "diskName": "string",
                                          "diskURI": "string",
                                          "fsType": "string",
                                          "kind": "string",
                                          "readOnly": "bool"
                                        }
                                      ],
                                      "azureFile": [
                                        "object",
                                        {
                                          "readOnly": "bool",
                                          "secretName": "string",
                                          "shareName": "string"
                                        }
                                      ],
                                      "cephfs": [
                                        "object",
                                        {
                                          "monitors": [
                                            "list",
                                            "string"
                                          ],
                                          "path": "string",
                                          "readOnly": "bool",
                                          "secretFile": "string",
                                          "secretRef": [
                                            "object",
                                            {
                                              "name": "string"
                                            }
                                          ],
                                          "user": "string"
                                        }
                                      ],
                                      "cinder": [
                                        "object",
                                        {
                                          "fsType": "string",
                                          "readOnly": "bool",
                                          "secretRef": [
                                            "object",
                                            {
                                              "name": "string"
                                            }
                                          ],
                                          "volumeID": "string"
                                        }
                                      ],
                                      "configMap": [
                                        "object",
                                        {
                                          "defaultMode": "number",
                                          "items": [
                                            "list",
                                            [
                                              "object",
                                              {
                                                "key": "string",
                                                "mode": "number",
                                                "path": "string"
                                              }
                                            ]
                                          ],
                                          "name": "string",
                                          "optional": "bool"
                                        }
                                      ],
                                      "csi": [
                                        "object",
                                        {
                                          "driver": "string",
                                          "fsType": "string",
                                          "nodePublishSecretRef": [
                                            "object",
                                            {
                                              "name": "string"
                                            }
                                          ],
                                          "readOnly": "bool",
                                          "volumeAttributes": [
                                            "map",
                                            "string"
                                          ]
                                        }
                                      ],
                                      "downwardAPI": [
                                        "object",
                                        {
                                          "defaultMode": "number",
                                          "items": [
                                            "list",
                                            [
                                              "object",
                                              {
                                                "fieldRef": [
                                                  "object",
                                                  {
                                                    "apiVersion": "string",
                                                    "fieldPath": "string"
                                                  }
                                                ],
                                                "mode": "number",
                                                "path": "string",
                                                "resourceFieldRef": [
                                                  "object",
                                                  {
                                                    "containerName": "string",
                                                    "divisor": "string",
                                                    "resource": "string"
                                                  }
                                                ]
                                              }
                                            ]
                                          ]
                                        }
                                      ],
                                      "emptyDir": [
                                        "object",
                                        {
                                          "medium": "string",
                                          "sizeLimit": "string"
                                        }
                                      ],
                                      "ephemeral": [
                                        "object",
                                        {
                                          "volumeClaimTemplate": [
                                            "object",
                                            {
                                              "metadata": [
                                                "object",
                                                {
                                                  "annotations": [
                                                    "map",
                                                    "string"
                                                  ],
                                                  "creationTimestamp": "string",
                                                  "deletionGracePeriodSeconds": "number",
                                                  "deletionTimestamp": "string",
                                                  "finalizers": [
                                                    "list",
                                                    "string"
                                                  ],
                                                  "generateName": "string",
                                                  "generation": "number",
                                                  "labels": [
                                                    "map",
                                                    "string"
                                                  ],
                                                  "managedFields": [
                                                    "tuple",
                                                    [
                                                      [
                                                        "object",
                                                        {
                                                          "apiVersion": "string",
                                                          "fieldsType": "string",
                                                          "fieldsV1": "dynamic",
                                                          "manager": "string",
                                                          "operation": "string",
                                                          "subresource": "string",
                                                          "time": "string"
                                                        }
                                                      ]
                                                    ]
                                                  ],
                                                  "name": "string",
                                                  "namespace": "string",
                                                  "ownerReferences": [
                                                    "list",
                                                    [
                                                      "object",
                                                      {
                                                        "apiVersion": "string",
                                                        "blockOwnerDeletion": "bool",
                                                        "controller": "bool",
                                                        "kind": "string",
                                                        "name": "string",
                                                        "uid": "string"
                                                      }
                                                    ]
                                                  ],
                                                  "resourceVersion": "string",
                                                  "selfLink": "string",
                                                  "uid": "string"
                                                }
                                              ],
                                              "spec": [
                                                "object",
                                                {
                                                  "accessModes": [
                                                    "list",
                                                    "string"
                                                  ],
                                                  "dataSource": [
                                                    "object",
                                                    {
                                                      "apiGroup": "string",
                                                      "kind": "string",
                                                      "name": "string"
                                                    }
                                                  ],
                                                  "dataSourceRef": [
                                                    "object",
                                                    {
                                                      "apiGroup": "string",
                                                      "kind": "string",
                                                      "name": "string",
                                                      "namespace": "string"
                                                    }
                                                  ],
                                                  "resources": [
                                                    "object",
                                                    {
                                                      "limits": [
                                                        "map",
                                                        "string"
                                                      ],
                                                      "requests": [
                                                        "map",
                                                        "string"
                                                      ]
                                                    }
                                                  ],
                                                  "selector": [
                                                    "object",
                                                    {
                                                      "matchExpressions": [
                                                        "list",
                                                        [
                                                          "object",
                                                          {
                                                            "key": "string",
                                                            "operator": "string",
                                                            "values": [
                                                              "list",
                                                              "string"
                                                            ]
                                                          }
                                                        ]
                                                      ],
                                                      "matchLabels": [
                                                        "map",
                                                        "string"
                                                      ]
                                                    }
                                                  ],
                                                  "storageClassName": "string",
                                                  "volumeAttributesClassName": "string",
                                                  "volumeMode": "string",
                                                  "volumeName": "string"
                                                }
                                              ]
                                            }
                                          ]
                                        }
                                      ],
                                      "fc": [
                                        "object",
                                        {
                                          "fsType": "string",
                                          "lun": "number",
                                          "readOnly": "bool",
                                          "targetWWNs": [
                                            "list",
                                            "string"
                                          ],
                                          "wwids": [
                                            "list",
                                            "string"
                                          ]
                                        }
                                      ],
                                      "flexVolume": [
                                        "object",
                                        {
                                          "driver": "string",
                                          "fsType": "string",
                                          "options": [
                                            "map",
                                            "string"
                                          ],
                                          "readOnly": "bool",
                                          "secretRef": [
                                            "object",
                                            {
                                              "name": "string"
                                            }
                                          ]
                                        }
                                      ],
                                      "flocker": [
                                        "object",
                                        {
                                          "datasetName": "string",
                                          "datasetUUID": "string"
                                        }
                                      ],
                                      "gcePersistentDisk": [
                                        "object",
                                        {
                                          "fsType": "string",
                                          "partition": "number",
                                          "pdName": "string",
                                          "readOnly": "bool"
                                        }
                                      ],
                                      "gitRepo": [
                                        "object",
                                        {
                                          "directory": "string",
                                          "repository": "string",
                                          "revision": "string"
                                        }
                                      ],
                                      "glusterfs": [
                                        "object",
                                        {
                                          "endpoints": "string",
                                          "path": "string",
                                          "readOnly": "bool"
                                        }
                                      ],
                                      "hostPath": [
                                        "object",
                                        {
                                          "path": "string",
                                          "type": "string"
                                        }
                                      ],
                                      "image": [
                                        "object",
                                        {
                                          "pullPolicy": "string",
                                          "reference": "string"
                                        }
                                      ],
                                      "iscsi": [
                                        "object",
                                        {
                                          "chapAuthDiscovery": "bool",
                                          "chapAuthSession": "bool",
                                          "fsType": "string",
                                          "initiatorName": "string",
                                          "iqn": "string",
                                          "iscsiInterface": "string",
                                          "lun": "number",
                                          "portals": [
                                            "list",
                                            "string"
                                          ],
                                          "readOnly": "bool",
                                          "secretRef": [
                                            "object",
                                            {
                                              "name": "string"
                                            }
                                          ],
                                          "targetPortal": "string"
                                        }
                                      ],
                                      "name": "string",
                                      "nfs": [
                                        "object",
                                        {
                                          "path": "string",
                                          "readOnly": "bool",
                                          "server": "string"
                                        }
                                      ],
                                      "persistentVolumeClaim": [
                                        "object",
                                        {
                                          "claimName": "string",
                                          "readOnly": "bool"
                                        }
                                      ],
                                      "photonPersistentDisk": [
                                        "object",
                                        {
                                          "fsType": "string",
                                          "pdID": "string"
                                        }
                                      ],
                                      "portworxVolume": [
                                        "object",
                                        {
                                          "fsType": "string",
                                          "readOnly": "bool",
                                          "volumeID": "string"
                                        }
                                      ],
                                      "projected": [
                                        "object",
                                        {
                                          "defaultMode": "number",
                                          "sources": [
                                            "list",
                                            [
                                              "object",
                                              {
                                                "clusterTrustBundle": [
                                                  "object",
                                                  {
                                                    "labelSelector": [
                                                      "object",
                                                      {
                                                        "matchExpressions": [
                                                          "list",
                                                          [
                                                            "object",
                                                            {
                                                              "key": "string",
                                                              "operator": "string",
                                                              "values": [
                                                                "list",
                                                                "string"
                                                              ]
                                                            }
                                                          ]
                                                        ],
                                                        "matchLabels": [
                                                          "map",
                                                          "string"
                                                        ]
                                                      }
                                                    ],
                                                    "name": "string",
                                                    "optional": "bool",
                                                    "path": "string",
                                                    "signerName": "string"
                                                  }
                                                ],
                                                "configMap": [
                                                  "object",
                                                  {
                                                    "items": [
                                                      "list",
                                                      [
                                                        "object",
                                                        {
                                                          "key": "string",
                                                          "mode": "number",
                                                          "path": "string"
                                                        }
                                                      ]
                                                    ],
                                                    "name": "string",
                                                    "optional": "bool"
                                                  }
                                                ],
                                                "downwardAPI": [
                                                  "object",
                                                  {
                                                    "items": [
                                                      "list",
                                                      [
                                                        "object",
                                                        {
                                                          "fieldRef": [
                                                            "object",
                                                            {
                                                              "apiVersion": "string",
                                                              "fieldPath": "string"
                                                            }
                                                          ],
                                                          "mode": "number",
                                                          "path": "string",
                                                          "resourceFieldRef": [
                                                            "object",
                                                            {
                                                              "containerName": "string",
                                                              "divisor": "string",
                                                              "resource": "string"
                                                            }
                                                          ]
                                                        }
                                                      ]
                                                    ]
                                                  }
                                                ],
                                                "secret": [
                                                  "object",
                                                  {
                                                    "items": [
                                                      "list",
                                                      [
                                                        "object",
                                                        {
                                                          "key": "string",
                                                          "mode": "number",
                                                          "path": "string"
                                                        }
                                                      ]
                                                    ],
                                                    "name": "string",
                                                    "optional": "bool"
                                                  }
                                                ],
                                                "serviceAccountToken": [
                                                  "object",
                                                  {
                                                    "audience": "string",
                                                    "expirationSeconds": "number",
                                                    "path": "string"
                                                  }
                                                ]
                                              }
                                            ]
                                          ]
                                        }
                                      ],
                                      "quobyte": [
                                        "object",
                                        {
                                          "group": "string",
                                          "readOnly": "bool",
                                          "registry": "string",
                                          "tenant": "string",
                                          "user": "string",
                                          "volume": "string"
                                        }
                                      ],
                                      "rbd": [
                                        "object",
                                        {
                                          "fsType": "string",
                                          "image": "string",
                                          "keyring": "string",
                                          "monitors": [
                                            "list",
                                            "string"
                                          ],
                                          "pool": "string",
                                          "readOnly": "bool",
                                          "secretRef": [
                                            "object",
                                            {
                                              "name": "string"
                                            }
                                          ],
                                          "user": "string"
                                        }
                                      ],
                                      "scaleIO": [
                                        "object",
                                        {
                                          "fsType": "string",
                                          "gateway": "string",
                                          "protectionDomain": "string",
                                          "readOnly": "bool",
                                          "secretRef": [
                                            "object",
                                            {
                                              "name": "string"
                                            }
                                          ],
                                          "sslEnabled": "bool",
                                          "storageMode": "string",
                                          "storagePool": "string",
                                          "system": "string",
                                          "volumeName": "string"
                                        }
                                      ],
                                      "secret": [
                                        "object",
                                        {
                                          "defaultMode": "number",
                                          "items": [
                                            "list",
                                            [
                                              "object",
                                              {
                                                "key": "string",
                                                "mode": "number",
                                                "path": "string"
                                              }
                                            ]
                                          ],
                                          "optional": "bool",
                                          "secretName": "string"
                                        }
                                      ],
                                      "storageos": [
                                        "object",
                                        {
                                          "fsType": "string",
                                          "readOnly": "bool",
                                          "secretRef": [
                                            "object",
                                            {
                                              "name": "string"
                                            }
                                          ],
                                          "volumeName": "string",
                                          "volumeNamespace": "string"
                                        }
                                      ],
                                      "vsphereVolume": [
                                        "object",
                                        {
                                          "fsType": "string",
                                          "storagePolicyID": "string",
                                          "storagePolicyName": "string",
                                          "volumePath": "string"
                                        }
                                      ]
                                    }
                                  ]
                                ]
                              ]
                            }
                          ]
                        }
                      ]
                    }
                  ]
                }
              ]
            },
            "timeouts": [],
            "wait": [],
            "wait_for": null
          },
          "sensitive_attributes": [],
          "identity_schema_version": 1,
          "identity": {
            "api_version": "apps/v1",
            "kind": "Deployment",
            "name": "authservice",
            "namespace": "sins"
          }
        },
        {
          "index_key": "deployfrnt.yml",
          "schema_version": 1,
          "attributes": {
            "computed_fields": null,
            "field_manager": [],
            "manifest": {
              "value": {
                "apiVersion": "apps/v1",
                "kind": "Deployment",
                "metadata": {
                  "labels": {
                    "app": "frontend-service"
                  },
                  "name": "frontend-service-name",
                  "namespace": "sins"
                },
                "spec": {
                  "replicas": 2,
                  "selector": {
                    "matchLabels": {
                      "app": "frontend"
                    }
                  },
                  "strategy": {
                    "rollingUpdate": {
                      "maxSurge": 1,
                      "maxUnavailable": 2
                    },
                    "type": "RollingUpdate"
                  },
                  "template": {
                    "metadata": {
                      "creationTimestamp": null,
                      "labels": {
                        "app": "frontend"
                      }
                    },
                    "spec": {
                      "containers": [
                        {
                          "image": "aditya090/projectk8s:frontend-v5",
                          "imagePullPolicy": "Always",
                          "name": "frontend-service",
                          "ports": [
                            {
                              "containerPort": 80
                            }
                          ],
                          "securityContext": {
                            "allowPrivilegeEscalation": false,
                            "capablities": {
                              "drop": [
                                "All"
                              ]
                            },
                            "previlege": false,
                            "readOnlyRootFileSystem": true
                          }
                        }
                      ],
                      "securityContext": {
                        "fsGroup": 1000,
                        "runAsGroup": 1000,
                        "runAsNonRoot": true,
                        "runAsUser": 1000
                      }
                    }
                  }
                }
              },
              "type": [
                "object",
                {
                  "apiVersion": "string",
                  "kind": "string",
                  "metadata": [
                    "object",
                    {
                      "labels": [
                        "object",
                        {
                          "app": "string"
                        }
                      ],
                      "name": "string",
                      "namespace": "string"
                    }
                  ],
                  "spec": [
                    "object",
                    {
                      "replicas": "number",
                      "selector": [
                        "object",
                        {
                          "matchLabels": [
                            "object",
                            {
                              "app": "string"
                            }
                          ]
                        }
                      ],
                      "strategy": [
                        "object",
                        {
                          "rollingUpdate": [
                            "object",
                            {
                              "maxSurge": "number",
                              "maxUnavailable": "number"
                            }
                          ],
                          "type": "string"
                        }
                      ],
                      "template": [
                        "object",
                        {
                          "metadata": [
                            "object",
                            {
                              "creationTimestamp": "dynamic",
                              "labels": [
                                "object",
                                {
                                  "app": "string"
                                }
                              ]
                            }
                          ],
                          "spec": [
                            "object",
                            {
                              "containers": [
                                "tuple",
                                [
                                  [
                                    "object",
                                    {
                                      "image": "string",
                                      "imagePullPolicy": "string",
                                      "name": "string",
                                      "ports": [
                                        "tuple",
                                        [
                                          [
                                            "object",
                                            {
                                              "containerPort": "number"
                                            }
                                          ]
                                        ]
                                      ],
                                      "securityContext": [
                                        "object",
                                        {
                                          "allowPrivilegeEscalation": "bool",
                                          "capablities": [
                                            "object",
                                            {
                                              "drop": [
                                                "tuple",
                                                [
                                                  "string"
                                                ]
                                              ]
                                            }
                                          ],
                                          "previlege": "bool",
                                          "readOnlyRootFileSystem": "bool"
                                        }
                                      ]
                                    }
                                  ]
                                ]
                              ],
                              "securityContext": [
                                "object",
                                {
                                  "fsGroup": "number",
                                  "runAsGroup": "number",
                                  "runAsNonRoot": "bool",
                                  "runAsUser": "number"
                                }
                              ]
                            }
                          ]
                        }
                      ]
                    }
                  ]
                }
              ]
            },
            "object": {
              "value": {
                "apiVersion": "apps/v1",
                "kind": "Deployment",
                "metadata": {
                  "annotations": {
                    "deployment.kubernetes.io/revision": "1"
                  },
                  "creationTimestamp": null,
                  "deletionGracePeriodSeconds": null,
                  "deletionTimestamp": null,
                  "finalizers": null,
                  "generateName": null,
                  "generation": null,
                  "labels": {
                    "app": "frontend-service"
                  },
                  "managedFields": null,
                  "name": "frontend-service-name",
                  "namespace": "sins",
                  "ownerReferences": null,
                  "resourceVersion": null,
                  "selfLink": null,
                  "uid": null
                },
                "spec": {
                  "minReadySeconds": null,
                  "paused": null,
                  "progressDeadlineSeconds": 600,
                  "replicas": 2,
                  "revisionHistoryLimit": 10,
                  "selector": {
                    "matchExpressions": null,
                    "matchLabels": {
                      "app": "frontend"
                    }
                  },
                  "strategy": {
                    "rollingUpdate": {
                      "maxSurge": "1",
                      "maxUnavailable": "2"
                    },
                    "type": "RollingUpdate"
                  },
                  "template": {
                    "metadata": {
                      "annotations": null,
                      "creationTimestamp": null,
                      "deletionGracePeriodSeconds": null,
                      "deletionTimestamp": null,
                      "finalizers": null,
                      "generateName": null,
                      "generation": null,
                      "labels": {
                        "app": "frontend"
                      },
                      "managedFields": null,
                      "name": null,
                      "namespace": null,
                      "ownerReferences": null,
                      "resourceVersion": null,
                      "selfLink": null,
                      "uid": null
                    },
                    "spec": {
                      "activeDeadlineSeconds": null,
                      "affinity": {
                        "nodeAffinity": {
                          "preferredDuringSchedulingIgnoredDuringExecution": null,
                          "requiredDuringSchedulingIgnoredDuringExecution": {
                            "nodeSelectorTerms": null
                          }
                        },
                        "podAffinity": {
                          "preferredDuringSchedulingIgnoredDuringExecution": null,
                          "requiredDuringSchedulingIgnoredDuringExecution": null
                        },
                        "podAntiAffinity": {
                          "preferredDuringSchedulingIgnoredDuringExecution": null,
                          "requiredDuringSchedulingIgnoredDuringExecution": null
                        }
                      },
                      "automountServiceAccountToken": null,
                      "containers": [
                        {
                          "args": null,
                          "command": null,
                          "env": null,
                          "envFrom": null,
                          "image": "aditya090/projectk8s:frontend-v5",
                          "imagePullPolicy": "Always",
                          "lifecycle": {
                            "postStart": {
                              "exec": {
                                "command": null
                              },
                              "httpGet": {
                                "host": null,
                                "httpHeaders": null,
                                "path": null,
                                "port": null,
                                "scheme": null
                              },
                              "sleep": {
                                "seconds": null
                              },
                              "tcpSocket": {
                                "host": null,
                                "port": null
                              }
                            },
                            "preStop": {
                              "exec": {
                                "command": null
                              },
                              "httpGet": {
                                "host": null,
                                "httpHeaders": null,
                                "path": null,
                                "port": null,
                                "scheme": null
                              },
                              "sleep": {
                                "seconds": null
                              },
                              "tcpSocket": {
                                "host": null,
                                "port": null
                              }
                            }
                          },
                          "livenessProbe": {
                            "exec": {
                              "command": null
                            },
                            "failureThreshold": null,
                            "grpc": {
                              "port": null,
                              "service": null
                            },
                            "httpGet": {
                              "host": null,
                              "httpHeaders": null,
                              "path": null,
                              "port": null,
                              "scheme": null
                            },
                            "initialDelaySeconds": null,
                            "periodSeconds": null,
                            "successThreshold": null,
                            "tcpSocket": {
                              "host": null,
                              "port": null
                            },
                            "terminationGracePeriodSeconds": null,
                            "timeoutSeconds": null
                          },
                          "name": "frontend-service",
                          "ports": [
                            {
                              "containerPort": 80,
                              "hostIP": null,
                              "hostPort": null,
                              "name": null,
                              "protocol": "TCP"
                            }
                          ],
                          "readinessProbe": {
                            "exec": {
                              "command": null
                            },
                            "failureThreshold": null,
                            "grpc": {
                              "port": null,
                              "service": null
                            },
                            "httpGet": {
                              "host": null,
                              "httpHeaders": null,
                              "path": null,
                              "port": null,
                              "scheme": null
                            },
                            "initialDelaySeconds": null,
                            "periodSeconds": null,
                            "successThreshold": null,
                            "tcpSocket": {
                              "host": null,
                              "port": null
                            },
                            "terminationGracePeriodSeconds": null,
                            "timeoutSeconds": null
                          },
                          "resizePolicy": null,
                          "resources": {
                            "claims": null,
                            "limits": null,
                            "requests": null
                          },
                          "restartPolicy": null,
                          "securityContext": {
                            "allowPrivilegeEscalation": false,
                            "appArmorProfile": {
                              "localhostProfile": null,
                              "type": null
                            },
                            "capabilities": {
                              "add": null,
                              "drop": null
                            },
                            "privileged": null,
                            "procMount": null,
                            "readOnlyRootFilesystem": null,
                            "runAsGroup": null,
                            "runAsNonRoot": null,
                            "runAsUser": null,
                            "seLinuxOptions": {
                              "level": null,
                              "role": null,
                              "type": null,
                              "user": null
                            },
                            "seccompProfile": {
                              "localhostProfile": null,
                              "type": null
                            },
                            "windowsOptions": {
                              "gmsaCredentialSpec": null,
                              "gmsaCredentialSpecName": null,
                              "hostProcess": null,
                              "runAsUserName": null
                            }
                          },
                          "startupProbe": {
                            "exec": {
                              "command": null
                            },
                            "failureThreshold": null,
                            "grpc": {
                              "port": null,
                              "service": null
                            },
                            "httpGet": {
                              "host": null,
                              "httpHeaders": null,
                              "path": null,
                              "port": null,
                              "scheme": null
                            },
                            "initialDelaySeconds": null,
                            "periodSeconds": null,
                            "successThreshold": null,
                            "tcpSocket": {
                              "host": null,
                              "port": null
                            },
                            "terminationGracePeriodSeconds": null,
                            "timeoutSeconds": null
                          },
                          "stdin": null,
                          "stdinOnce": null,
                          "terminationMessagePath": "/dev/termination-log",
                          "terminationMessagePolicy": "File",
                          "tty": null,
                          "volumeDevices": null,
                          "volumeMounts": null,
                          "workingDir": null
                        }
                      ],
                      "dnsConfig": {
                        "nameservers": null,
                        "options": null,
                        "searches": null
                      },
                      "dnsPolicy": "ClusterFirst",
                      "enableServiceLinks": null,
                      "ephemeralContainers": null,
                      "hostAliases": null,
                      "hostIPC": null,
                      "hostNetwork": null,
                      "hostPID": null,
                      "hostUsers": null,
                      "hostname": null,
                      "imagePullSecrets": null,
                      "initContainers": null,
                      "nodeName": null,
                      "nodeSelector": null,
                      "os": {
                        "name": null
                      },
                      "overhead": null,
                      "preemptionPolicy": null,
                      "priority": null,
                      "priorityClassName": null,
                      "readinessGates": null,
                      "resourceClaims": null,
                      "resources": {
                        "claims": null,
                        "limits": null,
                        "requests": null
                      },
                      "restartPolicy": "Always",
                      "runtimeClassName": null,
                      "schedulerName": "default-scheduler",
                      "schedulingGates": null,
                      "securityContext": {
                        "appArmorProfile": {
                          "localhostProfile": null,
                          "type": null
                        },
                        "fsGroup": 1000,
                        "fsGroupChangePolicy": null,
                        "runAsGroup": 1000,
                        "runAsNonRoot": true,
                        "runAsUser": 1000,
                        "seLinuxChangePolicy": null,
                        "seLinuxOptions": {
                          "level": null,
                          "role": null,
                          "type": null,
                          "user": null
                        },
                        "seccompProfile": {
                          "localhostProfile": null,
                          "type": null
                        },
                        "supplementalGroups": null,
                        "supplementalGroupsPolicy": null,
                        "sysctls": null,
                        "windowsOptions": {
                          "gmsaCredentialSpec": null,
                          "gmsaCredentialSpecName": null,
                          "hostProcess": null,
                          "runAsUserName": null
                        }
                      },
                      "serviceAccount": null,
                      "serviceAccountName": null,
                      "setHostnameAsFQDN": null,
                      "shareProcessNamespace": null,
                      "subdomain": null,
                      "terminationGracePeriodSeconds": 30,
                      "tolerations": null,
                      "topologySpreadConstraints": null,
                      "volumes": null
                    }
                  }
                }
              },
              "type": [
                "object",
                {
                  "apiVersion": "string",
                  "kind": "string",
                  "metadata": [
                    "object",
                    {
                      "annotations": [
                        "map",
                        "string"
                      ],
                      "creationTimestamp": "string",
                      "deletionGracePeriodSeconds": "number",
                      "deletionTimestamp": "string",
                      "finalizers": [
                        "list",
                        "string"
                      ],
                      "generateName": "string",
                      "generation": "number",
                      "labels": [
                        "map",
                        "string"
                      ],
                      "managedFields": [
                        "tuple",
                        [
                          [
                            "object",
                            {
                              "apiVersion": "string",
                              "fieldsType": "string",
                              "fieldsV1": "dynamic",
                              "manager": "string",
                              "operation": "string",
                              "subresource": "string",
                              "time": "string"
                            }
                          ]
                        ]
                      ],
                      "name": "string",
                      "namespace": "string",
                      "ownerReferences": [
                        "list",
                        [
                          "object",
                          {
                            "apiVersion": "string",
                            "blockOwnerDeletion": "bool",
                            "controller": "bool",
                            "kind": "string",
                            "name": "string",
                            "uid": "string"
                          }
                        ]
                      ],
                      "resourceVersion": "string",
                      "selfLink": "string",
                      "uid": "string"
                    }
                  ],
                  "spec": [
                    "object",
                    {
                      "minReadySeconds": "number",
                      "paused": "bool",
                      "progressDeadlineSeconds": "number",
                      "replicas": "number",
                      "revisionHistoryLimit": "number",
                      "selector": [
                        "object",
                        {
                          "matchExpressions": [
                            "list",
                            [
                              "object",
                              {
                                "key": "string",
                                "operator": "string",
                                "values": [
                                  "list",
                                  "string"
                                ]
                              }
                            ]
                          ],
                          "matchLabels": [
                            "map",
                            "string"
                          ]
                        }
                      ],
                      "strategy": [
                        "object",
                        {
                          "rollingUpdate": [
                            "object",
                            {
                              "maxSurge": "string",
                              "maxUnavailable": "string"
                            }
                          ],
                          "type": "string"
                        }
                      ],
                      "template": [
                        "object",
                        {
                          "metadata": [
                            "object",
                            {
                              "annotations": [
                                "map",
                                "string"
                              ],
                              "creationTimestamp": "string",
                              "deletionGracePeriodSeconds": "number",
                              "deletionTimestamp": "string",
                              "finalizers": [
                                "list",
                                "string"
                              ],
                              "generateName": "string",
                              "generation": "number",
                              "labels": [
                                "map",
                                "string"
                              ],
                              "managedFields": [
                                "tuple",
                                [
                                  [
                                    "object",
                                    {
                                      "apiVersion": "string",
                                      "fieldsType": "string",
                                      "fieldsV1": "dynamic",
                                      "manager": "string",
                                      "operation": "string",
                                      "subresource": "string",
                                      "time": "string"
                                    }
                                  ]
                                ]
                              ],
                              "name": "string",
                              "namespace": "string",
                              "ownerReferences": [
                                "list",
                                [
                                  "object",
                                  {
                                    "apiVersion": "string",
                                    "blockOwnerDeletion": "bool",
                                    "controller": "bool",
                                    "kind": "string",
                                    "name": "string",
                                    "uid": "string"
                                  }
                                ]
                              ],
                              "resourceVersion": "string",
                              "selfLink": "string",
                              "uid": "string"
                            }
                          ],
                          "spec": [
                            "object",
                            {
                              "activeDeadlineSeconds": "number",
                              "affinity": [
                                "object",
                                {
                                  "nodeAffinity": [
                                    "object",
                                    {
                                      "preferredDuringSchedulingIgnoredDuringExecution": [
                                        "list",
                                        [
                                          "object",
                                          {
                                            "preference": [
                                              "object",
                                              {
                                                "matchExpressions": [
                                                  "list",
                                                  [
                                                    "object",
                                                    {
                                                      "key": "string",
                                                      "operator": "string",
                                                      "values": [
                                                        "list",
                                                        "string"
                                                      ]
                                                    }
                                                  ]
                                                ],
                                                "matchFields": [
                                                  "list",
                                                  [
                                                    "object",
                                                    {
                                                      "key": "string",
                                                      "operator": "string",
                                                      "values": [
                                                        "list",
                                                        "string"
                                                      ]
                                                    }
                                                  ]
                                                ]
                                              }
                                            ],
                                            "weight": "number"
                                          }
                                        ]
                                      ],
                                      "requiredDuringSchedulingIgnoredDuringExecution": [
                                        "object",
                                        {
                                          "nodeSelectorTerms": [
                                            "list",
                                            [
                                              "object",
                                              {
                                                "matchExpressions": [
                                                  "list",
                                                  [
                                                    "object",
                                                    {
                                                      "key": "string",
                                                      "operator": "string",
                                                      "values": [
                                                        "list",
                                                        "string"
                                                      ]
                                                    }
                                                  ]
                                                ],
                                                "matchFields": [
                                                  "list",
                                                  [
                                                    "object",
                                                    {
                                                      "key": "string",
                                                      "operator": "string",
                                                      "values": [
                                                        "list",
                                                        "string"
                                                      ]
                                                    }
                                                  ]
                                                ]
                                              }
                                            ]
                                          ]
                                        }
                                      ]
                                    }
                                  ],
                                  "podAffinity": [
                                    "object",
                                    {
                                      "preferredDuringSchedulingIgnoredDuringExecution": [
                                        "list",
                                        [
                                          "object",
                                          {
                                            "podAffinityTerm": [
                                              "object",
                                              {
                                                "labelSelector": [
                                                  "object",
                                                  {
                                                    "matchExpressions": [
                                                      "list",
                                                      [
                                                        "object",
                                                        {
                                                          "key": "string",
                                                          "operator": "string",
                                                          "values": [
                                                            "list",
                                                            "string"
                                                          ]
                                                        }
                                                      ]
                                                    ],
                                                    "matchLabels": [
                                                      "map",
                                                      "string"
                                                    ]
                                                  }
                                                ],
                                                "matchLabelKeys": [
                                                  "list",
                                                  "string"
                                                ],
                                                "mismatchLabelKeys": [
                                                  "list",
                                                  "string"
                                                ],
                                                "namespaceSelector": [
                                                  "object",
                                                  {
                                                    "matchExpressions": [
                                                      "list",
                                                      [
                                                        "object",
                                                        {
                                                          "key": "string",
                                                          "operator": "string",
                                                          "values": [
                                                            "list",
                                                            "string"
                                                          ]
                                                        }
                                                      ]
                                                    ],
                                                    "matchLabels": [
                                                      "map",
                                                      "string"
                                                    ]
                                                  }
                                                ],
                                                "namespaces": [
                                                  "list",
                                                  "string"
                                                ],
                                                "topologyKey": "string"
                                              }
                                            ],
                                            "weight": "number"
                                          }
                                        ]
                                      ],
                                      "requiredDuringSchedulingIgnoredDuringExecution": [
                                        "list",
                                        [
                                          "object",
                                          {
                                            "labelSelector": [
                                              "object",
                                              {
                                                "matchExpressions": [
                                                  "list",
                                                  [
                                                    "object",
                                                    {
                                                      "key": "string",
                                                      "operator": "string",
                                                      "values": [
                                                        "list",
                                                        "string"
                                                      ]
                                                    }
                                                  ]
                                                ],
                                                "matchLabels": [
                                                  "map",
                                                  "string"
                                                ]
                                              }
                                            ],
                                            "matchLabelKeys": [
                                              "list",
                                              "string"
                                            ],
                                            "mismatchLabelKeys": [
                                              "list",
                                              "string"
                                            ],
                                            "namespaceSelector": [
                                              "object",
                                              {
                                                "matchExpressions": [
                                                  "list",
                                                  [
                                                    "object",
                                                    {
                                                      "key": "string",
                                                      "operator": "string",
                                                      "values": [
                                                        "list",
                                                        "string"
                                                      ]
                                                    }
                                                  ]
                                                ],
                                                "matchLabels": [
                                                  "map",
                                                  "string"
                                                ]
                                              }
                                            ],
                                            "namespaces": [
                                              "list",
                                              "string"
                                            ],
                                            "topologyKey": "string"
                                          }
                                        ]
                                      ]
                                    }
                                  ],
                                  "podAntiAffinity": [
                                    "object",
                                    {
                                      "preferredDuringSchedulingIgnoredDuringExecution": [
                                        "list",
                                        [
                                          "object",
                                          {
                                            "podAffinityTerm": [
                                              "object",
                                              {
                                                "labelSelector": [
                                                  "object",
                                                  {
                                                    "matchExpressions": [
                                                      "list",
                                                      [
                                                        "object",
                                                        {
                                                          "key": "string",
                                                          "operator": "string",
                                                          "values": [
                                                            "list",
                                                            "string"
                                                          ]
                                                        }
                                                      ]
                                                    ],
                                                    "matchLabels": [
                                                      "map",
                                                      "string"
                                                    ]
                                                  }
                                                ],
                                                "matchLabelKeys": [
                                                  "list",
                                                  "string"
                                                ],
                                                "mismatchLabelKeys": [
                                                  "list",
                                                  "string"
                                                ],
                                                "namespaceSelector": [
                                                  "object",
                                                  {
                                                    "matchExpressions": [
                                                      "list",
                                                      [
                                                        "object",
                                                        {
                                                          "key": "string",
                                                          "operator": "string",
                                                          "values": [
                                                            "list",
                                                            "string"
                                                          ]
                                                        }
                                                      ]
                                                    ],
                                                    "matchLabels": [
                                                      "map",
                                                      "string"
                                                    ]
                                                  }
                                                ],
                                                "namespaces": [
                                                  "list",
                                                  "string"
                                                ],
                                                "topologyKey": "string"
                                              }
                                            ],
                                            "weight": "number"
                                          }
                                        ]
                                      ],
                                      "requiredDuringSchedulingIgnoredDuringExecution": [
                                        "list",
                                        [
                                          "object",
                                          {
                                            "labelSelector": [
                                              "object",
                                              {
                                                "matchExpressions": [
                                                  "list",
                                                  [
                                                    "object",
                                                    {
                                                      "key": "string",
                                                      "operator": "string",
                                                      "values": [
                                                        "list",
                                                        "string"
                                                      ]
                                                    }
                                                  ]
                                                ],
                                                "matchLabels": [
                                                  "map",
                                                  "string"
                                                ]
                                              }
                                            ],
                                            "matchLabelKeys": [
                                              "list",
                                              "string"
                                            ],
                                            "mismatchLabelKeys": [
                                              "list",
                                              "string"
                                            ],
                                            "namespaceSelector": [
                                              "object",
                                              {
                                                "matchExpressions": [
                                                  "list",
                                                  [
                                                    "object",
                                                    {
                                                      "key": "string",
                                                      "operator": "string",
                                                      "values": [
                                                        "list",
                                                        "string"
                                                      ]
                                                    }
                                                  ]
                                                ],
                                                "matchLabels": [
                                                  "map",
                                                  "string"
                                                ]
                                              }
                                            ],
                                            "namespaces": [
                                              "list",
                                              "string"
                                            ],
                                            "topologyKey": "string"
                                          }
                                        ]
                                      ]
                                    }
                                  ]
                                }
                              ],
                              "automountServiceAccountToken": "bool",
                              "containers": [
                                "list",
                                [
                                  "object",
                                  {
                                    "args": [
                                      "list",
                                      "string"
                                    ],
                                    "command": [
                                      "list",
                                      "string"
                                    ],
                                    "env": [
                                      "list",
                                      [
                                        "object",
                                        {
                                          "name": "string",
                                          "value": "string",
                                          "valueFrom": [
                                            "object",
                                            {
                                              "configMapKeyRef": [
                                                "object",
                                                {
                                                  "key": "string",
                                                  "name": "string",
                                                  "optional": "bool"
                                                }
                                              ],
                                              "fieldRef": [
                                                "object",
                                                {
                                                  "apiVersion": "string",
                                                  "fieldPath": "string"
                                                }
                                              ],
                                              "resourceFieldRef": [
                                                "object",
                                                {
                                                  "containerName": "string",
                                                  "divisor": "string",
                                                  "resource": "string"
                                                }
                                              ],
                                              "secretKeyRef": [
                                                "object",
                                                {
                                                  "key": "string",
                                                  "name": "string",
                                                  "optional": "bool"
                                                }
                                              ]
                                            }
                                          ]
                                        }
                                      ]
                                    ],
                                    "envFrom": [
                                      "list",
                                      [
                                        "object",
                                        {
                                          "configMapRef": [
                                            "object",
                                            {
                                              "name": "string",
                                              "optional": "bool"
                                            }
                                          ],
                                          "prefix": "string",
                                          "secretRef": [
                                            "object",
                                            {
                                              "name": "string",
                                              "optional": "bool"
                                            }
                                          ]
                                        }
                                      ]
                                    ],
                                    "image": "string",
                                    "imagePullPolicy": "string",
                                    "lifecycle": [
                                      "object",
                                      {
                                        "postStart": [
                                          "object",
                                          {
                                            "exec": [
                                              "object",
                                              {
                                                "command": [
                                                  "list",
                                                  "string"
                                                ]
                                              }
                                            ],
                                            "httpGet": [
                                              "object",
                                              {
                                                "host": "string",
                                                "httpHeaders": [
                                                  "list",
                                                  [
                                                    "object",
                                                    {
                                                      "name": "string",
                                                      "value": "string"
                                                    }
                                                  ]
                                                ],
                                                "path": "string",
                                                "port": "string",
                                                "scheme": "string"
                                              }
                                            ],
                                            "sleep": [
                                              "object",
                                              {
                                                "seconds": "number"
                                              }
                                            ],
                                            "tcpSocket": [
                                              "object",
                                              {
                                                "host": "string",
                                                "port": "string"
                                              }
                                            ]
                                          }
                                        ],
                                        "preStop": [
                                          "object",
                                          {
                                            "exec": [
                                              "object",
                                              {
                                                "command": [
                                                  "list",
                                                  "string"
                                                ]
                                              }
                                            ],
                                            "httpGet": [
                                              "object",
                                              {
                                                "host": "string",
                                                "httpHeaders": [
                                                  "list",
                                                  [
                                                    "object",
                                                    {
                                                      "name": "string",
                                                      "value": "string"
                                                    }
                                                  ]
                                                ],
                                                "path": "string",
                                                "port": "string",
                                                "scheme": "string"
                                              }
                                            ],
                                            "sleep": [
                                              "object",
                                              {
                                                "seconds": "number"
                                              }
                                            ],
                                            "tcpSocket": [
                                              "object",
                                              {
                                                "host": "string",
                                                "port": "string"
                                              }
                                            ]
                                          }
                                        ]
                                      }
                                    ],
                                    "livenessProbe": [
                                      "object",
                                      {
                                        "exec": [
                                          "object",
                                          {
                                            "command": [
                                              "list",
                                              "string"
                                            ]
                                          }
                                        ],
                                        "failureThreshold": "number",
                                        "grpc": [
                                          "object",
                                          {
                                            "port": "number",
                                            "service": "string"
                                          }
                                        ],
                                        "httpGet": [
                                          "object",
                                          {
                                            "host": "string",
                                            "httpHeaders": [
                                              "list",
                                              [
                                                "object",
                                                {
                                                  "name": "string",
                                                  "value": "string"
                                                }
                                              ]
                                            ],
                                            "path": "string",
                                            "port": "string",
                                            "scheme": "string"
                                          }
                                        ],
                                        "initialDelaySeconds": "number",
                                        "periodSeconds": "number",
                                        "successThreshold": "number",
                                        "tcpSocket": [
                                          "object",
                                          {
                                            "host": "string",
                                            "port": "string"
                                          }
                                        ],
                                        "terminationGracePeriodSeconds": "number",
                                        "timeoutSeconds": "number"
                                      }
                                    ],
                                    "name": "string",
                                    "ports": [
                                      "list",
                                      [
                                        "object",
                                        {
                                          "containerPort": "number",
                                          "hostIP": "string",
                                          "hostPort": "number",
                                          "name": "string",
                                          "protocol": "string"
                                        }
                                      ]
                                    ],
                                    "readinessProbe": [
                                      "object",
                                      {
                                        "exec": [
                                          "object",
                                          {
                                            "command": [
                                              "list",
                                              "string"
                                            ]
                                          }
                                        ],
                                        "failureThreshold": "number",
                                        "grpc": [
                                          "object",
                                          {
                                            "port": "number",
                                            "service": "string"
                                          }
                                        ],
                                        "httpGet": [
                                          "object",
                                          {
                                            "host": "string",
                                            "httpHeaders": [
                                              "list",
                                              [
                                                "object",
                                                {
                                                  "name": "string",
                                                  "value": "string"
                                                }
                                              ]
                                            ],
                                            "path": "string",
                                            "port": "string",
                                            "scheme": "string"
                                          }
                                        ],
                                        "initialDelaySeconds": "number",
                                        "periodSeconds": "number",
                                        "successThreshold": "number",
                                        "tcpSocket": [
                                          "object",
                                          {
                                            "host": "string",
                                            "port": "string"
                                          }
                                        ],
                                        "terminationGracePeriodSeconds": "number",
                                        "timeoutSeconds": "number"
                                      }
                                    ],
                                    "resizePolicy": [
                                      "list",
                                      [
                                        "object",
                                        {
                                          "resourceName": "string",
                                          "restartPolicy": "string"
                                        }
                                      ]
                                    ],
                                    "resources": [
                                      "object",
                                      {
                                        "claims": [
                                          "list",
                                          [
                                            "object",
                                            {
                                              "name": "string",
                                              "request": "string"
                                            }
                                          ]
                                        ],
                                        "limits": [
                                          "map",
                                          "string"
                                        ],
                                        "requests": [
                                          "map",
                                          "string"
                                        ]
                                      }
                                    ],
                                    "restartPolicy": "string",
                                    "securityContext": [
                                      "object",
                                      {
                                        "allowPrivilegeEscalation": "bool",
                                        "appArmorProfile": [
                                          "object",
                                          {
                                            "localhostProfile": "string",
                                            "type": "string"
                                          }
                                        ],
                                        "capabilities": [
                                          "object",
                                          {
                                            "add": [
                                              "list",
                                              "string"
                                            ],
                                            "drop": [
                                              "list",
                                              "string"
                                            ]
                                          }
                                        ],
                                        "privileged": "bool",
                                        "procMount": "string",
                                        "readOnlyRootFilesystem": "bool",
                                        "runAsGroup": "number",
                                        "runAsNonRoot": "bool",
                                        "runAsUser": "number",
                                        "seLinuxOptions": [
                                          "object",
                                          {
                                            "level": "string",
                                            "role": "string",
                                            "type": "string",
                                            "user": "string"
                                          }
                                        ],
                                        "seccompProfile": [
                                          "object",
                                          {
                                            "localhostProfile": "string",
                                            "type": "string"
                                          }
                                        ],
                                        "windowsOptions": [
                                          "object",
                                          {
                                            "gmsaCredentialSpec": "string",
                                            "gmsaCredentialSpecName": "string",
                                            "hostProcess": "bool",
                                            "runAsUserName": "string"
                                          }
                                        ]
                                      }
                                    ],
                                    "startupProbe": [
                                      "object",
                                      {
                                        "exec": [
                                          "object",
                                          {
                                            "command": [
                                              "list",
                                              "string"
                                            ]
                                          }
                                        ],
                                        "failureThreshold": "number",
                                        "grpc": [
                                          "object",
                                          {
                                            "port": "number",
                                            "service": "string"
                                          }
                                        ],
                                        "httpGet": [
                                          "object",
                                          {
                                            "host": "string",
                                            "httpHeaders": [
                                              "list",
                                              [
                                                "object",
                                                {
                                                  "name": "string",
                                                  "value": "string"
                                                }
                                              ]
                                            ],
                                            "path": "string",
                                            "port": "string",
                                            "scheme": "string"
                                          }
                                        ],
                                        "initialDelaySeconds": "number",
                                        "periodSeconds": "number",
                                        "successThreshold": "number",
                                        "tcpSocket": [
                                          "object",
                                          {
                                            "host": "string",
                                            "port": "string"
                                          }
                                        ],
                                        "terminationGracePeriodSeconds": "number",
                                        "timeoutSeconds": "number"
                                      }
                                    ],
                                    "stdin": "bool",
                                    "stdinOnce": "bool",
                                    "terminationMessagePath": "string",
                                    "terminationMessagePolicy": "string",
                                    "tty": "bool",
                                    "volumeDevices": [
                                      "list",
                                      [
                                        "object",
                                        {
                                          "devicePath": "string",
                                          "name": "string"
                                        }
                                      ]
                                    ],
                                    "volumeMounts": [
                                      "list",
                                      [
                                        "object",
                                        {
                                          "mountPath": "string",
                                          "mountPropagation": "string",
                                          "name": "string",
                                          "readOnly": "bool",
                                          "recursiveReadOnly": "string",
                                          "subPath": "string",
                                          "subPathExpr": "string"
                                        }
                                      ]
                                    ],
                                    "workingDir": "string"
                                  }
                                ]
                              ],
                              "dnsConfig": [
                                "object",
                                {
                                  "nameservers": [
                                    "list",
                                    "string"
                                  ],
                                  "options": [
                                    "list",
                                    [
                                      "object",
                                      {
                                        "name": "string",
                                        "value": "string"
                                      }
                                    ]
                                  ],
                                  "searches": [
                                    "list",
                                    "string"
                                  ]
                                }
                              ],
                              "dnsPolicy": "string",
                              "enableServiceLinks": "bool",
                              "ephemeralContainers": [
                                "list",
                                [
                                  "object",
                                  {
                                    "args": [
                                      "list",
                                      "string"
                                    ],
                                    "command": [
                                      "list",
                                      "string"
                                    ],
                                    "env": [
                                      "list",
                                      [
                                        "object",
                                        {
                                          "name": "string",
                                          "value": "string",
                                          "valueFrom": [
                                            "object",
                                            {
                                              "configMapKeyRef": [
                                                "object",
                                                {
                                                  "key": "string",
                                                  "name": "string",
                                                  "optional": "bool"
                                                }
                                              ],
                                              "fieldRef": [
                                                "object",
                                                {
                                                  "apiVersion": "string",
                                                  "fieldPath": "string"
                                                }
                                              ],
                                              "resourceFieldRef": [
                                                "object",
                                                {
                                                  "containerName": "string",
                                                  "divisor": "string",
                                                  "resource": "string"
                                                }
                                              ],
                                              "secretKeyRef": [
                                                "object",
                                                {
                                                  "key": "string",
                                                  "name": "string",
                                                  "optional": "bool"
                                                }
                                              ]
                                            }
                                          ]
                                        }
                                      ]
                                    ],
                                    "envFrom": [
                                      "list",
                                      [
                                        "object",
                                        {
                                          "configMapRef": [
                                            "object",
                                            {
                                              "name": "string",
                                              "optional": "bool"
                                            }
                                          ],
                                          "prefix": "string",
                                          "secretRef": [
                                            "object",
                                            {
                                              "name": "string",
                                              "optional": "bool"
                                            }
                                          ]
                                        }
                                      ]
                                    ],
                                    "image": "string",
                                    "imagePullPolicy": "string",
                                    "lifecycle": [
                                      "object",
                                      {
                                        "postStart": [
                                          "object",
                                          {
                                            "exec": [
                                              "object",
                                              {
                                                "command": [
                                                  "list",
                                                  "string"
                                                ]
                                              }
                                            ],
                                            "httpGet": [
                                              "object",
                                              {
                                                "host": "string",
                                                "httpHeaders": [
                                                  "list",
                                                  [
                                                    "object",
                                                    {
                                                      "name": "string",
                                                      "value": "string"
                                                    }
                                                  ]
                                                ],
                                                "path": "string",
                                                "port": "string",
                                                "scheme": "string"
                                              }
                                            ],
                                            "sleep": [
                                              "object",
                                              {
                                                "seconds": "number"
                                              }
                                            ],
                                            "tcpSocket": [
                                              "object",
                                              {
                                                "host": "string",
                                                "port": "string"
                                              }
                                            ]
                                          }
                                        ],
                                        "preStop": [
                                          "object",
                                          {
                                            "exec": [
                                              "object",
                                              {
                                                "command": [
                                                  "list",
                                                  "string"
                                                ]
                                              }
                                            ],
                                            "httpGet": [
                                              "object",
                                              {
                                                "host": "string",
                                                "httpHeaders": [
                                                  "list",
                                                  [
                                                    "object",
                                                    {
                                                      "name": "string",
                                                      "value": "string"
                                                    }
                                                  ]
                                                ],
                                                "path": "string",
                                                "port": "string",
                                                "scheme": "string"
                                              }
                                            ],
                                            "sleep": [
                                              "object",
                                              {
                                                "seconds": "number"
                                              }
                                            ],
                                            "tcpSocket": [
                                              "object",
                                              {
                                                "host": "string",
                                                "port": "string"
                                              }
                                            ]
                                          }
                                        ]
                                      }
                                    ],
                                    "livenessProbe": [
                                      "object",
                                      {
                                        "exec": [
                                          "object",
                                          {
                                            "command": [
                                              "list",
                                              "string"
                                            ]
                                          }
                                        ],
                                        "failureThreshold": "number",
                                        "grpc": [
                                          "object",
                                          {
                                            "port": "number",
                                            "service": "string"
                                          }
                                        ],
                                        "httpGet": [
                                          "object",
                                          {
                                            "host": "string",
                                            "httpHeaders": [
                                              "list",
                                              [
                                                "object",
                                                {
                                                  "name": "string",
                                                  "value": "string"
                                                }
                                              ]
                                            ],
                                            "path": "string",
                                            "port": "string",
                                            "scheme": "string"
                                          }
                                        ],
                                        "initialDelaySeconds": "number",
                                        "periodSeconds": "number",
                                        "successThreshold": "number",
                                        "tcpSocket": [
                                          "object",
                                          {
                                            "host": "string",
                                            "port": "string"
                                          }
                                        ],
                                        "terminationGracePeriodSeconds": "number",
                                        "timeoutSeconds": "number"
                                      }
                                    ],
                                    "name": "string",
                                    "ports": [
                                      "list",
                                      [
                                        "object",
                                        {
                                          "containerPort": "number",
                                          "hostIP": "string",
                                          "hostPort": "number",
                                          "name": "string",
                                          "protocol": "string"
                                        }
                                      ]
                                    ],
                                    "readinessProbe": [
                                      "object",
                                      {
                                        "exec": [
                                          "object",
                                          {
                                            "command": [
                                              "list",
                                              "string"
                                            ]
                                          }
                                        ],
                                        "failureThreshold": "number",
                                        "grpc": [
                                          "object",
                                          {
                                            "port": "number",
                                            "service": "string"
                                          }
                                        ],
                                        "httpGet": [
                                          "object",
                                          {
                                            "host": "string",
                                            "httpHeaders": [
                                              "list",
                                              [
                                                "object",
                                                {
                                                  "name": "string",
                                                  "value": "string"
                                                }
                                              ]
                                            ],
                                            "path": "string",
                                            "port": "string",
                                            "scheme": "string"
                                          }
                                        ],
                                        "initialDelaySeconds": "number",
                                        "periodSeconds": "number",
                                        "successThreshold": "number",
                                        "tcpSocket": [
                                          "object",
                                          {
                                            "host": "string",
                                            "port": "string"
                                          }
                                        ],
                                        "terminationGracePeriodSeconds": "number",
                                        "timeoutSeconds": "number"
                                      }
                                    ],
                                    "resizePolicy": [
                                      "list",
                                      [
                                        "object",
                                        {
                                          "resourceName": "string",
                                          "restartPolicy": "string"
                                        }
                                      ]
                                    ],
                                    "resources": [
                                      "object",
                                      {
                                        "claims": [
                                          "list",
                                          [
                                            "object",
                                            {
                                              "name": "string",
                                              "request": "string"
                                            }
                                          ]
                                        ],
                                        "limits": [
                                          "map",
                                          "string"
                                        ],
                                        "requests": [
                                          "map",
                                          "string"
                                        ]
                                      }
                                    ],
                                    "restartPolicy": "string",
                                    "securityContext": [
                                      "object",
                                      {
                                        "allowPrivilegeEscalation": "bool",
                                        "appArmorProfile": [
                                          "object",
                                          {
                                            "localhostProfile": "string",
                                            "type": "string"
                                          }
                                        ],
                                        "capabilities": [
                                          "object",
                                          {
                                            "add": [
                                              "list",
                                              "string"
                                            ],
                                            "drop": [
                                              "list",
                                              "string"
                                            ]
                                          }
                                        ],
                                        "privileged": "bool",
                                        "procMount": "string",
                                        "readOnlyRootFilesystem": "bool",
                                        "runAsGroup": "number",
                                        "runAsNonRoot": "bool",
                                        "runAsUser": "number",
                                        "seLinuxOptions": [
                                          "object",
                                          {
                                            "level": "string",
                                            "role": "string",
                                            "type": "string",
                                            "user": "string"
                                          }
                                        ],
                                        "seccompProfile": [
                                          "object",
                                          {
                                            "localhostProfile": "string",
                                            "type": "string"
                                          }
                                        ],
                                        "windowsOptions": [
                                          "object",
                                          {
                                            "gmsaCredentialSpec": "string",
                                            "gmsaCredentialSpecName": "string",
                                            "hostProcess": "bool",
                                            "runAsUserName": "string"
                                          }
                                        ]
                                      }
                                    ],
                                    "startupProbe": [
                                      "object",
                                      {
                                        "exec": [
                                          "object",
                                          {
                                            "command": [
                                              "list",
                                              "string"
                                            ]
                                          }
                                        ],
                                        "failureThreshold": "number",
                                        "grpc": [
                                          "object",
                                          {
                                            "port": "number",
                                            "service": "string"
                                          }
                                        ],
                                        "httpGet": [
                                          "object",
                                          {
                                            "host": "string",
                                            "httpHeaders": [
                                              "list",
                                              [
                                                "object",
                                                {
                                                  "name": "string",
                                                  "value": "string"
                                                }
                                              ]
                                            ],
                                            "path": "string",
                                            "port": "string",
                                            "scheme": "string"
                                          }
                                        ],
                                        "initialDelaySeconds": "number",
                                        "periodSeconds": "number",
                                        "successThreshold": "number",
                                        "tcpSocket": [
                                          "object",
                                          {
                                            "host": "string",
                                            "port": "string"
                                          }
                                        ],
                                        "terminationGracePeriodSeconds": "number",
                                        "timeoutSeconds": "number"
                                      }
                                    ],
                                    "stdin": "bool",
                                    "stdinOnce": "bool",
                                    "targetContainerName": "string",
                                    "terminationMessagePath": "string",
                                    "terminationMessagePolicy": "string",
                                    "tty": "bool",
                                    "volumeDevices": [
                                      "list",
                                      [
                                        "object",
                                        {
                                          "devicePath": "string",
                                          "name": "string"
                                        }
                                      ]
                                    ],
                                    "volumeMounts": [
                                      "list",
                                      [
                                        "object",
                                        {
                                          "mountPath": "string",
                                          "mountPropagation": "string",
                                          "name": "string",
                                          "readOnly": "bool",
                                          "recursiveReadOnly": "string",
                                          "subPath": "string",
                                          "subPathExpr": "string"
                                        }
                                      ]
                                    ],
                                    "workingDir": "string"
                                  }
                                ]
                              ],
                              "hostAliases": [
                                "list",
                                [
                                  "object",
                                  {
                                    "hostnames": [
                                      "list",
                                      "string"
                                    ],
                                    "ip": "string"
                                  }
                                ]
                              ],
                              "hostIPC": "bool",
                              "hostNetwork": "bool",
                              "hostPID": "bool",
                              "hostUsers": "bool",
                              "hostname": "string",
                              "imagePullSecrets": [
                                "list",
                                [
                                  "object",
                                  {
                                    "name": "string"
                                  }
                                ]
                              ],
                              "initContainers": [
                                "list",
                                [
                                  "object",
                                  {
                                    "args": [
                                      "list",
                                      "string"
                                    ],
                                    "command": [
                                      "list",
                                      "string"
                                    ],
                                    "env": [
                                      "list",
                                      [
                                        "object",
                                        {
                                          "name": "string",
                                          "value": "string",
                                          "valueFrom": [
                                            "object",
                                            {
                                              "configMapKeyRef": [
                                                "object",
                                                {
                                                  "key": "string",
                                                  "name": "string",
                                                  "optional": "bool"
                                                }
                                              ],
                                              "fieldRef": [
                                                "object",
                                                {
                                                  "apiVersion": "string",
                                                  "fieldPath": "string"
                                                }
                                              ],
                                              "resourceFieldRef": [
                                                "object",
                                                {
                                                  "containerName": "string",
                                                  "divisor": "string",
                                                  "resource": "string"
                                                }
                                              ],
                                              "secretKeyRef": [
                                                "object",
                                                {
                                                  "key": "string",
                                                  "name": "string",
                                                  "optional": "bool"
                                                }
                                              ]
                                            }
                                          ]
                                        }
                                      ]
                                    ],
                                    "envFrom": [
                                      "list",
                                      [
                                        "object",
                                        {
                                          "configMapRef": [
                                            "object",
                                            {
                                              "name": "string",
                                              "optional": "bool"
                                            }
                                          ],
                                          "prefix": "string",
                                          "secretRef": [
                                            "object",
                                            {
                                              "name": "string",
                                              "optional": "bool"
                                            }
                                          ]
                                        }
                                      ]
                                    ],
                                    "image": "string",
                                    "imagePullPolicy": "string",
                                    "lifecycle": [
                                      "object",
                                      {
                                        "postStart": [
                                          "object",
                                          {
                                            "exec": [
                                              "object",
                                              {
                                                "command": [
                                                  "list",
                                                  "string"
                                                ]
                                              }
                                            ],
                                            "httpGet": [
                                              "object",
                                              {
                                                "host": "string",
                                                "httpHeaders": [
                                                  "list",
                                                  [
                                                    "object",
                                                    {
                                                      "name": "string",
                                                      "value": "string"
                                                    }
                                                  ]
                                                ],
                                                "path": "string",
                                                "port": "string",
                                                "scheme": "string"
                                              }
                                            ],
                                            "sleep": [
                                              "object",
                                              {
                                                "seconds": "number"
                                              }
                                            ],
                                            "tcpSocket": [
                                              "object",
                                              {
                                                "host": "string",
                                                "port": "string"
                                              }
                                            ]
                                          }
                                        ],
                                        "preStop": [
                                          "object",
                                          {
                                            "exec": [
                                              "object",
                                              {
                                                "command": [
                                                  "list",
                                                  "string"
                                                ]
                                              }
                                            ],
                                            "httpGet": [
                                              "object",
                                              {
                                                "host": "string",
                                                "httpHeaders": [
                                                  "list",
                                                  [
                                                    "object",
                                                    {
                                                      "name": "string",
                                                      "value": "string"
                                                    }
                                                  ]
                                                ],
                                                "path": "string",
                                                "port": "string",
                                                "scheme": "string"
                                              }
                                            ],
                                            "sleep": [
                                              "object",
                                              {
                                                "seconds": "number"
                                              }
                                            ],
                                            "tcpSocket": [
                                              "object",
                                              {
                                                "host": "string",
                                                "port": "string"
                                              }
                                            ]
                                          }
                                        ]
                                      }
                                    ],
                                    "livenessProbe": [
                                      "object",
                                      {
                                        "exec": [
                                          "object",
                                          {
                                            "command": [
                                              "list",
                                              "string"
                                            ]
                                          }
                                        ],
                                        "failureThreshold": "number",
                                        "grpc": [
                                          "object",
                                          {
                                            "port": "number",
                                            "service": "string"
                                          }
                                        ],
                                        "httpGet": [
                                          "object",
                                          {
                                            "host": "string",
                                            "httpHeaders": [
                                              "list",
                                              [
                                                "object",
                                                {
                                                  "name": "string",
                                                  "value": "string"
                                                }
                                              ]
                                            ],
                                            "path": "string",
                                            "port": "string",
                                            "scheme": "string"
                                          }
                                        ],
                                        "initialDelaySeconds": "number",
                                        "periodSeconds": "number",
                                        "successThreshold": "number",
                                        "tcpSocket": [
                                          "object",
                                          {
                                            "host": "string",
                                            "port": "string"
                                          }
                                        ],
                                        "terminationGracePeriodSeconds": "number",
                                        "timeoutSeconds": "number"
                                      }
                                    ],
                                    "name": "string",
                                    "ports": [
                                      "list",
                                      [
                                        "object",
                                        {
                                          "containerPort": "number",
                                          "hostIP": "string",
                                          "hostPort": "number",
                                          "name": "string",
                                          "protocol": "string"
                                        }
                                      ]
                                    ],
                                    "readinessProbe": [
                                      "object",
                                      {
                                        "exec": [
                                          "object",
                                          {
                                            "command": [
                                              "list",
                                              "string"
                                            ]
                                          }
                                        ],
                                        "failureThreshold": "number",
                                        "grpc": [
                                          "object",
                                          {
                                            "port": "number",
                                            "service": "string"
                                          }
                                        ],
                                        "httpGet": [
                                          "object",
                                          {
                                            "host": "string",
                                            "httpHeaders": [
                                              "list",
                                              [
                                                "object",
                                                {
                                                  "name": "string",
                                                  "value": "string"
                                                }
                                              ]
                                            ],
                                            "path": "string",
                                            "port": "string",
                                            "scheme": "string"
                                          }
                                        ],
                                        "initialDelaySeconds": "number",
                                        "periodSeconds": "number",
                                        "successThreshold": "number",
                                        "tcpSocket": [
                                          "object",
                                          {
                                            "host": "string",
                                            "port": "string"
                                          }
                                        ],
                                        "terminationGracePeriodSeconds": "number",
                                        "timeoutSeconds": "number"
                                      }
                                    ],
                                    "resizePolicy": [
                                      "list",
                                      [
                                        "object",
                                        {
                                          "resourceName": "string",
                                          "restartPolicy": "string"
                                        }
                                      ]
                                    ],
                                    "resources": [
                                      "object",
                                      {
                                        "claims": [
                                          "list",
                                          [
                                            "object",
                                            {
                                              "name": "string",
                                              "request": "string"
                                            }
                                          ]
                                        ],
                                        "limits": [
                                          "map",
                                          "string"
                                        ],
                                        "requests": [
                                          "map",
                                          "string"
                                        ]
                                      }
                                    ],
                                    "restartPolicy": "string",
                                    "securityContext": [
                                      "object",
                                      {
                                        "allowPrivilegeEscalation": "bool",
                                        "appArmorProfile": [
                                          "object",
                                          {
                                            "localhostProfile": "string",
                                            "type": "string"
                                          }
                                        ],
                                        "capabilities": [
                                          "object",
                                          {
                                            "add": [
                                              "list",
                                              "string"
                                            ],
                                            "drop": [
                                              "list",
                                              "string"
                                            ]
                                          }
                                        ],
                                        "privileged": "bool",
                                        "procMount": "string",
                                        "readOnlyRootFilesystem": "bool",
                                        "runAsGroup": "number",
                                        "runAsNonRoot": "bool",
                                        "runAsUser": "number",
                                        "seLinuxOptions": [
                                          "object",
                                          {
                                            "level": "string",
                                            "role": "string",
                                            "type": "string",
                                            "user": "string"
                                          }
                                        ],
                                        "seccompProfile": [
                                          "object",
                                          {
                                            "localhostProfile": "string",
                                            "type": "string"
                                          }
                                        ],
                                        "windowsOptions": [
                                          "object",
                                          {
                                            "gmsaCredentialSpec": "string",
                                            "gmsaCredentialSpecName": "string",
                                            "hostProcess": "bool",
                                            "runAsUserName": "string"
                                          }
                                        ]
                                      }
                                    ],
                                    "startupProbe": [
                                      "object",
                                      {
                                        "exec": [
                                          "object",
                                          {
                                            "command": [
                                              "list",
                                              "string"
                                            ]
                                          }
                                        ],
                                        "failureThreshold": "number",
                                        "grpc": [
                                          "object",
                                          {
                                            "port": "number",
                                            "service": "string"
                                          }
                                        ],
                                        "httpGet": [
                                          "object",
                                          {
                                            "host": "string",
                                            "httpHeaders": [
                                              "list",
                                              [
                                                "object",
                                                {
                                                  "name": "string",
                                                  "value": "string"
                                                }
                                              ]
                                            ],
                                            "path": "string",
                                            "port": "string",
                                            "scheme": "string"
                                          }
                                        ],
                                        "initialDelaySeconds": "number",
                                        "periodSeconds": "number",
                                        "successThreshold": "number",
                                        "tcpSocket": [
                                          "object",
                                          {
                                            "host": "string",
                                            "port": "string"
                                          }
                                        ],
                                        "terminationGracePeriodSeconds": "number",
                                        "timeoutSeconds": "number"
                                      }
                                    ],
                                    "stdin": "bool",
                                    "stdinOnce": "bool",
                                    "terminationMessagePath": "string",
                                    "terminationMessagePolicy": "string",
                                    "tty": "bool",
                                    "volumeDevices": [
                                      "list",
                                      [
                                        "object",
                                        {
                                          "devicePath": "string",
                                          "name": "string"
                                        }
                                      ]
                                    ],
                                    "volumeMounts": [
                                      "list",
                                      [
                                        "object",
                                        {
                                          "mountPath": "string",
                                          "mountPropagation": "string",
                                          "name": "string",
                                          "readOnly": "bool",
                                          "recursiveReadOnly": "string",
                                          "subPath": "string",
                                          "subPathExpr": "string"
                                        }
                                      ]
                                    ],
                                    "workingDir": "string"
                                  }
                                ]
                              ],
                              "nodeName": "string",
                              "nodeSelector": [
                                "map",
                                "string"
                              ],
                              "os": [
                                "object",
                                {
                                  "name": "string"
                                }
                              ],
                              "overhead": [
                                "map",
                                "string"
                              ],
                              "preemptionPolicy": "string",
                              "priority": "number",
                              "priorityClassName": "string",
                              "readinessGates": [
                                "list",
                                [
                                  "object",
                                  {
                                    "conditionType": "string"
                                  }
                                ]
                              ],
                              "resourceClaims": [
                                "list",
                                [
                                  "object",
                                  {
                                    "name": "string",
                                    "resourceClaimName": "string",
                                    "resourceClaimTemplateName": "string"
                                  }
                                ]
                              ],
                              "resources": [
                                "object",
                                {
                                  "claims": [
                                    "list",
                                    [
                                      "object",
                                      {
                                        "name": "string",
                                        "request": "string"
                                      }
                                    ]
                                  ],
                                  "limits": [
                                    "map",
                                    "string"
                                  ],
                                  "requests": [
                                    "map",
                                    "string"
                                  ]
                                }
                              ],
                              "restartPolicy": "string",
                              "runtimeClassName": "string",
                              "schedulerName": "string",
                              "schedulingGates": [
                                "list",
                                [
                                  "object",
                                  {
                                    "name": "string"
                                  }
                                ]
                              ],
                              "securityContext": [
                                "object",
                                {
                                  "appArmorProfile": [
                                    "object",
                                    {
                                      "localhostProfile": "string",
                                      "type": "string"
                                    }
                                  ],
                                  "fsGroup": "number",
                                  "fsGroupChangePolicy": "string",
                                  "runAsGroup": "number",
                                  "runAsNonRoot": "bool",
                                  "runAsUser": "number",
                                  "seLinuxChangePolicy": "string",
                                  "seLinuxOptions": [
                                    "object",
                                    {
                                      "level": "string",
                                      "role": "string",
                                      "type": "string",
                                      "user": "string"
                                    }
                                  ],
                                  "seccompProfile": [
                                    "object",
                                    {
                                      "localhostProfile": "string",
                                      "type": "string"
                                    }
                                  ],
                                  "supplementalGroups": [
                                    "list",
                                    "number"
                                  ],
                                  "supplementalGroupsPolicy": "string",
                                  "sysctls": [
                                    "list",
                                    [
                                      "object",
                                      {
                                        "name": "string",
                                        "value": "string"
                                      }
                                    ]
                                  ],
                                  "windowsOptions": [
                                    "object",
                                    {
                                      "gmsaCredentialSpec": "string",
                                      "gmsaCredentialSpecName": "string",
                                      "hostProcess": "bool",
                                      "runAsUserName": "string"
                                    }
                                  ]
                                }
                              ],
                              "serviceAccount": "string",
                              "serviceAccountName": "string",
                              "setHostnameAsFQDN": "bool",
                              "shareProcessNamespace": "bool",
                              "subdomain": "string",
                              "terminationGracePeriodSeconds": "number",
                              "tolerations": [
                                "list",
                                [
                                  "object",
                                  {
                                    "effect": "string",
                                    "key": "string",
                                    "operator": "string",
                                    "tolerationSeconds": "number",
                                    "value": "string"
                                  }
                                ]
                              ],
                              "topologySpreadConstraints": [
                                "list",
                                [
                                  "object",
                                  {
                                    "labelSelector": [
                                      "object",
                                      {
                                        "matchExpressions": [
                                          "list",
                                          [
                                            "object",
                                            {
                                              "key": "string",
                                              "operator": "string",
                                              "values": [
                                                "list",
                                                "string"
                                              ]
                                            }
                                          ]
                                        ],
                                        "matchLabels": [
                                          "map",
                                          "string"
                                        ]
                                      }
                                    ],
                                    "matchLabelKeys": [
                                      "list",
                                      "string"
                                    ],
                                    "maxSkew": "number",
                                    "minDomains": "number",
                                    "nodeAffinityPolicy": "string",
                                    "nodeTaintsPolicy": "string",
                                    "topologyKey": "string",
                                    "whenUnsatisfiable": "string"
                                  }
                                ]
                              ],
                              "volumes": [
                                "tuple",
                                [
                                  [
                                    "object",
                                    {
                                      "awsElasticBlockStore": [
                                        "object",
                                        {
                                          "fsType": "string",
                                          "partition": "number",
                                          "readOnly": "bool",
                                          "volumeID": "string"
                                        }
                                      ],
                                      "azureDisk": [
                                        "object",
                                        {
                                          "cachingMode": "string",
                                          "diskName": "string",
                                          "diskURI": "string",
                                          "fsType": "string",
                                          "kind": "string",
                                          "readOnly": "bool"
                                        }
                                      ],
                                      "azureFile": [
                                        "object",
                                        {
                                          "readOnly": "bool",
                                          "secretName": "string",
                                          "shareName": "string"
                                        }
                                      ],
                                      "cephfs": [
                                        "object",
                                        {
                                          "monitors": [
                                            "list",
                                            "string"
                                          ],
                                          "path": "string",
                                          "readOnly": "bool",
                                          "secretFile": "string",
                                          "secretRef": [
                                            "object",
                                            {
                                              "name": "string"
                                            }
                                          ],
                                          "user": "string"
                                        }
                                      ],
                                      "cinder": [
                                        "object",
                                        {
                                          "fsType": "string",
                                          "readOnly": "bool",
                                          "secretRef": [
                                            "object",
                                            {
                                              "name": "string"
                                            }
                                          ],
                                          "volumeID": "string"
                                        }
                                      ],
                                      "configMap": [
                                        "object",
                                        {
                                          "defaultMode": "number",
                                          "items": [
                                            "list",
                                            [
                                              "object",
                                              {
                                                "key": "string",
                                                "mode": "number",
                                                "path": "string"
                                              }
                                            ]
                                          ],
                                          "name": "string",
                                          "optional": "bool"
                                        }
                                      ],
                                      "csi": [
                                        "object",
                                        {
                                          "driver": "string",
                                          "fsType": "string",
                                          "nodePublishSecretRef": [
                                            "object",
                                            {
                                              "name": "string"
                                            }
                                          ],
                                          "readOnly": "bool",
                                          "volumeAttributes": [
                                            "map",
                                            "string"
                                          ]
                                        }
                                      ],
                                      "downwardAPI": [
                                        "object",
                                        {
                                          "defaultMode": "number",
                                          "items": [
                                            "list",
                                            [
                                              "object",
                                              {
                                                "fieldRef": [
                                                  "object",
                                                  {
                                                    "apiVersion": "string",
                                                    "fieldPath": "string"
                                                  }
                                                ],
                                                "mode": "number",
                                                "path": "string",
                                                "resourceFieldRef": [
                                                  "object",
                                                  {
                                                    "containerName": "string",
                                                    "divisor": "string",
                                                    "resource": "string"
                                                  }
                                                ]
                                              }
                                            ]
                                          ]
                                        }
                                      ],
                                      "emptyDir": [
                                        "object",
                                        {
                                          "medium": "string",
                                          "sizeLimit": "string"
                                        }
                                      ],
                                      "ephemeral": [
                                        "object",
                                        {
                                          "volumeClaimTemplate": [
                                            "object",
                                            {
                                              "metadata": [
                                                "object",
                                                {
                                                  "annotations": [
                                                    "map",
                                                    "string"
                                                  ],
                                                  "creationTimestamp": "string",
                                                  "deletionGracePeriodSeconds": "number",
                                                  "deletionTimestamp": "string",
                                                  "finalizers": [
                                                    "list",
                                                    "string"
                                                  ],
                                                  "generateName": "string",
                                                  "generation": "number",
                                                  "labels": [
                                                    "map",
                                                    "string"
                                                  ],
                                                  "managedFields": [
                                                    "tuple",
                                                    [
                                                      [
                                                        "object",
                                                        {
                                                          "apiVersion": "string",
                                                          "fieldsType": "string",
                                                          "fieldsV1": "dynamic",
                                                          "manager": "string",
                                                          "operation": "string",
                                                          "subresource": "string",
                                                          "time": "string"
                                                        }
                                                      ]
                                                    ]
                                                  ],
                                                  "name": "string",
                                                  "namespace": "string",
                                                  "ownerReferences": [
                                                    "list",
                                                    [
                                                      "object",
                                                      {
                                                        "apiVersion": "string",
                                                        "blockOwnerDeletion": "bool",
                                                        "controller": "bool",
                                                        "kind": "string",
                                                        "name": "string",
                                                        "uid": "string"
                                                      }
                                                    ]
                                                  ],
                                                  "resourceVersion": "string",
                                                  "selfLink": "string",
                                                  "uid": "string"
                                                }
                                              ],
                                              "spec": [
                                                "object",
                                                {
                                                  "accessModes": [
                                                    "list",
                                                    "string"
                                                  ],
                                                  "dataSource": [
                                                    "object",
                                                    {
                                                      "apiGroup": "string",
                                                      "kind": "string",
                                                      "name": "string"
                                                    }
                                                  ],
                                                  "dataSourceRef": [
                                                    "object",
                                                    {
                                                      "apiGroup": "string",
                                                      "kind": "string",
                                                      "name": "string",
                                                      "namespace": "string"
                                                    }
                                                  ],
                                                  "resources": [
                                                    "object",
                                                    {
                                                      "limits": [
                                                        "map",
                                                        "string"
                                                      ],
                                                      "requests": [
                                                        "map",
                                                        "string"
                                                      ]
                                                    }
                                                  ],
                                                  "selector": [
                                                    "object",
                                                    {
                                                      "matchExpressions": [
                                                        "list",
                                                        [
                                                          "object",
                                                          {
                                                            "key": "string",
                                                            "operator": "string",
                                                            "values": [
                                                              "list",
                                                              "string"
                                                            ]
                                                          }
                                                        ]
                                                      ],
                                                      "matchLabels": [
                                                        "map",
                                                        "string"
                                                      ]
                                                    }
                                                  ],
                                                  "storageClassName": "string",
                                                  "volumeAttributesClassName": "string",
                                                  "volumeMode": "string",
                                                  "volumeName": "string"
                                                }
                                              ]
                                            }
                                          ]
                                        }
                                      ],
                                      "fc": [
                                        "object",
                                        {
                                          "fsType": "string",
                                          "lun": "number",
                                          "readOnly": "bool",
                                          "targetWWNs": [
                                            "list",
                                            "string"
                                          ],
                                          "wwids": [
                                            "list",
                                            "string"
                                          ]
                                        }
                                      ],
                                      "flexVolume": [
                                        "object",
                                        {
                                          "driver": "string",
                                          "fsType": "string",
                                          "options": [
                                            "map",
                                            "string"
                                          ],
                                          "readOnly": "bool",
                                          "secretRef": [
                                            "object",
                                            {
                                              "name": "string"
                                            }
                                          ]
                                        }
                                      ],
                                      "flocker": [
                                        "object",
                                        {
                                          "datasetName": "string",
                                          "datasetUUID": "string"
                                        }
                                      ],
                                      "gcePersistentDisk": [
                                        "object",
                                        {
                                          "fsType": "string",
                                          "partition": "number",
                                          "pdName": "string",
                                          "readOnly": "bool"
                                        }
                                      ],
                                      "gitRepo": [
                                        "object",
                                        {
                                          "directory": "string",
                                          "repository": "string",
                                          "revision": "string"
                                        }
                                      ],
                                      "glusterfs": [
                                        "object",
                                        {
                                          "endpoints": "string",
                                          "path": "string",
                                          "readOnly": "bool"
                                        }
                                      ],
                                      "hostPath": [
                                        "object",
                                        {
                                          "path": "string",
                                          "type": "string"
                                        }
                                      ],
                                      "image": [
                                        "object",
                                        {
                                          "pullPolicy": "string",
                                          "reference": "string"
                                        }
                                      ],
                                      "iscsi": [
                                        "object",
                                        {
                                          "chapAuthDiscovery": "bool",
                                          "chapAuthSession": "bool",
                                          "fsType": "string",
                                          "initiatorName": "string",
                                          "iqn": "string",
                                          "iscsiInterface": "string",
                                          "lun": "number",
                                          "portals": [
                                            "list",
                                            "string"
                                          ],
                                          "readOnly": "bool",
                                          "secretRef": [
                                            "object",
                                            {
                                              "name": "string"
                                            }
                                          ],
                                          "targetPortal": "string"
                                        }
                                      ],
                                      "name": "string",
                                      "nfs": [
                                        "object",
                                        {
                                          "path": "string",
                                          "readOnly": "bool",
                                          "server": "string"
                                        }
                                      ],
                                      "persistentVolumeClaim": [
                                        "object",
                                        {
                                          "claimName": "string",
                                          "readOnly": "bool"
                                        }
                                      ],
                                      "photonPersistentDisk": [
                                        "object",
                                        {
                                          "fsType": "string",
                                          "pdID": "string"
                                        }
                                      ],
                                      "portworxVolume": [
                                        "object",
                                        {
                                          "fsType": "string",
                                          "readOnly": "bool",
                                          "volumeID": "string"
                                        }
                                      ],
                                      "projected": [
                                        "object",
                                        {
                                          "defaultMode": "number",
                                          "sources": [
                                            "list",
                                            [
                                              "object",
                                              {
                                                "clusterTrustBundle": [
                                                  "object",
                                                  {
                                                    "labelSelector": [
                                                      "object",
                                                      {
                                                        "matchExpressions": [
                                                          "list",
                                                          [
                                                            "object",
                                                            {
                                                              "key": "string",
                                                              "operator": "string",
                                                              "values": [
                                                                "list",
                                                                "string"
                                                              ]
                                                            }
                                                          ]
                                                        ],
                                                        "matchLabels": [
                                                          "map",
                                                          "string"
                                                        ]
                                                      }
                                                    ],
                                                    "name": "string",
                                                    "optional": "bool",
                                                    "path": "string",
                                                    "signerName": "string"
                                                  }
                                                ],
                                                "configMap": [
                                                  "object",
                                                  {
                                                    "items": [
                                                      "list",
                                                      [
                                                        "object",
                                                        {
                                                          "key": "string",
                                                          "mode": "number",
                                                          "path": "string"
                                                        }
                                                      ]
                                                    ],
                                                    "name": "string",
                                                    "optional": "bool"
                                                  }
                                                ],
                                                "downwardAPI": [
                                                  "object",
                                                  {
                                                    "items": [
                                                      "list",
                                                      [
                                                        "object",
                                                        {
                                                          "fieldRef": [
                                                            "object",
                                                            {
                                                              "apiVersion": "string",
                                                              "fieldPath": "string"
                                                            }
                                                          ],
                                                          "mode": "number",
                                                          "path": "string",
                                                          "resourceFieldRef": [
                                                            "object",
                                                            {
                                                              "containerName": "string",
                                                              "divisor": "string",
                                                              "resource": "string"
                                                            }
                                                          ]
                                                        }
                                                      ]
                                                    ]
                                                  }
                                                ],
                                                "secret": [
                                                  "object",
                                                  {
                                                    "items": [
                                                      "list",
                                                      [
                                                        "object",
                                                        {
                                                          "key": "string",
                                                          "mode": "number",
                                                          "path": "string"
                                                        }
                                                      ]
                                                    ],
                                                    "name": "string",
                                                    "optional": "bool"
                                                  }
                                                ],
                                                "serviceAccountToken": [
                                                  "object",
                                                  {
                                                    "audience": "string",
                                                    "expirationSeconds": "number",
                                                    "path": "string"
                                                  }
                                                ]
                                              }
                                            ]
                                          ]
                                        }
                                      ],
                                      "quobyte": [
                                        "object",
                                        {
                                          "group": "string",
                                          "readOnly": "bool",
                                          "registry": "string",
                                          "tenant": "string",
                                          "user": "string",
                                          "volume": "string"
                                        }
                                      ],
                                      "rbd": [
                                        "object",
                                        {
                                          "fsType": "string",
                                          "image": "string",
                                          "keyring": "string",
                                          "monitors": [
                                            "list",
                                            "string"
                                          ],
                                          "pool": "string",
                                          "readOnly": "bool",
                                          "secretRef": [
                                            "object",
                                            {
                                              "name": "string"
                                            }
                                          ],
                                          "user": "string"
                                        }
                                      ],
                                      "scaleIO": [
                                        "object",
                                        {
                                          "fsType": "string",
                                          "gateway": "string",
                                          "protectionDomain": "string",
                                          "readOnly": "bool",
                                          "secretRef": [
                                            "object",
                                            {
                                              "name": "string"
                                            }
                                          ],
                                          "sslEnabled": "bool",
                                          "storageMode": "string",
                                          "storagePool": "string",
                                          "system": "string",
                                          "volumeName": "string"
                                        }
                                      ],
                                      "secret": [
                                        "object",
                                        {
                                          "defaultMode": "number",
                                          "items": [
                                            "list",
                                            [
                                              "object",
                                              {
                                                "key": "string",
                                                "mode": "number",
                                                "path": "string"
                                              }
                                            ]
                                          ],
                                          "optional": "bool",
                                          "secretName": "string"
                                        }
                                      ],
                                      "storageos": [
                                        "object",
                                        {
                                          "fsType": "string",
                                          "readOnly": "bool",
                                          "secretRef": [
                                            "object",
                                            {
                                              "name": "string"
                                            }
                                          ],
                                          "volumeName": "string",
                                          "volumeNamespace": "string"
                                        }
                                      ],
                                      "vsphereVolume": [
                                        "object",
                                        {
                                          "fsType": "string",
                                          "storagePolicyID": "string",
                                          "storagePolicyName": "string",
                                          "volumePath": "string"
                                        }
                                      ]
                                    }
                                  ]
                                ]
                              ]
                            }
                          ]
                        }
                      ]
                    }
                  ]
                }
              ]
            },
            "timeouts": [],
            "wait": [],
            "wait_for": null
          },
          "sensitive_attributes": [],
          "identity_schema_version": 1,
          "identity": {
            "api_version": "apps/v1",
            "kind": "Deployment",
            "name": "frontend-service-name",
            "namespace": "sins"
          }
        },
        {
          "index_key": "deploygame.yml",
          "schema_version": 1,
          "attributes": {
            "computed_fields": null,
            "field_manager": [],
            "manifest": {
              "value": {
                "apiVersion": "apps/v1",
                "kind": "Deployment",
                "metadata": {
                  "creationTimestamp": null,
                  "labels": {
                    "app": "game-service"
                  },
                  "name": "gameservice",
                  "namespace": "sins"
                },
                "spec": {
                  "replicas": 2,
                  "selector": {
                    "matchLabels": {
                      "app": "game-service"
                    }
                  },
                  "strategy": {
                    "rollingUpdate": {
                      "maxSurge": 1,
                      "maxUnavailable": 2
                    },
                    "type": "RollingUpdate"
                  },
                  "template": {
                    "metadata": {
                      "creationTimestamp": null,
                      "labels": {
                        "app": "game-service"
                      }
                    },
                    "spec": {
                      "containers": [
                        {
                          "env": [
                            {
                              "name": "POSTGRES_HOST",
                              "value": "postgres-rw.sins.svc.cluster.local"
                            },
                            {
                              "name": "POSTGRES_DB",
                              "value": "dbname"
                            },
                            {
                              "name": "POSTGRES_USER",
                              "valueFrom": {
                                "secretKeyRef": {
                                  "key": "username",
                                  "name": "postgres-app"
                                }
                              }
                            },
                            {
                              "name": "POSTGRES_PASSWORD",
                              "valueFrom": {
                                "secretKeyRef": {
                                  "key": "password",
                                  "name": "postgres-app"
                                }
                              }
                            }
                          ],
                          "image": "aditya090/projectk8s:game",
                          "name": "game-service",
                          "ports": [
                            {
                              "containerPort": 8081
                            }
                          ],
                          "resources": {
                            "limits": {
                              "cpu": "500m",
                              "memory": "128Mi"
                            },
                            "requests": {
                              "cpu": "250m",
                              "memory": "64Mi"
                            }
                          },
                          "securityContext": {
                            "allowPrivilegeEscalation": false,
                            "capablities": {
                              "drop": [
                                "All"
                              ]
                            },
                            "privileged": false,
                            "readOnlyRootFileSystem": true
                          }
                        }
                      ],
                      "securityContext": {
                        "fsGroup": 1000,
                        "runAsGroup": 1000,
                        "runAsNonRoot": true,
                        "runAsUser": 1000
                      },
                      "terminationGracePeriodSeconds": 5
                    }
                  }
                }
              },
              "type": [
                "object",
                {
                  "apiVersion": "string",
                  "kind": "string",
                  "metadata": [
                    "object",
                    {
                      "creationTimestamp": "dynamic",
                      "labels": [
                        "object",
                        {
                          "app": "string"
                        }
                      ],
                      "name": "string",
                      "namespace": "string"
                    }
                  ],
                  "spec": [
                    "object",
                    {
                      "replicas": "number",
                      "selector": [
                        "object",
                        {
                          "matchLabels": [
                            "object",
                            {
                              "app": "string"
                            }
                          ]
                        }
                      ],
                      "strategy": [
                        "object",
                        {
                          "rollingUpdate": [
                            "object",
                            {
                              "maxSurge": "number",
                              "maxUnavailable": "number"
                            }
                          ],
                          "type": "string"
                        }
                      ],
                      "template": [
                        "object",
                        {
                          "metadata": [
                            "object",
                            {
                              "creationTimestamp": "dynamic",
                              "labels": [
                                "object",
                                {
                                  "app": "string"
                                }
                              ]
                            }
                          ],
                          "spec": [
                            "object",
                            {
                              "containers": [
                                "tuple",
                                [
                                  [
                                    "object",
                                    {
                                      "env": [
                                        "tuple",
                                        [
                                          [
                                            "object",
                                            {
                                              "name": "string",
                                              "value": "string"
                                            }
                                          ],
                                          [
                                            "object",
                                            {
                                              "name": "string",
                                              "value": "string"
                                            }
                                          ],
                                          [
                                            "object",
                                            {
                                              "name": "string",
                                              "valueFrom": [
                                                "object",
                                                {
                                                  "secretKeyRef": [
                                                    "object",
                                                    {
                                                      "key": "string",
                                                      "name": "string"
                                                    }
                                                  ]
                                                }
                                              ]
                                            }
                                          ],
                                          [
                                            "object",
                                            {
                                              "name": "string",
                                              "valueFrom": [
                                                "object",
                                                {
                                                  "secretKeyRef": [
                                                    "object",
                                                    {
                                                      "key": "string",
                                                      "name": "string"
                                                    }
                                                  ]
                                                }
                                              ]
                                            }
                                          ]
                                        ]
                                      ],
                                      "image": "string",
                                      "name": "string",
                                      "ports": [
                                        "tuple",
                                        [
                                          [
                                            "object",
                                            {
                                              "containerPort": "number"
                                            }
                                          ]
                                        ]
                                      ],
                                      "resources": [
                                        "object",
                                        {
                                          "limits": [
                                            "object",
                                            {
                                              "cpu": "string",
                                              "memory": "string"
                                            }
                                          ],
                                          "requests": [
                                            "object",
                                            {
                                              "cpu": "string",
                                              "memory": "string"
                                            }
                                          ]
                                        }
                                      ],
                                      "securityContext": [
                                        "object",
                                        {
                                          "allowPrivilegeEscalation": "bool",
                                          "capablities": [
                                            "object",
                                            {
                                              "drop": [
                                                "tuple",
                                                [
                                                  "string"
                                                ]
                                              ]
                                            }
                                          ],
                                          "privileged": "bool",
                                          "readOnlyRootFileSystem": "bool"
                                        }
                                      ]
                                    }
                                  ]
                                ]
                              ],
                              "securityContext": [
                                "object",
                                {
                                  "fsGroup": "number",
                                  "runAsGroup": "number",
                                  "runAsNonRoot": "bool",
                                  "runAsUser": "number"
                                }
                              ],
                              "terminationGracePeriodSeconds": "number"
                            }
                          ]
                        }
                      ]
                    }
                  ]
                }
              ]
            },
            "object": {
              "value": {
                "apiVersion": "apps/v1",
                "kind": "Deployment",
                "metadata": {
                  "annotations": {
                    "deployment.kubernetes.io/revision": "1"
                  },
                  "creationTimestamp": null,
                  "deletionGracePeriodSeconds": null,
                  "deletionTimestamp": null,
                  "finalizers": null,
                  "generateName": null,
                  "generation": null,
                  "labels": {
                    "app": "game-service"
                  },
                  "managedFields": null,
                  "name": "gameservice",
                  "namespace": "sins",
                  "ownerReferences": null,
                  "resourceVersion": null,
                  "selfLink": null,
                  "uid": null
                },
                "spec": {
                  "minReadySeconds": null,
                  "paused": null,
                  "progressDeadlineSeconds": 600,
                  "replicas": 2,
                  "revisionHistoryLimit": 10,
                  "selector": {
                    "matchExpressions": null,
                    "matchLabels": {
                      "app": "game-service"
                    }
                  },
                  "strategy": {
                    "rollingUpdate": {
                      "maxSurge": "1",
                      "maxUnavailable": "2"
                    },
                    "type": "RollingUpdate"
                  },
                  "template": {
                    "metadata": {
                      "annotations": null,
                      "creationTimestamp": null,
                      "deletionGracePeriodSeconds": null,
                      "deletionTimestamp": null,
                      "finalizers": null,
                      "generateName": null,
                      "generation": null,
                      "labels": {
                        "app": "game-service"
                      },
                      "managedFields": null,
                      "name": null,
                      "namespace": null,
                      "ownerReferences": null,
                      "resourceVersion": null,
                      "selfLink": null,
                      "uid": null
                    },
                    "spec": {
                      "activeDeadlineSeconds": null,
                      "affinity": {
                        "nodeAffinity": {
                          "preferredDuringSchedulingIgnoredDuringExecution": null,
                          "requiredDuringSchedulingIgnoredDuringExecution": {
                            "nodeSelectorTerms": null
                          }
                        },
                        "podAffinity": {
                          "preferredDuringSchedulingIgnoredDuringExecution": null,
                          "requiredDuringSchedulingIgnoredDuringExecution": null
                        },
                        "podAntiAffinity": {
                          "preferredDuringSchedulingIgnoredDuringExecution": null,
                          "requiredDuringSchedulingIgnoredDuringExecution": null
                        }
                      },
                      "automountServiceAccountToken": null,
                      "containers": [
                        {
                          "args": null,
                          "command": null,
                          "env": [
                            {
                              "name": "POSTGRES_HOST",
                              "value": "postgres-rw.sins.svc.cluster.local",
                              "valueFrom": {
                                "configMapKeyRef": {
                                  "key": null,
                                  "name": null,
                                  "optional": null
                                },
                                "fieldRef": {
                                  "apiVersion": null,
                                  "fieldPath": null
                                },
                                "resourceFieldRef": {
                                  "containerName": null,
                                  "divisor": null,
                                  "resource": null
                                },
                                "secretKeyRef": {
                                  "key": null,
                                  "name": null,
                                  "optional": null
                                }
                              }
                            },
                            {
                              "name": "POSTGRES_DB",
                              "value": "dbname",
                              "valueFrom": {
                                "configMapKeyRef": {
                                  "key": null,
                                  "name": null,
                                  "optional": null
                                },
                                "fieldRef": {
                                  "apiVersion": null,
                                  "fieldPath": null
                                },
                                "resourceFieldRef": {
                                  "containerName": null,
                                  "divisor": null,
                                  "resource": null
                                },
                                "secretKeyRef": {
                                  "key": null,
                                  "name": null,
                                  "optional": null
                                }
                              }
                            },
                            {
                              "name": "POSTGRES_USER",
                              "value": null,
                              "valueFrom": {
                                "configMapKeyRef": {
                                  "key": null,
                                  "name": null,
                                  "optional": null
                                },
                                "fieldRef": {
                                  "apiVersion": null,
                                  "fieldPath": null
                                },
                                "resourceFieldRef": {
                                  "containerName": null,
                                  "divisor": null,
                                  "resource": null
                                },
                                "secretKeyRef": {
                                  "key": "username",
                                  "name": "postgres-app",
                                  "optional": null
                                }
                              }
                            },
                            {
                              "name": "POSTGRES_PASSWORD",
                              "value": null,
                              "valueFrom": {
                                "configMapKeyRef": {
                                  "key": null,
                                  "name": null,
                                  "optional": null
                                },
                                "fieldRef": {
                                  "apiVersion": null,
                                  "fieldPath": null
                                },
                                "resourceFieldRef": {
                                  "containerName": null,
                                  "divisor": null,
                                  "resource": null
                                },
                                "secretKeyRef": {
                                  "key": "password",
                                  "name": "postgres-app",
                                  "optional": null
                                }
                              }
                            }
                          ],
                          "envFrom": null,
                          "image": "aditya090/projectk8s:game",
                          "imagePullPolicy": "IfNotPresent",
                          "lifecycle": {
                            "postStart": {
                              "exec": {
                                "command": null
                              },
                              "httpGet": {
                                "host": null,
                                "httpHeaders": null,
                                "path": null,
                                "port": null,
                                "scheme": null
                              },
                              "sleep": {
                                "seconds": null
                              },
                              "tcpSocket": {
                                "host": null,
                                "port": null
                              }
                            },
                            "preStop": {
                              "exec": {
                                "command": null
                              },
                              "httpGet": {
                                "host": null,
                                "httpHeaders": null,
                                "path": null,
                                "port": null,
                                "scheme": null
                              },
                              "sleep": {
                                "seconds": null
                              },
                              "tcpSocket": {
                                "host": null,
                                "port": null
                              }
                            }
                          },
                          "livenessProbe": {
                            "exec": {
                              "command": null
                            },
                            "failureThreshold": null,
                            "grpc": {
                              "port": null,
                              "service": null
                            },
                            "httpGet": {
                              "host": null,
                              "httpHeaders": null,
                              "path": null,
                              "port": null,
                              "scheme": null
                            },
                            "initialDelaySeconds": null,
                            "periodSeconds": null,
                            "successThreshold": null,
                            "tcpSocket": {
                              "host": null,
                              "port": null
                            },
                            "terminationGracePeriodSeconds": null,
                            "timeoutSeconds": null
                          },
                          "name": "game-service",
                          "ports": [
                            {
                              "containerPort": 8081,
                              "hostIP": null,
                              "hostPort": null,
                              "name": null,
                              "protocol": "TCP"
                            }
                          ],
                          "readinessProbe": {
                            "exec": {
                              "command": null
                            },
                            "failureThreshold": null,
                            "grpc": {
                              "port": null,
                              "service": null
                            },
                            "httpGet": {
                              "host": null,
                              "httpHeaders": null,
                              "path": null,
                              "port": null,
                              "scheme": null
                            },
                            "initialDelaySeconds": null,
                            "periodSeconds": null,
                            "successThreshold": null,
                            "tcpSocket": {
                              "host": null,
                              "port": null
                            },
                            "terminationGracePeriodSeconds": null,
                            "timeoutSeconds": null
                          },
                          "resizePolicy": null,
                          "resources": {
                            "claims": null,
                            "limits": {
                              "cpu": "500m",
                              "memory": "128Mi"
                            },
                            "requests": {
                              "cpu": "250m",
                              "memory": "64Mi"
                            }
                          },
                          "restartPolicy": null,
                          "securityContext": {
                            "allowPrivilegeEscalation": false,
                            "appArmorProfile": {
                              "localhostProfile": null,
                              "type": null
                            },
                            "capabilities": {
                              "add": null,
                              "drop": null
                            },
                            "privileged": false,
                            "procMount": null,
                            "readOnlyRootFilesystem": null,
                            "runAsGroup": null,
                            "runAsNonRoot": null,
                            "runAsUser": null,
                            "seLinuxOptions": {
                              "level": null,
                              "role": null,
                              "type": null,
                              "user": null
                            },
                            "seccompProfile": {
                              "localhostProfile": null,
                              "type": null
                            },
                            "windowsOptions": {
                              "gmsaCredentialSpec": null,
                              "gmsaCredentialSpecName": null,
                              "hostProcess": null,
                              "runAsUserName": null
                            }
                          },
                          "startupProbe": {
                            "exec": {
                              "command": null
                            },
                            "failureThreshold": null,
                            "grpc": {
                              "port": null,
                              "service": null
                            },
                            "httpGet": {
                              "host": null,
                              "httpHeaders": null,
                              "path": null,
                              "port": null,
                              "scheme": null
                            },
                            "initialDelaySeconds": null,
                            "periodSeconds": null,
                            "successThreshold": null,
                            "tcpSocket": {
                              "host": null,
                              "port": null
                            },
                            "terminationGracePeriodSeconds": null,
                            "timeoutSeconds": null
                          },
                          "stdin": null,
                          "stdinOnce": null,
                          "terminationMessagePath": "/dev/termination-log",
                          "terminationMessagePolicy": "File",
                          "tty": null,
                          "volumeDevices": null,
                          "volumeMounts": null,
                          "workingDir": null
                        }
                      ],
                      "dnsConfig": {
                        "nameservers": null,
                        "options": null,
                        "searches": null
                      },
                      "dnsPolicy": "ClusterFirst",
                      "enableServiceLinks": null,
                      "ephemeralContainers": null,
                      "hostAliases": null,
                      "hostIPC": null,
                      "hostNetwork": null,
                      "hostPID": null,
                      "hostUsers": null,
                      "hostname": null,
                      "imagePullSecrets": null,
                      "initContainers": null,
                      "nodeName": null,
                      "nodeSelector": null,
                      "os": {
                        "name": null
                      },
                      "overhead": null,
                      "preemptionPolicy": null,
                      "priority": null,
                      "priorityClassName": null,
                      "readinessGates": null,
                      "resourceClaims": null,
                      "resources": {
                        "claims": null,
                        "limits": null,
                        "requests": null
                      },
                      "restartPolicy": "Always",
                      "runtimeClassName": null,
                      "schedulerName": "default-scheduler",
                      "schedulingGates": null,
                      "securityContext": {
                        "appArmorProfile": {
                          "localhostProfile": null,
                          "type": null
                        },
                        "fsGroup": 1000,
                        "fsGroupChangePolicy": null,
                        "runAsGroup": 1000,
                        "runAsNonRoot": true,
                        "runAsUser": 1000,
                        "seLinuxChangePolicy": null,
                        "seLinuxOptions": {
                          "level": null,
                          "role": null,
                          "type": null,
                          "user": null
                        },
                        "seccompProfile": {
                          "localhostProfile": null,
                          "type": null
                        },
                        "supplementalGroups": null,
                        "supplementalGroupsPolicy": null,
                        "sysctls": null,
                        "windowsOptions": {
                          "gmsaCredentialSpec": null,
                          "gmsaCredentialSpecName": null,
                          "hostProcess": null,
                          "runAsUserName": null
                        }
                      },
                      "serviceAccount": null,
                      "serviceAccountName": null,
                      "setHostnameAsFQDN": null,
                      "shareProcessNamespace": null,
                      "subdomain": null,
                      "terminationGracePeriodSeconds": 5,
                      "tolerations": null,
                      "topologySpreadConstraints": null,
                      "volumes": null
                    }
                  }
                }
              },
              "type": [
                "object",
                {
                  "apiVersion": "string",
                  "kind": "string",
                  "metadata": [
                    "object",
                    {
                      "annotations": [
                        "map",
                        "string"
                      ],
                      "creationTimestamp": "string",
                      "deletionGracePeriodSeconds": "number",
                      "deletionTimestamp": "string",
                      "finalizers": [
                        "list",
                        "string"
                      ],
                      "generateName": "string",
                      "generation": "number",
                      "labels": [
                        "map",
                        "string"
                      ],
                      "managedFields": [
                        "tuple",
                        [
                          [
                            "object",
                            {
                              "apiVersion": "string",
                              "fieldsType": "string",
                              "fieldsV1": "dynamic",
                              "manager": "string",
                              "operation": "string",
                              "subresource": "string",
                              "time": "string"
                            }
                          ]
                        ]
                      ],
                      "name": "string",
                      "namespace": "string",
                      "ownerReferences": [
                        "list",
                        [
                          "object",
                          {
                            "apiVersion": "string",
                            "blockOwnerDeletion": "bool",
                            "controller": "bool",
                            "kind": "string",
                            "name": "string",
                            "uid": "string"
                          }
                        ]
                      ],
                      "resourceVersion": "string",
                      "selfLink": "string",
                      "uid": "string"
                    }
                  ],
                  "spec": [
                    "object",
                    {
                      "minReadySeconds": "number",
                      "paused": "bool",
                      "progressDeadlineSeconds": "number",
                      "replicas": "number",
                      "revisionHistoryLimit": "number",
                      "selector": [
                        "object",
                        {
                          "matchExpressions": [
                            "list",
                            [
                              "object",
                              {
                                "key": "string",
                                "operator": "string",
                                "values": [
                                  "list",
                                  "string"
                                ]
                              }
                            ]
                          ],
                          "matchLabels": [
                            "map",
                            "string"
                          ]
                        }
                      ],
                      "strategy": [
                        "object",
                        {
                          "rollingUpdate": [
                            "object",
                            {
                              "maxSurge": "string",
                              "maxUnavailable": "string"
                            }
                          ],
                          "type": "string"
                        }
                      ],
                      "template": [
                        "object",
                        {
                          "metadata": [
                            "object",
                            {
                              "annotations": [
                                "map",
                                "string"
                              ],
                              "creationTimestamp": "string",
                              "deletionGracePeriodSeconds": "number",
                              "deletionTimestamp": "string",
                              "finalizers": [
                                "list",
                                "string"
                              ],
                              "generateName": "string",
                              "generation": "number",
                              "labels": [
                                "map",
                                "string"
                              ],
                              "managedFields": [
                                "tuple",
                                [
                                  [
                                    "object",
                                    {
                                      "apiVersion": "string",
                                      "fieldsType": "string",
                                      "fieldsV1": "dynamic",
                                      "manager": "string",
                                      "operation": "string",
                                      "subresource": "string",
                                      "time": "string"
                                    }
                                  ]
                                ]
                              ],
                              "name": "string",
                              "namespace": "string",
                              "ownerReferences": [
                                "list",
                                [
                                  "object",
                                  {
                                    "apiVersion": "string",
                                    "blockOwnerDeletion": "bool",
                                    "controller": "bool",
                                    "kind": "string",
                                    "name": "string",
                                    "uid": "string"
                                  }
                                ]
                              ],
                              "resourceVersion": "string",
                              "selfLink": "string",
                              "uid": "string"
                            }
                          ],
                          "spec": [
                            "object",
                            {
                              "activeDeadlineSeconds": "number",
                              "affinity": [
                                "object",
                                {
                                  "nodeAffinity": [
                                    "object",
                                    {
                                      "preferredDuringSchedulingIgnoredDuringExecution": [
                                        "list",
                                        [
                                          "object",
                                          {
                                            "preference": [
                                              "object",
                                              {
                                                "matchExpressions": [
                                                  "list",
                                                  [
                                                    "object",
                                                    {
                                                      "key": "string",
                                                      "operator": "string",
                                                      "values": [
                                                        "list",
                                                        "string"
                                                      ]
                                                    }
                                                  ]
                                                ],
                                                "matchFields": [
                                                  "list",
                                                  [
                                                    "object",
                                                    {
                                                      "key": "string",
                                                      "operator": "string",
                                                      "values": [
                                                        "list",
                                                        "string"
                                                      ]
                                                    }
                                                  ]
                                                ]
                                              }
                                            ],
                                            "weight": "number"
                                          }
                                        ]
                                      ],
                                      "requiredDuringSchedulingIgnoredDuringExecution": [
                                        "object",
                                        {
                                          "nodeSelectorTerms": [
                                            "list",
                                            [
                                              "object",
                                              {
                                                "matchExpressions": [
                                                  "list",
                                                  [
                                                    "object",
                                                    {
                                                      "key": "string",
                                                      "operator": "string",
                                                      "values": [
                                                        "list",
                                                        "string"
                                                      ]
                                                    }
                                                  ]
                                                ],
                                                "matchFields": [
                                                  "list",
                                                  [
                                                    "object",
                                                    {
                                                      "key": "string",
                                                      "operator": "string",
                                                      "values": [
                                                        "list",
                                                        "string"
                                                      ]
                                                    }
                                                  ]
                                                ]
                                              }
                                            ]
                                          ]
                                        }
                                      ]
                                    }
                                  ],
                                  "podAffinity": [
                                    "object",
                                    {
                                      "preferredDuringSchedulingIgnoredDuringExecution": [
                                        "list",
                                        [
                                          "object",
                                          {
                                            "podAffinityTerm": [
                                              "object",
                                              {
                                                "labelSelector": [
                                                  "object",
                                                  {
                                                    "matchExpressions": [
                                                      "list",
                                                      [
                                                        "object",
                                                        {
                                                          "key": "string",
                                                          "operator": "string",
                                                          "values": [
                                                            "list",
                                                            "string"
                                                          ]
                                                        }
                                                      ]
                                                    ],
                                                    "matchLabels": [
                                                      "map",
                                                      "string"
                                                    ]
                                                  }
                                                ],
                                                "matchLabelKeys": [
                                                  "list",
                                                  "string"
                                                ],
                                                "mismatchLabelKeys": [
                                                  "list",
                                                  "string"
                                                ],
                                                "namespaceSelector": [
                                                  "object",
                                                  {
                                                    "matchExpressions": [
                                                      "list",
                                                      [
                                                        "object",
                                                        {
                                                          "key": "string",
                                                          "operator": "string",
                                                          "values": [
                                                            "list",
                                                            "string"
                                                          ]
                                                        }
                                                      ]
                                                    ],
                                                    "matchLabels": [
                                                      "map",
                                                      "string"
                                                    ]
                                                  }
                                                ],
                                                "namespaces": [
                                                  "list",
                                                  "string"
                                                ],
                                                "topologyKey": "string"
                                              }
                                            ],
                                            "weight": "number"
                                          }
                                        ]
                                      ],
                                      "requiredDuringSchedulingIgnoredDuringExecution": [
                                        "list",
                                        [
                                          "object",
                                          {
                                            "labelSelector": [
                                              "object",
                                              {
                                                "matchExpressions": [
                                                  "list",
                                                  [
                                                    "object",
                                                    {
                                                      "key": "string",
                                                      "operator": "string",
                                                      "values": [
                                                        "list",
                                                        "string"
                                                      ]
                                                    }
                                                  ]
                                                ],
                                                "matchLabels": [
                                                  "map",
                                                  "string"
                                                ]
                                              }
                                            ],
                                            "matchLabelKeys": [
                                              "list",
                                              "string"
                                            ],
                                            "mismatchLabelKeys": [
                                              "list",
                                              "string"
                                            ],
                                            "namespaceSelector": [
                                              "object",
                                              {
                                                "matchExpressions": [
                                                  "list",
                                                  [
                                                    "object",
                                                    {
                                                      "key": "string",
                                                      "operator": "string",
                                                      "values": [
                                                        "list",
                                                        "string"
                                                      ]
                                                    }
                                                  ]
                                                ],
                                                "matchLabels": [
                                                  "map",
                                                  "string"
                                                ]
                                              }
                                            ],
                                            "namespaces": [
                                              "list",
                                              "string"
                                            ],
                                            "topologyKey": "string"
                                          }
                                        ]
                                      ]
                                    }
                                  ],
                                  "podAntiAffinity": [
                                    "object",
                                    {
                                      "preferredDuringSchedulingIgnoredDuringExecution": [
                                        "list",
                                        [
                                          "object",
                                          {
                                            "podAffinityTerm": [
                                              "object",
                                              {
                                                "labelSelector": [
                                                  "object",
                                                  {
                                                    "matchExpressions": [
                                                      "list",
                                                      [
                                                        "object",
                                                        {
                                                          "key": "string",
                                                          "operator": "string",
                                                          "values": [
                                                            "list",
                                                            "string"
                                                          ]
                                                        }
                                                      ]
                                                    ],
                                                    "matchLabels": [
                                                      "map",
                                                      "string"
                                                    ]
                                                  }
                                                ],
                                                "matchLabelKeys": [
                                                  "list",
                                                  "string"
                                                ],
                                                "mismatchLabelKeys": [
                                                  "list",
                                                  "string"
                                                ],
                                                "namespaceSelector": [
                                                  "object",
                                                  {
                                                    "matchExpressions": [
                                                      "list",
                                                      [
                                                        "object",
                                                        {
                                                          "key": "string",
                                                          "operator": "string",
                                                          "values": [
                                                            "list",
                                                            "string"
                                                          ]
                                                        }
                                                      ]
                                                    ],
                                                    "matchLabels": [
                                                      "map",
                                                      "string"
                                                    ]
                                                  }
                                                ],
                                                "namespaces": [
                                                  "list",
                                                  "string"
                                                ],
                                                "topologyKey": "string"
                                              }
                                            ],
                                            "weight": "number"
                                          }
                                        ]
                                      ],
                                      "requiredDuringSchedulingIgnoredDuringExecution": [
                                        "list",
                                        [
                                          "object",
                                          {
                                            "labelSelector": [
                                              "object",
                                              {
                                                "matchExpressions": [
                                                  "list",
                                                  [
                                                    "object",
                                                    {
                                                      "key": "string",
                                                      "operator": "string",
                                                      "values": [
                                                        "list",
                                                        "string"
                                                      ]
                                                    }
                                                  ]
                                                ],
                                                "matchLabels": [
                                                  "map",
                                                  "string"
                                                ]
                                              }
                                            ],
                                            "matchLabelKeys": [
                                              "list",
                                              "string"
                                            ],
                                            "mismatchLabelKeys": [
                                              "list",
                                              "string"
                                            ],
                                            "namespaceSelector": [
                                              "object",
                                              {
                                                "matchExpressions": [
                                                  "list",
                                                  [
                                                    "object",
                                                    {
                                                      "key": "string",
                                                      "operator": "string",
                                                      "values": [
                                                        "list",
                                                        "string"
                                                      ]
                                                    }
                                                  ]
                                                ],
                                                "matchLabels": [
                                                  "map",
                                                  "string"
                                                ]
                                              }
                                            ],
                                            "namespaces": [
                                              "list",
                                              "string"
                                            ],
                                            "topologyKey": "string"
                                          }
                                        ]
                                      ]
                                    }
                                  ]
                                }
                              ],
                              "automountServiceAccountToken": "bool",
                              "containers": [
                                "list",
                                [
                                  "object",
                                  {
                                    "args": [
                                      "list",
                                      "string"
                                    ],
                                    "command": [
                                      "list",
                                      "string"
                                    ],
                                    "env": [
                                      "list",
                                      [
                                        "object",
                                        {
                                          "name": "string",
                                          "value": "string",
                                          "valueFrom": [
                                            "object",
                                            {
                                              "configMapKeyRef": [
                                                "object",
                                                {
                                                  "key": "string",
                                                  "name": "string",
                                                  "optional": "bool"
                                                }
                                              ],
                                              "fieldRef": [
                                                "object",
                                                {
                                                  "apiVersion": "string",
                                                  "fieldPath": "string"
                                                }
                                              ],
                                              "resourceFieldRef": [
                                                "object",
                                                {
                                                  "containerName": "string",
                                                  "divisor": "string",
                                                  "resource": "string"
                                                }
                                              ],
                                              "secretKeyRef": [
                                                "object",
                                                {
                                                  "key": "string",
                                                  "name": "string",
                                                  "optional": "bool"
                                                }
                                              ]
                                            }
                                          ]
                                        }
                                      ]
                                    ],
                                    "envFrom": [
                                      "list",
                                      [
                                        "object",
                                        {
                                          "configMapRef": [
                                            "object",
                                            {
                                              "name": "string",
                                              "optional": "bool"
                                            }
                                          ],
                                          "prefix": "string",
                                          "secretRef": [
                                            "object",
                                            {
                                              "name": "string",
                                              "optional": "bool"
                                            }
                                          ]
                                        }
                                      ]
                                    ],
                                    "image": "string",
                                    "imagePullPolicy": "string",
                                    "lifecycle": [
                                      "object",
                                      {
                                        "postStart": [
                                          "object",
                                          {
                                            "exec": [
                                              "object",
                                              {
                                                "command": [
                                                  "list",
                                                  "string"
                                                ]
                                              }
                                            ],
                                            "httpGet": [
                                              "object",
                                              {
                                                "host": "string",
                                                "httpHeaders": [
                                                  "list",
                                                  [
                                                    "object",
                                                    {
                                                      "name": "string",
                                                      "value": "string"
                                                    }
                                                  ]
                                                ],
                                                "path": "string",
                                                "port": "string",
                                                "scheme": "string"
                                              }
                                            ],
                                            "sleep": [
                                              "object",
                                              {
                                                "seconds": "number"
                                              }
                                            ],
                                            "tcpSocket": [
                                              "object",
                                              {
                                                "host": "string",
                                                "port": "string"
                                              }
                                            ]
                                          }
                                        ],
                                        "preStop": [
                                          "object",
                                          {
                                            "exec": [
                                              "object",
                                              {
                                                "command": [
                                                  "list",
                                                  "string"
                                                ]
                                              }
                                            ],
                                            "httpGet": [
                                              "object",
                                              {
                                                "host": "string",
                                                "httpHeaders": [
                                                  "list",
                                                  [
                                                    "object",
                                                    {
                                                      "name": "string",
                                                      "value": "string"
                                                    }
                                                  ]
                                                ],
                                                "path": "string",
                                                "port": "string",
                                                "scheme": "string"
                                              }
                                            ],
                                            "sleep": [
                                              "object",
                                              {
                                                "seconds": "number"
                                              }
                                            ],
                                            "tcpSocket": [
                                              "object",
                                              {
                                                "host": "string",
                                                "port": "string"
                                              }
                                            ]
                                          }
                                        ]
                                      }
                                    ],
                                    "livenessProbe": [
                                      "object",
                                      {
                                        "exec": [
                                          "object",
                                          {
                                            "command": [
                                              "list",
                                              "string"
                                            ]
                                          }
                                        ],
                                        "failureThreshold": "number",
                                        "grpc": [
                                          "object",
                                          {
                                            "port": "number",
                                            "service": "string"
                                          }
                                        ],
                                        "httpGet": [
                                          "object",
                                          {
                                            "host": "string",
                                            "httpHeaders": [
                                              "list",
                                              [
                                                "object",
                                                {
                                                  "name": "string",
                                                  "value": "string"
                                                }
                                              ]
                                            ],
                                            "path": "string",
                                            "port": "string",
                                            "scheme": "string"
                                          }
                                        ],
                                        "initialDelaySeconds": "number",
                                        "periodSeconds": "number",
                                        "successThreshold": "number",
                                        "tcpSocket": [
                                          "object",
                                          {
                                            "host": "string",
                                            "port": "string"
                                          }
                                        ],
                                        "terminationGracePeriodSeconds": "number",
                                        "timeoutSeconds": "number"
                                      }
                                    ],
                                    "name": "string",
                                    "ports": [
                                      "list",
                                      [
                                        "object",
                                        {
                                          "containerPort": "number",
                                          "hostIP": "string",
                                          "hostPort": "number",
                                          "name": "string",
                                          "protocol": "string"
                                        }
                                      ]
                                    ],
                                    "readinessProbe": [
                                      "object",
                                      {
                                        "exec": [
                                          "object",
                                          {
                                            "command": [
                                              "list",
                                              "string"
                                            ]
                                          }
                                        ],
                                        "failureThreshold": "number",
                                        "grpc": [
                                          "object",
                                          {
                                            "port": "number",
                                            "service": "string"
                                          }
                                        ],
                                        "httpGet": [
                                          "object",
                                          {
                                            "host": "string",
                                            "httpHeaders": [
                                              "list",
                                              [
                                                "object",
                                                {
                                                  "name": "string",
                                                  "value": "string"
                                                }
                                              ]
                                            ],
                                            "path": "string",
                                            "port": "string",
                                            "scheme": "string"
                                          }
                                        ],
                                        "initialDelaySeconds": "number",
                                        "periodSeconds": "number",
                                        "successThreshold": "number",
                                        "tcpSocket": [
                                          "object",
                                          {
                                            "host": "string",
                                            "port": "string"
                                          }
                                        ],
                                        "terminationGracePeriodSeconds": "number",
                                        "timeoutSeconds": "number"
                                      }
                                    ],
                                    "resizePolicy": [
                                      "list",
                                      [
                                        "object",
                                        {
                                          "resourceName": "string",
                                          "restartPolicy": "string"
                                        }
                                      ]
                                    ],
                                    "resources": [
                                      "object",
                                      {
                                        "claims": [
                                          "list",
                                          [
                                            "object",
                                            {
                                              "name": "string",
                                              "request": "string"
                                            }
                                          ]
                                        ],
                                        "limits": [
                                          "map",
                                          "string"
                                        ],
                                        "requests": [
                                          "map",
                                          "string"
                                        ]
                                      }
                                    ],
                                    "restartPolicy": "string",
                                    "securityContext": [
                                      "object",
                                      {
                                        "allowPrivilegeEscalation": "bool",
                                        "appArmorProfile": [
                                          "object",
                                          {
                                            "localhostProfile": "string",
                                            "type": "string"
                                          }
                                        ],
                                        "capabilities": [
                                          "object",
                                          {
                                            "add": [
                                              "list",
                                              "string"
                                            ],
                                            "drop": [
                                              "list",
                                              "string"
                                            ]
                                          }
                                        ],
                                        "privileged": "bool",
                                        "procMount": "string",
                                        "readOnlyRootFilesystem": "bool",
                                        "runAsGroup": "number",
                                        "runAsNonRoot": "bool",
                                        "runAsUser": "number",
                                        "seLinuxOptions": [
                                          "object",
                                          {
                                            "level": "string",
                                            "role": "string",
                                            "type": "string",
                                            "user": "string"
                                          }
                                        ],
                                        "seccompProfile": [
                                          "object",
                                          {
                                            "localhostProfile": "string",
                                            "type": "string"
                                          }
                                        ],
                                        "windowsOptions": [
                                          "object",
                                          {
                                            "gmsaCredentialSpec": "string",
                                            "gmsaCredentialSpecName": "string",
                                            "hostProcess": "bool",
                                            "runAsUserName": "string"
                                          }
                                        ]
                                      }
                                    ],
                                    "startupProbe": [
                                      "object",
                                      {
                                        "exec": [
                                          "object",
                                          {
                                            "command": [
                                              "list",
                                              "string"
                                            ]
                                          }
                                        ],
                                        "failureThreshold": "number",
                                        "grpc": [
                                          "object",
                                          {
                                            "port": "number",
                                            "service": "string"
                                          }
                                        ],
                                        "httpGet": [
                                          "object",
                                          {
                                            "host": "string",
                                            "httpHeaders": [
                                              "list",
                                              [
                                                "object",
                                                {
                                                  "name": "string",
                                                  "value": "string"
                                                }
                                              ]
                                            ],
                                            "path": "string",
                                            "port": "string",
                                            "scheme": "string"
                                          }
                                        ],
                                        "initialDelaySeconds": "number",
                                        "periodSeconds": "number",
                                        "successThreshold": "number",
                                        "tcpSocket": [
                                          "object",
                                          {
                                            "host": "string",
                                            "port": "string"
                                          }
                                        ],
                                        "terminationGracePeriodSeconds": "number",
                                        "timeoutSeconds": "number"
                                      }
                                    ],
                                    "stdin": "bool",
                                    "stdinOnce": "bool",
                                    "terminationMessagePath": "string",
                                    "terminationMessagePolicy": "string",
                                    "tty": "bool",
                                    "volumeDevices": [
                                      "list",
                                      [
                                        "object",
                                        {
                                          "devicePath": "string",
                                          "name": "string"
                                        }
                                      ]
                                    ],
                                    "volumeMounts": [
                                      "list",
                                      [
                                        "object",
                                        {
                                          "mountPath": "string",
                                          "mountPropagation": "string",
                                          "name": "string",
                                          "readOnly": "bool",
                                          "recursiveReadOnly": "string",
                                          "subPath": "string",
                                          "subPathExpr": "string"
                                        }
                                      ]
                                    ],
                                    "workingDir": "string"
                                  }
                                ]
                              ],
                              "dnsConfig": [
                                "object",
                                {
                                  "nameservers": [
                                    "list",
                                    "string"
                                  ],
                                  "options": [
                                    "list",
                                    [
                                      "object",
                                      {
                                        "name": "string",
                                        "value": "string"
                                      }
                                    ]
                                  ],
                                  "searches": [
                                    "list",
                                    "string"
                                  ]
                                }
                              ],
                              "dnsPolicy": "string",
                              "enableServiceLinks": "bool",
                              "ephemeralContainers": [
                                "list",
                                [
                                  "object",
                                  {
                                    "args": [
                                      "list",
                                      "string"
                                    ],
                                    "command": [
                                      "list",
                                      "string"
                                    ],
                                    "env": [
                                      "list",
                                      [
                                        "object",
                                        {
                                          "name": "string",
                                          "value": "string",
                                          "valueFrom": [
                                            "object",
                                            {
                                              "configMapKeyRef": [
                                                "object",
                                                {
                                                  "key": "string",
                                                  "name": "string",
                                                  "optional": "bool"
                                                }
                                              ],
                                              "fieldRef": [
                                                "object",
                                                {
                                                  "apiVersion": "string",
                                                  "fieldPath": "string"
                                                }
                                              ],
                                              "resourceFieldRef": [
                                                "object",
                                                {
                                                  "containerName": "string",
                                                  "divisor": "string",
                                                  "resource": "string"
                                                }
                                              ],
                                              "secretKeyRef": [
                                                "object",
                                                {
                                                  "key": "string",
                                                  "name": "string",
                                                  "optional": "bool"
                                                }
                                              ]
                                            }
                                          ]
                                        }
                                      ]
                                    ],
                                    "envFrom": [
                                      "list",
                                      [
                                        "object",
                                        {
                                          "configMapRef": [
                                            "object",
                                            {
                                              "name": "string",
                                              "optional": "bool"
                                            }
                                          ],
                                          "prefix": "string",
                                          "secretRef": [
                                            "object",
                                            {
                                              "name": "string",
                                              "optional": "bool"
                                            }
                                          ]
                                        }
                                      ]
                                    ],
                                    "image": "string",
                                    "imagePullPolicy": "string",
                                    "lifecycle": [
                                      "object",
                                      {
                                        "postStart": [
                                          "object",
                                          {
                                            "exec": [
                                              "object",
                                              {
                                                "command": [
                                                  "list",
                                                  "string"
                                                ]
                                              }
                                            ],
                                            "httpGet": [
                                              "object",
                                              {
                                                "host": "string",
                                                "httpHeaders": [
                                                  "list",
                                                  [
                                                    "object",
                                                    {
                                                      "name": "string",
                                                      "value": "string"
                                                    }
                                                  ]
                                                ],
                                                "path": "string",
                                                "port": "string",
                                                "scheme": "string"
                                              }
                                            ],
                                            "sleep": [
                                              "object",
                                              {
                                                "seconds": "number"
                                              }
                                            ],
                                            "tcpSocket": [
                                              "object",
                                              {
                                                "host": "string",
                                                "port": "string"
                                              }
                                            ]
                                          }
                                        ],
                                        "preStop": [
                                          "object",
                                          {
                                            "exec": [
                                              "object",
                                              {
                                                "command": [
                                                  "list",
                                                  "string"
                                                ]
                                              }
                                            ],
                                            "httpGet": [
                                              "object",
                                              {
                                                "host": "string",
                                                "httpHeaders": [
                                                  "list",
                                                  [
                                                    "object",
                                                    {
                                                      "name": "string",
                                                      "value": "string"
                                                    }
                                                  ]
                                                ],
                                                "path": "string",
                                                "port": "string",
                                                "scheme": "string"
                                              }
                                            ],
                                            "sleep": [
                                              "object",
                                              {
                                                "seconds": "number"
                                              }
                                            ],
                                            "tcpSocket": [
                                              "object",
                                              {
                                                "host": "string",
                                                "port": "string"
                                              }
                                            ]
                                          }
                                        ]
                                      }
                                    ],
                                    "livenessProbe": [
                                      "object",
                                      {
                                        "exec": [
                                          "object",
                                          {
                                            "command": [
                                              "list",
                                              "string"
                                            ]
                                          }
                                        ],
                                        "failureThreshold": "number",
                                        "grpc": [
                                          "object",
                                          {
                                            "port": "number",
                                            "service": "string"
                                          }
                                        ],
                                        "httpGet": [
                                          "object",
                                          {
                                            "host": "string",
                                            "httpHeaders": [
                                              "list",
                                              [
                                                "object",
                                                {
                                                  "name": "string",
                                                  "value": "string"
                                                }
                                              ]
                                            ],
                                            "path": "string",
                                            "port": "string",
                                            "scheme": "string"
                                          }
                                        ],
                                        "initialDelaySeconds": "number",
                                        "periodSeconds": "number",
                                        "successThreshold": "number",
                                        "tcpSocket": [
                                          "object",
                                          {
                                            "host": "string",
                                            "port": "string"
                                          }
                                        ],
                                        "terminationGracePeriodSeconds": "number",
                                        "timeoutSeconds": "number"
                                      }
                                    ],
                                    "name": "string",
                                    "ports": [
                                      "list",
                                      [
                                        "object",
                                        {
                                          "containerPort": "number",
                                          "hostIP": "string",
                                          "hostPort": "number",
                                          "name": "string",
                                          "protocol": "string"
                                        }
                                      ]
                                    ],
                                    "readinessProbe": [
                                      "object",
                                      {
                                        "exec": [
                                          "object",
                                          {
                                            "command": [
                                              "list",
                                              "string"
                                            ]
                                          }
                                        ],
                                        "failureThreshold": "number",
                                        "grpc": [
                                          "object",
                                          {
                                            "port": "number",
                                            "service": "string"
                                          }
                                        ],
                                        "httpGet": [
                                          "object",
                                          {
                                            "host": "string",
                                            "httpHeaders": [
                                              "list",
                                              [
                                                "object",
                                                {
                                                  "name": "string",
                                                  "value": "string"
                                                }
                                              ]
                                            ],
                                            "path": "string",
                                            "port": "string",
                                            "scheme": "string"
                                          }
                                        ],
                                        "initialDelaySeconds": "number",
                                        "periodSeconds": "number",
                                        "successThreshold": "number",
                                        "tcpSocket": [
                                          "object",
                                          {
                                            "host": "string",
                                            "port": "string"
                                          }
                                        ],
                                        "terminationGracePeriodSeconds": "number",
                                        "timeoutSeconds": "number"
                                      }
                                    ],
                                    "resizePolicy": [
                                      "list",
                                      [
                                        "object",
                                        {
                                          "resourceName": "string",
                                          "restartPolicy": "string"
                                        }
                                      ]
                                    ],
                                    "resources": [
                                      "object",
                                      {
                                        "claims": [
                                          "list",
                                          [
                                            "object",
                                            {
                                              "name": "string",
                                              "request": "string"
                                            }
                                          ]
                                        ],
                                        "limits": [
                                          "map",
                                          "string"
                                        ],
                                        "requests": [
                                          "map",
                                          "string"
                                        ]
                                      }
                                    ],
                                    "restartPolicy": "string",
                                    "securityContext": [
                                      "object",
                                      {
                                        "allowPrivilegeEscalation": "bool",
                                        "appArmorProfile": [
                                          "object",
                                          {
                                            "localhostProfile": "string",
                                            "type": "string"
                                          }
                                        ],
                                        "capabilities": [
                                          "object",
                                          {
                                            "add": [
                                              "list",
                                              "string"
                                            ],
                                            "drop": [
                                              "list",
                                              "string"
                                            ]
                                          }
                                        ],
                                        "privileged": "bool",
                                        "procMount": "string",
                                        "readOnlyRootFilesystem": "bool",
                                        "runAsGroup": "number",
                                        "runAsNonRoot": "bool",
                                        "runAsUser": "number",
                                        "seLinuxOptions": [
                                          "object",
                                          {
                                            "level": "string",
                                            "role": "string",
                                            "type": "string",
                                            "user": "string"
                                          }
                                        ],
                                        "seccompProfile": [
                                          "object",
                                          {
                                            "localhostProfile": "string",
                                            "type": "string"
                                          }
                                        ],
                                        "windowsOptions": [
                                          "object",
                                          {
                                            "gmsaCredentialSpec": "string",
                                            "gmsaCredentialSpecName": "string",
                                            "hostProcess": "bool",
                                            "runAsUserName": "string"
                                          }
                                        ]
                                      }
                                    ],
                                    "startupProbe": [
                                      "object",
                                      {
                                        "exec": [
                                          "object",
                                          {
                                            "command": [
                                              "list",
                                              "string"
                                            ]
                                          }
                                        ],
                                        "failureThreshold": "number",
                                        "grpc": [
                                          "object",
                                          {
                                            "port": "number",
                                            "service": "string"
                                          }
                                        ],
                                        "httpGet": [
                                          "object",
                                          {
                                            "host": "string",
                                            "httpHeaders": [
                                              "list",
                                              [
                                                "object",
                                                {
                                                  "name": "string",
                                                  "value": "string"
                                                }
                                              ]
                                            ],
                                            "path": "string",
                                            "port": "string",
                                            "scheme": "string"
                                          }
                                        ],
                                        "initialDelaySeconds": "number",
                                        "periodSeconds": "number",
                                        "successThreshold": "number",
                                        "tcpSocket": [
                                          "object",
                                          {
                                            "host": "string",
                                            "port": "string"
                                          }
                                        ],
                                        "terminationGracePeriodSeconds": "number",
                                        "timeoutSeconds": "number"
                                      }
                                    ],
                                    "stdin": "bool",
                                    "stdinOnce": "bool",
                                    "targetContainerName": "string",
                                    "terminationMessagePath": "string",
                                    "terminationMessagePolicy": "string",
                                    "tty": "bool",
                                    "volumeDevices": [
                                      "list",
                                      [
                                        "object",
                                        {
                                          "devicePath": "string",
                                          "name": "string"
                                        }
                                      ]
                                    ],
                                    "volumeMounts": [
                                      "list",
                                      [
                                        "object",
                                        {
                                          "mountPath": "string",
                                          "mountPropagation": "string",
                                          "name": "string",
                                          "readOnly": "bool",
                                          "recursiveReadOnly": "string",
                                          "subPath": "string",
                                          "subPathExpr": "string"
                                        }
                                      ]
                                    ],
                                    "workingDir": "string"
                                  }
                                ]
                              ],
                              "hostAliases": [
                                "list",
                                [
                                  "object",
                                  {
                                    "hostnames": [
                                      "list",
                                      "string"
                                    ],
                                    "ip": "string"
                                  }
                                ]
                              ],
                              "hostIPC": "bool",
                              "hostNetwork": "bool",
                              "hostPID": "bool",
                              "hostUsers": "bool",
                              "hostname": "string",
                              "imagePullSecrets": [
                                "list",
                                [
                                  "object",
                                  {
                                    "name": "string"
                                  }
                                ]
                              ],
                              "initContainers": [
                                "list",
                                [
                                  "object",
                                  {
                                    "args": [
                                      "list",
                                      "string"
                                    ],
                                    "command": [
                                      "list",
                                      "string"
                                    ],
                                    "env": [
                                      "list",
                                      [
                                        "object",
                                        {
                                          "name": "string",
                                          "value": "string",
                                          "valueFrom": [
                                            "object",
                                            {
                                              "configMapKeyRef": [
                                                "object",
                                                {
                                                  "key": "string",
                                                  "name": "string",
                                                  "optional": "bool"
                                                }
                                              ],
                                              "fieldRef": [
                                                "object",
                                                {
                                                  "apiVersion": "string",
                                                  "fieldPath": "string"
                                                }
                                              ],
                                              "resourceFieldRef": [
                                                "object",
                                                {
                                                  "containerName": "string",
                                                  "divisor": "string",
                                                  "resource": "string"
                                                }
                                              ],
                                              "secretKeyRef": [
                                                "object",
                                                {
                                                  "key": "string",
                                                  "name": "string",
                                                  "optional": "bool"
                                                }
                                              ]
                                            }
                                          ]
                                        }
                                      ]
                                    ],
                                    "envFrom": [
                                      "list",
                                      [
                                        "object",
                                        {
                                          "configMapRef": [
                                            "object",
                                            {
                                              "name": "string",
                                              "optional": "bool"
                                            }
                                          ],
                                          "prefix": "string",
                                          "secretRef": [
                                            "object",
                                            {
                                              "name": "string",
                                              "optional": "bool"
                                            }
                                          ]
                                        }
                                      ]
                                    ],
                                    "image": "string",
                                    "imagePullPolicy": "string",
                                    "lifecycle": [
                                      "object",
                                      {
                                        "postStart": [
                                          "object",
                                          {
                                            "exec": [
                                              "object",
                                              {
                                                "command": [
                                                  "list",
                                                  "string"
                                                ]
                                              }
                                            ],
                                            "httpGet": [
                                              "object",
                                              {
                                                "host": "string",
                                                "httpHeaders": [
                                                  "list",
                                                  [
                                                    "object",
                                                    {
                                                      "name": "string",
                                                      "value": "string"
                                                    }
                                                  ]
                                                ],
                                                "path": "string",
                                                "port": "string",
                                                "scheme": "string"
                                              }
                                            ],
                                            "sleep": [
                                              "object",
                                              {
                                                "seconds": "number"
                                              }
                                            ],
                                            "tcpSocket": [
                                              "object",
                                              {
                                                "host": "string",
                                                "port": "string"
                                              }
                                            ]
                                          }
                                        ],
                                        "preStop": [
                                          "object",
                                          {
                                            "exec": [
                                              "object",
                                              {
                                                "command": [
                                                  "list",
                                                  "string"
                                                ]
                                              }
                                            ],
                                            "httpGet": [
                                              "object",
                                              {
                                                "host": "string",
                                                "httpHeaders": [
                                                  "list",
                                                  [
                                                    "object",
                                                    {
                                                      "name": "string",
                                                      "value": "string"
                                                    }
                                                  ]
                                                ],
                                                "path": "string",
                                                "port": "string",
                                                "scheme": "string"
                                              }
                                            ],
                                            "sleep": [
                                              "object",
                                              {
                                                "seconds": "number"
                                              }
                                            ],
                                            "tcpSocket": [
                                              "object",
                                              {
                                                "host": "string",
                                                "port": "string"
                                              }
                                            ]
                                          }
                                        ]
                                      }
                                    ],
                                    "livenessProbe": [
                                      "object",
                                      {
                                        "exec": [
                                          "object",
                                          {
                                            "command": [
                                              "list",
                                              "string"
                                            ]
                                          }
                                        ],
                                        "failureThreshold": "number",
                                        "grpc": [
                                          "object",
                                          {
                                            "port": "number",
                                            "service": "string"
                                          }
                                        ],
                                        "httpGet": [
                                          "object",
                                          {
                                            "host": "string",
                                            "httpHeaders": [
                                              "list",
                                              [
                                                "object",
                                                {
                                                  "name": "string",
                                                  "value": "string"
                                                }
                                              ]
                                            ],
                                            "path": "string",
                                            "port": "string",
                                            "scheme": "string"
                                          }
                                        ],
                                        "initialDelaySeconds": "number",
                                        "periodSeconds": "number",
                                        "successThreshold": "number",
                                        "tcpSocket": [
                                          "object",
                                          {
                                            "host": "string",
                                            "port": "string"
                                          }
                                        ],
                                        "terminationGracePeriodSeconds": "number",
                                        "timeoutSeconds": "number"
                                      }
                                    ],
                                    "name": "string",
                                    "ports": [
                                      "list",
                                      [
                                        "object",
                                        {
                                          "containerPort": "number",
                                          "hostIP": "string",
                                          "hostPort": "number",
                                          "name": "string",
                                          "protocol": "string"
                                        }
                                      ]
                                    ],
                                    "readinessProbe": [
                                      "object",
                                      {
                                        "exec": [
                                          "object",
                                          {
                                            "command": [
                                              "list",
                                              "string"
                                            ]
                                          }
                                        ],
                                        "failureThreshold": "number",
                                        "grpc": [
                                          "object",
                                          {
                                            "port": "number",
                                            "service": "string"
                                          }
                                        ],
                                        "httpGet": [
                                          "object",
                                          {
                                            "host": "string",
                                            "httpHeaders": [
                                              "list",
                                              [
                                                "object",
                                                {
                                                  "name": "string",
                                                  "value": "string"
                                                }
                                              ]
                                            ],
                                            "path": "string",
                                            "port": "string",
                                            "scheme": "string"
                                          }
                                        ],
                                        "initialDelaySeconds": "number",
                                        "periodSeconds": "number",
                                        "successThreshold": "number",
                                        "tcpSocket": [
                                          "object",
                                          {
                                            "host": "string",
                                            "port": "string"
                                          }
                                        ],
                                        "terminationGracePeriodSeconds": "number",
                                        "timeoutSeconds": "number"
                                      }
                                    ],
                                    "resizePolicy": [
                                      "list",
                                      [
                                        "object",
                                        {
                                          "resourceName": "string",
                                          "restartPolicy": "string"
                                        }
                                      ]
                                    ],
                                    "resources": [
                                      "object",
                                      {
                                        "claims": [
                                          "list",
                                          [
                                            "object",
                                            {
                                              "name": "string",
                                              "request": "string"
                                            }
                                          ]
                                        ],
                                        "limits": [
                                          "map",
                                          "string"
                                        ],
                                        "requests": [
                                          "map",
                                          "string"
                                        ]
                                      }
                                    ],
                                    "restartPolicy": "string",
                                    "securityContext": [
                                      "object",
                                      {
                                        "allowPrivilegeEscalation": "bool",
                                        "appArmorProfile": [
                                          "object",
                                          {
                                            "localhostProfile": "string",
                                            "type": "string"
                                          }
                                        ],
                                        "capabilities": [
                                          "object",
                                          {
                                            "add": [
                                              "list",
                                              "string"
                                            ],
                                            "drop": [
                                              "list",
                                              "string"
                                            ]
                                          }
                                        ],
                                        "privileged": "bool",
                                        "procMount": "string",
                                        "readOnlyRootFilesystem": "bool",
                                        "runAsGroup": "number",
                                        "runAsNonRoot": "bool",
                                        "runAsUser": "number",
                                        "seLinuxOptions": [
                                          "object",
                                          {
                                            "level": "string",
                                            "role": "string",
                                            "type": "string",
                                            "user": "string"
                                          }
                                        ],
                                        "seccompProfile": [
                                          "object",
                                          {
                                            "localhostProfile": "string",
                                            "type": "string"
                                          }
                                        ],
                                        "windowsOptions": [
                                          "object",
                                          {
                                            "gmsaCredentialSpec": "string",
                                            "gmsaCredentialSpecName": "string",
                                            "hostProcess": "bool",
                                            "runAsUserName": "string"
                                          }
                                        ]
                                      }
                                    ],
                                    "startupProbe": [
                                      "object",
                                      {
                                        "exec": [
                                          "object",
                                          {
                                            "command": [
                                              "list",
                                              "string"
                                            ]
                                          }
                                        ],
                                        "failureThreshold": "number",
                                        "grpc": [
                                          "object",
                                          {
                                            "port": "number",
                                            "service": "string"
                                          }
                                        ],
                                        "httpGet": [
                                          "object",
                                          {
                                            "host": "string",
                                            "httpHeaders": [
                                              "list",
                                              [
                                                "object",
                                                {
                                                  "name": "string",
                                                  "value": "string"
                                                }
                                              ]
                                            ],
                                            "path": "string",
                                            "port": "string",
                                            "scheme": "string"
                                          }
                                        ],
                                        "initialDelaySeconds": "number",
                                        "periodSeconds": "number",
                                        "successThreshold": "number",
                                        "tcpSocket": [
                                          "object",
                                          {
                                            "host": "string",
                                            "port": "string"
                                          }
                                        ],
                                        "terminationGracePeriodSeconds": "number",
                                        "timeoutSeconds": "number"
                                      }
                                    ],
                                    "stdin": "bool",
                                    "stdinOnce": "bool",
                                    "terminationMessagePath": "string",
                                    "terminationMessagePolicy": "string",
                                    "tty": "bool",
                                    "volumeDevices": [
                                      "list",
                                      [
                                        "object",
                                        {
                                          "devicePath": "string",
                                          "name": "string"
                                        }
                                      ]
                                    ],
                                    "volumeMounts": [
                                      "list",
                                      [
                                        "object",
                                        {
                                          "mountPath": "string",
                                          "mountPropagation": "string",
                                          "name": "string",
                                          "readOnly": "bool",
                                          "recursiveReadOnly": "string",
                                          "subPath": "string",
                                          "subPathExpr": "string"
                                        }
                                      ]
                                    ],
                                    "workingDir": "string"
                                  }
                                ]
                              ],
                              "nodeName": "string",
                              "nodeSelector": [
                                "map",
                                "string"
                              ],
                              "os": [
                                "object",
                                {
                                  "name": "string"
                                }
                              ],
                              "overhead": [
                                "map",
                                "string"
                              ],
                              "preemptionPolicy": "string",
                              "priority": "number",
                              "priorityClassName": "string",
                              "readinessGates": [
                                "list",
                                [
                                  "object",
                                  {
                                    "conditionType": "string"
                                  }
                                ]
                              ],
                              "resourceClaims": [
                                "list",
                                [
                                  "object",
                                  {
                                    "name": "string",
                                    "resourceClaimName": "string",
                                    "resourceClaimTemplateName": "string"
                                  }
                                ]
                              ],
                              "resources": [
                                "object",
                                {
                                  "claims": [
                                    "list",
                                    [
                                      "object",
                                      {
                                        "name": "string",
                                        "request": "string"
                                      }
                                    ]
                                  ],
                                  "limits": [
                                    "map",
                                    "string"
                                  ],
                                  "requests": [
                                    "map",
                                    "string"
                                  ]
                                }
                              ],
                              "restartPolicy": "string",
                              "runtimeClassName": "string",
                              "schedulerName": "string",
                              "schedulingGates": [
                                "list",
                                [
                                  "object",
                                  {
                                    "name": "string"
                                  }
                                ]
                              ],
                              "securityContext": [
                                "object",
                                {
                                  "appArmorProfile": [
                                    "object",
                                    {
                                      "localhostProfile": "string",
                                      "type": "string"
                                    }
                                  ],
                                  "fsGroup": "number",
                                  "fsGroupChangePolicy": "string",
                                  "runAsGroup": "number",
                                  "runAsNonRoot": "bool",
                                  "runAsUser": "number",
                                  "seLinuxChangePolicy": "string",
                                  "seLinuxOptions": [
                                    "object",
                                    {
                                      "level": "string",
                                      "role": "string",
                                      "type": "string",
                                      "user": "string"
                                    }
                                  ],
                                  "seccompProfile": [
                                    "object",
                                    {
                                      "localhostProfile": "string",
                                      "type": "string"
                                    }
                                  ],
                                  "supplementalGroups": [
                                    "list",
                                    "number"
                                  ],
                                  "supplementalGroupsPolicy": "string",
                                  "sysctls": [
                                    "list",
                                    [
                                      "object",
                                      {
                                        "name": "string",
                                        "value": "string"
                                      }
                                    ]
                                  ],
                                  "windowsOptions": [
                                    "object",
                                    {
                                      "gmsaCredentialSpec": "string",
                                      "gmsaCredentialSpecName": "string",
                                      "hostProcess": "bool",
                                      "runAsUserName": "string"
                                    }
                                  ]
                                }
                              ],
                              "serviceAccount": "string",
                              "serviceAccountName": "string",
                              "setHostnameAsFQDN": "bool",
                              "shareProcessNamespace": "bool",
                              "subdomain": "string",
                              "terminationGracePeriodSeconds": "number",
                              "tolerations": [
                                "list",
                                [
                                  "object",
                                  {
                                    "effect": "string",
                                    "key": "string",
                                    "operator": "string",
                                    "tolerationSeconds": "number",
                                    "value": "string"
                                  }
                                ]
                              ],
                              "topologySpreadConstraints": [
                                "list",
                                [
                                  "object",
                                  {
                                    "labelSelector": [
                                      "object",
                                      {
                                        "matchExpressions": [
                                          "list",
                                          [
                                            "object",
                                            {
                                              "key": "string",
                                              "operator": "string",
                                              "values": [
                                                "list",
                                                "string"
                                              ]
                                            }
                                          ]
                                        ],
                                        "matchLabels": [
                                          "map",
                                          "string"
                                        ]
                                      }
                                    ],
                                    "matchLabelKeys": [
                                      "list",
                                      "string"
                                    ],
                                    "maxSkew": "number",
                                    "minDomains": "number",
                                    "nodeAffinityPolicy": "string",
                                    "nodeTaintsPolicy": "string",
                                    "topologyKey": "string",
                                    "whenUnsatisfiable": "string"
                                  }
                                ]
                              ],
                              "volumes": [
                                "tuple",
                                [
                                  [
                                    "object",
                                    {
                                      "awsElasticBlockStore": [
                                        "object",
                                        {
                                          "fsType": "string",
                                          "partition": "number",
                                          "readOnly": "bool",
                                          "volumeID": "string"
                                        }
                                      ],
                                      "azureDisk": [
                                        "object",
                                        {
                                          "cachingMode": "string",
                                          "diskName": "string",
                                          "diskURI": "string",
                                          "fsType": "string",
                                          "kind": "string",
                                          "readOnly": "bool"
                                        }
                                      ],
                                      "azureFile": [
                                        "object",
                                        {
                                          "readOnly": "bool",
                                          "secretName": "string",
                                          "shareName": "string"
                                        }
                                      ],
                                      "cephfs": [
                                        "object",
                                        {
                                          "monitors": [
                                            "list",
                                            "string"
                                          ],
                                          "path": "string",
                                          "readOnly": "bool",
                                          "secretFile": "string",
                                          "secretRef": [
                                            "object",
                                            {
                                              "name": "string"
                                            }
                                          ],
                                          "user": "string"
                                        }
                                      ],
                                      "cinder": [
                                        "object",
                                        {
                                          "fsType": "string",
                                          "readOnly": "bool",
                                          "secretRef": [
                                            "object",
                                            {
                                              "name": "string"
                                            }
                                          ],
                                          "volumeID": "string"
                                        }
                                      ],
                                      "configMap": [
                                        "object",
                                        {
                                          "defaultMode": "number",
                                          "items": [
                                            "list",
                                            [
                                              "object",
                                              {
                                                "key": "string",
                                                "mode": "number",
                                                "path": "string"
                                              }
                                            ]
                                          ],
                                          "name": "string",
                                          "optional": "bool"
                                        }
                                      ],
                                      "csi": [
                                        "object",
                                        {
                                          "driver": "string",
                                          "fsType": "string",
                                          "nodePublishSecretRef": [
                                            "object",
                                            {
                                              "name": "string"
                                            }
                                          ],
                                          "readOnly": "bool",
                                          "volumeAttributes": [
                                            "map",
                                            "string"
                                          ]
                                        }
                                      ],
                                      "downwardAPI": [
                                        "object",
                                        {
                                          "defaultMode": "number",
                                          "items": [
                                            "list",
                                            [
                                              "object",
                                              {
                                                "fieldRef": [
                                                  "object",
                                                  {
                                                    "apiVersion": "string",
                                                    "fieldPath": "string"
                                                  }
                                                ],
                                                "mode": "number",
                                                "path": "string",
                                                "resourceFieldRef": [
                                                  "object",
                                                  {
                                                    "containerName": "string",
                                                    "divisor": "string",
                                                    "resource": "string"
                                                  }
                                                ]
                                              }
                                            ]
                                          ]
                                        }
                                      ],
                                      "emptyDir": [
                                        "object",
                                        {
                                          "medium": "string",
                                          "sizeLimit": "string"
                                        }
                                      ],
                                      "ephemeral": [
                                        "object",
                                        {
                                          "volumeClaimTemplate": [
                                            "object",
                                            {
                                              "metadata": [
                                                "object",
                                                {
                                                  "annotations": [
                                                    "map",
                                                    "string"
                                                  ],
                                                  "creationTimestamp": "string",
                                                  "deletionGracePeriodSeconds": "number",
                                                  "deletionTimestamp": "string",
                                                  "finalizers": [
                                                    "list",
                                                    "string"
                                                  ],
                                                  "generateName": "string",
                                                  "generation": "number",
                                                  "labels": [
                                                    "map",
                                                    "string"
                                                  ],
                                                  "managedFields": [
                                                    "tuple",
                                                    [
                                                      [
                                                        "object",
                                                        {
                                                          "apiVersion": "string",
                                                          "fieldsType": "string",
                                                          "fieldsV1": "dynamic",
                                                          "manager": "string",
                                                          "operation": "string",
                                                          "subresource": "string",
                                                          "time": "string"
                                                        }
                                                      ]
                                                    ]
                                                  ],
                                                  "name": "string",
                                                  "namespace": "string",
                                                  "ownerReferences": [
                                                    "list",
                                                    [
                                                      "object",
                                                      {
                                                        "apiVersion": "string",
                                                        "blockOwnerDeletion": "bool",
                                                        "controller": "bool",
                                                        "kind": "string",
                                                        "name": "string",
                                                        "uid": "string"
                                                      }
                                                    ]
                                                  ],
                                                  "resourceVersion": "string",
                                                  "selfLink": "string",
                                                  "uid": "string"
                                                }
                                              ],
                                              "spec": [
                                                "object",
                                                {
                                                  "accessModes": [
                                                    "list",
                                                    "string"
                                                  ],
                                                  "dataSource": [
                                                    "object",
                                                    {
                                                      "apiGroup": "string",
                                                      "kind": "string",
                                                      "name": "string"
                                                    }
                                                  ],
                                                  "dataSourceRef": [
                                                    "object",
                                                    {
                                                      "apiGroup": "string",
                                                      "kind": "string",
                                                      "name": "string",
                                                      "namespace": "string"
                                                    }
                                                  ],
                                                  "resources": [
                                                    "object",
                                                    {
                                                      "limits": [
                                                        "map",
                                                        "string"
                                                      ],
                                                      "requests": [
                                                        "map",
                                                        "string"
                                                      ]
                                                    }
                                                  ],
                                                  "selector": [
                                                    "object",
                                                    {
                                                      "matchExpressions": [
                                                        "list",
                                                        [
                                                          "object",
                                                          {
                                                            "key": "string",
                                                            "operator": "string",
                                                            "values": [
                                                              "list",
                                                              "string"
                                                            ]
                                                          }
                                                        ]
                                                      ],
                                                      "matchLabels": [
                                                        "map",
                                                        "string"
                                                      ]
                                                    }
                                                  ],
                                                  "storageClassName": "string",
                                                  "volumeAttributesClassName": "string",
                                                  "volumeMode": "string",
                                                  "volumeName": "string"
                                                }
                                              ]
                                            }
                                          ]
                                        }
                                      ],
                                      "fc": [
                                        "object",
                                        {
                                          "fsType": "string",
                                          "lun": "number",
                                          "readOnly": "bool",
                                          "targetWWNs": [
                                            "list",
                                            "string"
                                          ],
                                          "wwids": [
                                            "list",
                                            "string"
                                          ]
                                        }
                                      ],
                                      "flexVolume": [
                                        "object",
                                        {
                                          "driver": "string",
                                          "fsType": "string",
                                          "options": [
                                            "map",
                                            "string"
                                          ],
                                          "readOnly": "bool",
                                          "secretRef": [
                                            "object",
                                            {
                                              "name": "string"
                                            }
                                          ]
                                        }
                                      ],
                                      "flocker": [
                                        "object",
                                        {
                                          "datasetName": "string",
                                          "datasetUUID": "string"
                                        }
                                      ],
                                      "gcePersistentDisk": [
                                        "object",
                                        {
                                          "fsType": "string",
                                          "partition": "number",
                                          "pdName": "string",
                                          "readOnly": "bool"
                                        }
                                      ],
                                      "gitRepo": [
                                        "object",
                                        {
                                          "directory": "string",
                                          "repository": "string",
                                          "revision": "string"
                                        }
                                      ],
                                      "glusterfs": [
                                        "object",
                                        {
                                          "endpoints": "string",
                                          "path": "string",
                                          "readOnly": "bool"
                                        }
                                      ],
                                      "hostPath": [
                                        "object",
                                        {
                                          "path": "string",
                                          "type": "string"
                                        }
                                      ],
                                      "image": [
                                        "object",
                                        {
                                          "pullPolicy": "string",
                                          "reference": "string"
                                        }
                                      ],
                                      "iscsi": [
                                        "object",
                                        {
                                          "chapAuthDiscovery": "bool",
                                          "chapAuthSession": "bool",
                                          "fsType": "string",
                                          "initiatorName": "string",
                                          "iqn": "string",
                                          "iscsiInterface": "string",
                                          "lun": "number",
                                          "portals": [
                                            "list",
                                            "string"
                                          ],
                                          "readOnly": "bool",
                                          "secretRef": [
                                            "object",
                                            {
                                              "name": "string"
                                            }
                                          ],
                                          "targetPortal": "string"
                                        }
                                      ],
                                      "name": "string",
                                      "nfs": [
                                        "object",
                                        {
                                          "path": "string",
                                          "readOnly": "bool",
                                          "server": "string"
                                        }
                                      ],
                                      "persistentVolumeClaim": [
                                        "object",
                                        {
                                          "claimName": "string",
                                          "readOnly": "bool"
                                        }
                                      ],
                                      "photonPersistentDisk": [
                                        "object",
                                        {
                                          "fsType": "string",
                                          "pdID": "string"
                                        }
                                      ],
                                      "portworxVolume": [
                                        "object",
                                        {
                                          "fsType": "string",
                                          "readOnly": "bool",
                                          "volumeID": "string"
                                        }
                                      ],
                                      "projected": [
                                        "object",
                                        {
                                          "defaultMode": "number",
                                          "sources": [
                                            "list",
                                            [
                                              "object",
                                              {
                                                "clusterTrustBundle": [
                                                  "object",
                                                  {
                                                    "labelSelector": [
                                                      "object",
                                                      {
                                                        "matchExpressions": [
                                                          "list",
                                                          [
                                                            "object",
                                                            {
                                                              "key": "string",
                                                              "operator": "string",
                                                              "values": [
                                                                "list",
                                                                "string"
                                                              ]
                                                            }
                                                          ]
                                                        ],
                                                        "matchLabels": [
                                                          "map",
                                                          "string"
                                                        ]
                                                      }
                                                    ],
                                                    "name": "string",
                                                    "optional": "bool",
                                                    "path": "string",
                                                    "signerName": "string"
                                                  }
                                                ],
                                                "configMap": [
                                                  "object",
                                                  {
                                                    "items": [
                                                      "list",
                                                      [
                                                        "object",
                                                        {
                                                          "key": "string",
                                                          "mode": "number",
                                                          "path": "string"
                                                        }
                                                      ]
                                                    ],
                                                    "name": "string",
                                                    "optional": "bool"
                                                  }
                                                ],
                                                "downwardAPI": [
                                                  "object",
                                                  {
                                                    "items": [
                                                      "list",
                                                      [
                                                        "object",
                                                        {
                                                          "fieldRef": [
                                                            "object",
                                                            {
                                                              "apiVersion": "string",
                                                              "fieldPath": "string"
                                                            }
                                                          ],
                                                          "mode": "number",
                                                          "path": "string",
                                                          "resourceFieldRef": [
                                                            "object",
                                                            {
                                                              "containerName": "string",
                                                              "divisor": "string",
                                                              "resource": "string"
                                                            }
                                                          ]
                                                        }
                                                      ]
                                                    ]
                                                  }
                                                ],
                                                "secret": [
                                                  "object",
                                                  {
                                                    "items": [
                                                      "list",
                                                      [
                                                        "object",
                                                        {
                                                          "key": "string",
                                                          "mode": "number",
                                                          "path": "string"
                                                        }
                                                      ]
                                                    ],
                                                    "name": "string",
                                                    "optional": "bool"
                                                  }
                                                ],
                                                "serviceAccountToken": [
                                                  "object",
                                                  {
                                                    "audience": "string",
                                                    "expirationSeconds": "number",
                                                    "path": "string"
                                                  }
                                                ]
                                              }
                                            ]
                                          ]
                                        }
                                      ],
                                      "quobyte": [
                                        "object",
                                        {
                                          "group": "string",
                                          "readOnly": "bool",
                                          "registry": "string",
                                          "tenant": "string",
                                          "user": "string",
                                          "volume": "string"
                                        }
                                      ],
                                      "rbd": [
                                        "object",
                                        {
                                          "fsType": "string",
                                          "image": "string",
                                          "keyring": "string",
                                          "monitors": [
                                            "list",
                                            "string"
                                          ],
                                          "pool": "string",
                                          "readOnly": "bool",
                                          "secretRef": [
                                            "object",
                                            {
                                              "name": "string"
                                            }
                                          ],
                                          "user": "string"
                                        }
                                      ],
                                      "scaleIO": [
                                        "object",
                                        {
                                          "fsType": "string",
                                          "gateway": "string",
                                          "protectionDomain": "string",
                                          "readOnly": "bool",
                                          "secretRef": [
                                            "object",
                                            {
                                              "name": "string"
                                            }
                                          ],
                                          "sslEnabled": "bool",
                                          "storageMode": "string",
                                          "storagePool": "string",
                                          "system": "string",
                                          "volumeName": "string"
                                        }
                                      ],
                                      "secret": [
                                        "object",
                                        {
                                          "defaultMode": "number",
                                          "items": [
                                            "list",
                                            [
                                              "object",
                                              {
                                                "key": "string",
                                                "mode": "number",
                                                "path": "string"
                                              }
                                            ]
                                          ],
                                          "optional": "bool",
                                          "secretName": "string"
                                        }
                                      ],
                                      "storageos": [
                                        "object",
                                        {
                                          "fsType": "string",
                                          "readOnly": "bool",
                                          "secretRef": [
                                            "object",
                                            {
                                              "name": "string"
                                            }
                                          ],
                                          "volumeName": "string",
                                          "volumeNamespace": "string"
                                        }
                                      ],
                                      "vsphereVolume": [
                                        "object",
                                        {
                                          "fsType": "string",
                                          "storagePolicyID": "string",
                                          "storagePolicyName": "string",
                                          "volumePath": "string"
                                        }
                                      ]
                                    }
                                  ]
                                ]
                              ]
                            }
                          ]
                        }
                      ]
                    }
                  ]
                }
              ]
            },
            "timeouts": [],
            "wait": [],
            "wait_for": null
          },
          "sensitive_attributes": [],
          "identity_schema_version": 1,
          "identity": {
            "api_version": "apps/v1",
            "kind": "Deployment",
            "name": "gameservice",
            "namespace": "sins"
          }
        },
        {
          "index_key": "frntendHPA.yml",
          "schema_version": 1,
          "attributes": {
            "computed_fields": null,
            "field_manager": [],
            "manifest": {
              "value": {
                "apiVersion": "autoscaling/v2",
                "kind": "HorizontalPodAutoscaler",
                "metadata": {
                  "creationTimestamp": null,
                  "name": "frontend-service-name",
                  "namespace": "sins"
                },
                "spec": {
                  "maxReplicas": 3,
                  "metrics": [
                    {
                      "resource": {
                        "name": "cpu",
                        "target": {
                          "averageUtilization": 57,
                          "type": "Utilization"
                        }
                      },
                      "type": "Resource"
                    }
                  ],
                  "minReplicas": 2,
                  "scaleTargetRef": {
                    "apiVersion": "apps/v1",
                    "kind": "Deployment",
                    "name": "frontend-service-name"
                  }
                }
              },
              "type": [
                "object",
                {
                  "apiVersion": "string",
                  "kind": "string",
                  "metadata": [
                    "object",
                    {
                      "creationTimestamp": "dynamic",
                      "name": "string",
                      "namespace": "string"
                    }
                  ],
                  "spec": [
                    "object",
                    {
                      "maxReplicas": "number",
                      "metrics": [
                        "tuple",
                        [
                          [
                            "object",
                            {
                              "resource": [
                                "object",
                                {
                                  "name": "string",
                                  "target": [
                                    "object",
                                    {
                                      "averageUtilization": "number",
                                      "type": "string"
                                    }
                                  ]
                                }
                              ],
                              "type": "string"
                            }
                          ]
                        ]
                      ],
                      "minReplicas": "number",
                      "scaleTargetRef": [
                        "object",
                        {
                          "apiVersion": "string",
                          "kind": "string",
                          "name": "string"
                        }
                      ]
                    }
                  ]
                }
              ]
            },
            "object": {
              "value": {
                "apiVersion": "autoscaling/v2",
                "kind": "HorizontalPodAutoscaler",
                "metadata": {
                  "annotations": null,
                  "creationTimestamp": null,
                  "deletionGracePeriodSeconds": null,
                  "deletionTimestamp": null,
                  "finalizers": null,
                  "generateName": null,
                  "generation": null,
                  "labels": null,
                  "managedFields": null,
                  "name": "frontend-service-name",
                  "namespace": "sins",
                  "ownerReferences": null,
                  "resourceVersion": null,
                  "selfLink": null,
                  "uid": null
                },
                "spec": {
                  "behavior": {
                    "scaleDown": {
                      "policies": null,
                      "selectPolicy": null,
                      "stabilizationWindowSeconds": null
                    },
                    "scaleUp": {
                      "policies": null,
                      "selectPolicy": null,
                      "stabilizationWindowSeconds": null
                    }
                  },
                  "maxReplicas": 3,
                  "metrics": [
                    {
                      "containerResource": {
                        "container": null,
                        "name": null,
                        "target": {
                          "averageUtilization": null,
                          "averageValue": null,
                          "type": null,
                          "value": null
                        }
                      },
                      "external": {
                        "metric": {
                          "name": null,
                          "selector": {
                            "matchExpressions": null,
                            "matchLabels": null
                          }
                        },
                        "target": {
                          "averageUtilization": null,
                          "averageValue": null,
                          "type": null,
                          "value": null
                        }
                      },
                      "object": {
                        "describedObject": {
                          "apiVersion": null,
                          "kind": null,
                          "name": null
                        },
                        "metric": {
                          "name": null,
                          "selector": {
                            "matchExpressions": null,
                            "matchLabels": null
                          }
                        },
                        "target": {
                          "averageUtilization": null,
                          "averageValue": null,
                          "type": null,
                          "value": null
                        }
                      },
                      "pods": {
                        "metric": {
                          "name": null,
                          "selector": {
                            "matchExpressions": null,
                            "matchLabels": null
                          }
                        },
                        "target": {
                          "averageUtilization": null,
                          "averageValue": null,
                          "type": null,
                          "value": null
                        }
                      },
                      "resource": {
                        "name": "cpu",
                        "target": {
                          "averageUtilization": 57,
                          "averageValue": null,
                          "type": "Utilization",
                          "value": null
                        }
                      },
                      "type": "Resource"
                    }
                  ],
                  "minReplicas": 2,
                  "scaleTargetRef": {
                    "apiVersion": "apps/v1",
                    "kind": "Deployment",
                    "name": "frontend-service-name"
                  }
                }
              },
              "type": [
                "object",
                {
                  "apiVersion": "string",
                  "kind": "string",
                  "metadata": [
                    "object",
                    {
                      "annotations": [
                        "map",
                        "string"
                      ],
                      "creationTimestamp": "string",
                      "deletionGracePeriodSeconds": "number",
                      "deletionTimestamp": "string",
                      "finalizers": [
                        "list",
                        "string"
                      ],
                      "generateName": "string",
                      "generation": "number",
                      "labels": [
                        "map",
                        "string"
                      ],
                      "managedFields": [
                        "tuple",
                        [
                          [
                            "object",
                            {
                              "apiVersion": "string",
                              "fieldsType": "string",
                              "fieldsV1": "dynamic",
                              "manager": "string",
                              "operation": "string",
                              "subresource": "string",
                              "time": "string"
                            }
                          ]
                        ]
                      ],
                      "name": "string",
                      "namespace": "string",
                      "ownerReferences": [
                        "list",
                        [
                          "object",
                          {
                            "apiVersion": "string",
                            "blockOwnerDeletion": "bool",
                            "controller": "bool",
                            "kind": "string",
                            "name": "string",
                            "uid": "string"
                          }
                        ]
                      ],
                      "resourceVersion": "string",
                      "selfLink": "string",
                      "uid": "string"
                    }
                  ],
                  "spec": [
                    "object",
                    {
                      "behavior": [
                        "object",
                        {
                          "scaleDown": [
                            "object",
                            {
                              "policies": [
                                "list",
                                [
                                  "object",
                                  {
                                    "periodSeconds": "number",
                                    "type": "string",
                                    "value": "number"
                                  }
                                ]
                              ],
                              "selectPolicy": "string",
                              "stabilizationWindowSeconds": "number"
                            }
                          ],
                          "scaleUp": [
                            "object",
                            {
                              "policies": [
                                "list",
                                [
                                  "object",
                                  {
                                    "periodSeconds": "number",
                                    "type": "string",
                                    "value": "number"
                                  }
                                ]
                              ],
                              "selectPolicy": "string",
                              "stabilizationWindowSeconds": "number"
                            }
                          ]
                        }
                      ],
                      "maxReplicas": "number",
                      "metrics": [
                        "list",
                        [
                          "object",
                          {
                            "containerResource": [
                              "object",
                              {
                                "container": "string",
                                "name": "string",
                                "target": [
                                  "object",
                                  {
                                    "averageUtilization": "number",
                                    "averageValue": "string",
                                    "type": "string",
                                    "value": "string"
                                  }
                                ]
                              }
                            ],
                            "external": [
                              "object",
                              {
                                "metric": [
                                  "object",
                                  {
                                    "name": "string",
                                    "selector": [
                                      "object",
                                      {
                                        "matchExpressions": [
                                          "list",
                                          [
                                            "object",
                                            {
                                              "key": "string",
                                              "operator": "string",
                                              "values": [
                                                "list",
                                                "string"
                                              ]
                                            }
                                          ]
                                        ],
                                        "matchLabels": [
                                          "map",
                                          "string"
                                        ]
                                      }
                                    ]
                                  }
                                ],
                                "target": [
                                  "object",
                                  {
                                    "averageUtilization": "number",
                                    "averageValue": "string",
                                    "type": "string",
                                    "value": "string"
                                  }
                                ]
                              }
                            ],
                            "object": [
                              "object",
                              {
                                "describedObject": [
                                  "object",
                                  {
                                    "apiVersion": "string",
                                    "kind": "string",
                                    "name": "string"
                                  }
                                ],
                                "metric": [
                                  "object",
                                  {
                                    "name": "string",
                                    "selector": [
                                      "object",
                                      {
                                        "matchExpressions": [
                                          "list",
                                          [
                                            "object",
                                            {
                                              "key": "string",
                                              "operator": "string",
                                              "values": [
                                                "list",
                                                "string"
                                              ]
                                            }
                                          ]
                                        ],
                                        "matchLabels": [
                                          "map",
                                          "string"
                                        ]
                                      }
                                    ]
                                  }
                                ],
                                "target": [
                                  "object",
                                  {
                                    "averageUtilization": "number",
                                    "averageValue": "string",
                                    "type": "string",
                                    "value": "string"
                                  }
                                ]
                              }
                            ],
                            "pods": [
                              "object",
                              {
                                "metric": [
                                  "object",
                                  {
                                    "name": "string",
                                    "selector": [
                                      "object",
                                      {
                                        "matchExpressions": [
                                          "list",
                                          [
                                            "object",
                                            {
                                              "key": "string",
                                              "operator": "string",
                                              "values": [
                                                "list",
                                                "string"
                                              ]
                                            }
                                          ]
                                        ],
                                        "matchLabels": [
                                          "map",
                                          "string"
                                        ]
                                      }
                                    ]
                                  }
                                ],
                                "target": [
                                  "object",
                                  {
                                    "averageUtilization": "number",
                                    "averageValue": "string",
                                    "type": "string",
                                    "value": "string"
                                  }
                                ]
                              }
                            ],
                            "resource": [
                              "object",
                              {
                                "name": "string",
                                "target": [
                                  "object",
                                  {
                                    "averageUtilization": "number",
                                    "averageValue": "string",
                                    "type": "string",
                                    "value": "string"
                                  }
                                ]
                              }
                            ],
                            "type": "string"
                          }
                        ]
                      ],
                      "minReplicas": "number",
                      "scaleTargetRef": [
                        "object",
                        {
                          "apiVersion": "string",
                          "kind": "string",
                          "name": "string"
                        }
                      ]
                    }
                  ]
                }
              ]
            },
            "timeouts": [],
            "wait": [],
            "wait_for": null
          },
          "sensitive_attributes": [],
          "identity_schema_version": 1,
          "identity": {
            "api_version": "autoscaling/v2",
            "kind": "HorizontalPodAutoscaler",
            "name": "frontend-service-name",
            "namespace": "sins"
          }
        },
        {
          "index_key": "gamesvcHPA.yml",
          "schema_version": 1,
          "attributes": {
            "computed_fields": null,
            "field_manager": [],
            "manifest": {
              "value": {
                "apiVersion": "autoscaling/v2",
                "kind": "HorizontalPodAutoscaler",
                "metadata": {
                  "creationTimestamp": null,
                  "name": "gameservice",
                  "namespace": "sins"
                },
                "spec": {
                  "maxReplicas": 3,
                  "metrics": [
                    {
                      "resource": {
                        "name": "cpu",
                        "target": {
                          "averageUtilization": 56,
                          "type": "Utilization"
                        }
                      },
                      "type": "Resource"
                    }
                  ],
                  "minReplicas": 2,
                  "scaleTargetRef": {
                    "apiVersion": "apps/v1",
                    "kind": "Deployment",
                    "name": "gameservice"
                  }
                }
              },
              "type": [
                "object",
                {
                  "apiVersion": "string",
                  "kind": "string",
                  "metadata": [
                    "object",
                    {
                      "creationTimestamp": "dynamic",
                      "name": "string",
                      "namespace": "string"
                    }
                  ],
                  "spec": [
                    "object",
                    {
                      "maxReplicas": "number",
                      "metrics": [
                        "tuple",
                        [
                          [
                            "object",
                            {
                              "resource": [
                                "object",
                                {
                                  "name": "string",
                                  "target": [
                                    "object",
                                    {
                                      "averageUtilization": "number",
                                      "type": "string"
                                    }
                                  ]
                                }
                              ],
                              "type": "string"
                            }
                          ]
                        ]
                      ],
                      "minReplicas": "number",
                      "scaleTargetRef": [
                        "object",
                        {
                          "apiVersion": "string",
                          "kind": "string",
                          "name": "string"
                        }
                      ]
                    }
                  ]
                }
              ]
            },
            "object": {
              "value": {
                "apiVersion": "autoscaling/v2",
                "kind": "HorizontalPodAutoscaler",
                "metadata": {
                  "annotations": null,
                  "creationTimestamp": null,
                  "deletionGracePeriodSeconds": null,
                  "deletionTimestamp": null,
                  "finalizers": null,
                  "generateName": null,
                  "generation": null,
                  "labels": null,
                  "managedFields": null,
                  "name": "gameservice",
                  "namespace": "sins",
                  "ownerReferences": null,
                  "resourceVersion": null,
                  "selfLink": null,
                  "uid": null
                },
                "spec": {
                  "behavior": {
                    "scaleDown": {
                      "policies": null,
                      "selectPolicy": null,
                      "stabilizationWindowSeconds": null
                    },
                    "scaleUp": {
                      "policies": null,
                      "selectPolicy": null,
                      "stabilizationWindowSeconds": null
                    }
                  },
                  "maxReplicas": 3,
                  "metrics": [
                    {
                      "containerResource": {
                        "container": null,
                        "name": null,
                        "target": {
                          "averageUtilization": null,
                          "averageValue": null,
                          "type": null,
                          "value": null
                        }
                      },
                      "external": {
                        "metric": {
                          "name": null,
                          "selector": {
                            "matchExpressions": null,
                            "matchLabels": null
                          }
                        },
                        "target": {
                          "averageUtilization": null,
                          "averageValue": null,
                          "type": null,
                          "value": null
                        }
                      },
                      "object": {
                        "describedObject": {
                          "apiVersion": null,
                          "kind": null,
                          "name": null
                        },
                        "metric": {
                          "name": null,
                          "selector": {
                            "matchExpressions": null,
                            "matchLabels": null
                          }
                        },
                        "target": {
                          "averageUtilization": null,
                          "averageValue": null,
                          "type": null,
                          "value": null
                        }
                      },
                      "pods": {
                        "metric": {
                          "name": null,
                          "selector": {
                            "matchExpressions": null,
                            "matchLabels": null
                          }
                        },
                        "target": {
                          "averageUtilization": null,
                          "averageValue": null,
                          "type": null,
                          "value": null
                        }
                      },
                      "resource": {
                        "name": "cpu",
                        "target": {
                          "averageUtilization": 56,
                          "averageValue": null,
                          "type": "Utilization",
                          "value": null
                        }
                      },
                      "type": "Resource"
                    }
                  ],
                  "minReplicas": 2,
                  "scaleTargetRef": {
                    "apiVersion": "apps/v1",
                    "kind": "Deployment",
                    "name": "gameservice"
                  }
                }
              },
              "type": [
                "object",
                {
                  "apiVersion": "string",
                  "kind": "string",
                  "metadata": [
                    "object",
                    {
                      "annotations": [
                        "map",
                        "string"
                      ],
                      "creationTimestamp": "string",
                      "deletionGracePeriodSeconds": "number",
                      "deletionTimestamp": "string",
                      "finalizers": [
                        "list",
                        "string"
                      ],
                      "generateName": "string",
                      "generation": "number",
                      "labels": [
                        "map",
                        "string"
                      ],
                      "managedFields": [
                        "tuple",
                        [
                          [
                            "object",
                            {
                              "apiVersion": "string",
                              "fieldsType": "string",
                              "fieldsV1": "dynamic",
                              "manager": "string",
                              "operation": "string",
                              "subresource": "string",
                              "time": "string"
                            }
                          ]
                        ]
                      ],
                      "name": "string",
                      "namespace": "string",
                      "ownerReferences": [
                        "list",
                        [
                          "object",
                          {
                            "apiVersion": "string",
                            "blockOwnerDeletion": "bool",
                            "controller": "bool",
                            "kind": "string",
                            "name": "string",
                            "uid": "string"
                          }
                        ]
                      ],
                      "resourceVersion": "string",
                      "selfLink": "string",
                      "uid": "string"
                    }
                  ],
                  "spec": [
                    "object",
                    {
                      "behavior": [
                        "object",
                        {
                          "scaleDown": [
                            "object",
                            {
                              "policies": [
                                "list",
                                [
                                  "object",
                                  {
                                    "periodSeconds": "number",
                                    "type": "string",
                                    "value": "number"
                                  }
                                ]
                              ],
                              "selectPolicy": "string",
                              "stabilizationWindowSeconds": "number"
                            }
                          ],
                          "scaleUp": [
                            "object",
                            {
                              "policies": [
                                "list",
                                [
                                  "object",
                                  {
                                    "periodSeconds": "number",
                                    "type": "string",
                                    "value": "number"
                                  }
                                ]
                              ],
                              "selectPolicy": "string",
                              "stabilizationWindowSeconds": "number"
                            }
                          ]
                        }
                      ],
                      "maxReplicas": "number",
                      "metrics": [
                        "list",
                        [
                          "object",
                          {
                            "containerResource": [
                              "object",
                              {
                                "container": "string",
                                "name": "string",
                                "target": [
                                  "object",
                                  {
                                    "averageUtilization": "number",
                                    "averageValue": "string",
                                    "type": "string",
                                    "value": "string"
                                  }
                                ]
                              }
                            ],
                            "external": [
                              "object",
                              {
                                "metric": [
                                  "object",
                                  {
                                    "name": "string",
                                    "selector": [
                                      "object",
                                      {
                                        "matchExpressions": [
                                          "list",
                                          [
                                            "object",
                                            {
                                              "key": "string",
                                              "operator": "string",
                                              "values": [
                                                "list",
                                                "string"
                                              ]
                                            }
                                          ]
                                        ],
                                        "matchLabels": [
                                          "map",
                                          "string"
                                        ]
                                      }
                                    ]
                                  }
                                ],
                                "target": [
                                  "object",
                                  {
                                    "averageUtilization": "number",
                                    "averageValue": "string",
                                    "type": "string",
                                    "value": "string"
                                  }
                                ]
                              }
                            ],
                            "object": [
                              "object",
                              {
                                "describedObject": [
                                  "object",
                                  {
                                    "apiVersion": "string",
                                    "kind": "string",
                                    "name": "string"
                                  }
                                ],
                                "metric": [
                                  "object",
                                  {
                                    "name": "string",
                                    "selector": [
                                      "object",
                                      {
                                        "matchExpressions": [
                                          "list",
                                          [
                                            "object",
                                            {
                                              "key": "string",
                                              "operator": "string",
                                              "values": [
                                                "list",
                                                "string"
                                              ]
                                            }
                                          ]
                                        ],
                                        "matchLabels": [
                                          "map",
                                          "string"
                                        ]
                                      }
                                    ]
                                  }
                                ],
                                "target": [
                                  "object",
                                  {
                                    "averageUtilization": "number",
                                    "averageValue": "string",
                                    "type": "string",
                                    "value": "string"
                                  }
                                ]
                              }
                            ],
                            "pods": [
                              "object",
                              {
                                "metric": [
                                  "object",
                                  {
                                    "name": "string",
                                    "selector": [
                                      "object",
                                      {
                                        "matchExpressions": [
                                          "list",
                                          [
                                            "object",
                                            {
                                              "key": "string",
                                              "operator": "string",
                                              "values": [
                                                "list",
                                                "string"
                                              ]
                                            }
                                          ]
                                        ],
                                        "matchLabels": [
                                          "map",
                                          "string"
                                        ]
                                      }
                                    ]
                                  }
                                ],
                                "target": [
                                  "object",
                                  {
                                    "averageUtilization": "number",
                                    "averageValue": "string",
                                    "type": "string",
                                    "value": "string"
                                  }
                                ]
                              }
                            ],
                            "resource": [
                              "object",
                              {
                                "name": "string",
                                "target": [
                                  "object",
                                  {
                                    "averageUtilization": "number",
                                    "averageValue": "string",
                                    "type": "string",
                                    "value": "string"
                                  }
                                ]
                              }
                            ],
                            "type": "string"
                          }
                        ]
                      ],
                      "minReplicas": "number",
                      "scaleTargetRef": [
                        "object",
                        {
                          "apiVersion": "string",
                          "kind": "string",
                          "name": "string"
                        }
                      ]
                    }
                  ]
                }
              ]
            },
            "timeouts": [],
            "wait": [],
            "wait_for": null
          },
          "sensitive_attributes": [],
          "identity_schema_version": 1,
          "identity": {
            "api_version": "autoscaling/v2",
            "kind": "HorizontalPodAutoscaler",
            "name": "gameservice",
            "namespace": "sins"
          }
        },
        {
          "index_key": "hpa.yml",
          "schema_version": 1,
          "attributes": {
            "computed_fields": null,
            "field_manager": [],
            "manifest": {
              "value": {
                "apiVersion": "autoscaling/v2",
                "kind": "HorizontalPodAutoscaler",
                "metadata": {
                  "creationTimestamp": null,
                  "name": "authservice-hpa",
                  "namespace": "sins"
                },
                "spec": {
                  "maxReplicas": 3,
                  "metrics": [
                    {
                      "resource": {
                        "name": "cpu",
                        "target": {
                          "averageUtilization": 55,
                          "type": "Utilization"
                        }
                      },
                      "type": "Resource"
                    }
                  ],
                  "minReplicas": 2,
                  "scaleTargetRef": {
                    "apiVersion": "apps/v1",
                    "kind": "Deployment",
                    "name": "authservice"
                  }
                }
              },
              "type": [
                "object",
                {
                  "apiVersion": "string",
                  "kind": "string",
                  "metadata": [
                    "object",
                    {
                      "creationTimestamp": "dynamic",
                      "name": "string",
                      "namespace": "string"
                    }
                  ],
                  "spec": [
                    "object",
                    {
                      "maxReplicas": "number",
                      "metrics": [
                        "tuple",
                        [
                          [
                            "object",
                            {
                              "resource": [
                                "object",
                                {
                                  "name": "string",
                                  "target": [
                                    "object",
                                    {
                                      "averageUtilization": "number",
                                      "type": "string"
                                    }
                                  ]
                                }
                              ],
                              "type": "string"
                            }
                          ]
                        ]
                      ],
                      "minReplicas": "number",
                      "scaleTargetRef": [
                        "object",
                        {
                          "apiVersion": "string",
                          "kind": "string",
                          "name": "string"
                        }
                      ]
                    }
                  ]
                }
              ]
            },
            "object": {
              "value": {
                "apiVersion": "autoscaling/v2",
                "kind": "HorizontalPodAutoscaler",
                "metadata": {
                  "annotations": null,
                  "creationTimestamp": null,
                  "deletionGracePeriodSeconds": null,
                  "deletionTimestamp": null,
                  "finalizers": null,
                  "generateName": null,
                  "generation": null,
                  "labels": null,
                  "managedFields": null,
                  "name": "authservice-hpa",
                  "namespace": "sins",
                  "ownerReferences": null,
                  "resourceVersion": null,
                  "selfLink": null,
                  "uid": null
                },
                "spec": {
                  "behavior": {
                    "scaleDown": {
                      "policies": null,
                      "selectPolicy": null,
                      "stabilizationWindowSeconds": null
                    },
                    "scaleUp": {
                      "policies": null,
                      "selectPolicy": null,
                      "stabilizationWindowSeconds": null
                    }
                  },
                  "maxReplicas": 3,
                  "metrics": [
                    {
                      "containerResource": {
                        "container": null,
                        "name": null,
                        "target": {
                          "averageUtilization": null,
                          "averageValue": null,
                          "type": null,
                          "value": null
                        }
                      },
                      "external": {
                        "metric": {
                          "name": null,
                          "selector": {
                            "matchExpressions": null,
                            "matchLabels": null
                          }
                        },
                        "target": {
                          "averageUtilization": null,
                          "averageValue": null,
                          "type": null,
                          "value": null
                        }
                      },
                      "object": {
                        "describedObject": {
                          "apiVersion": null,
                          "kind": null,
                          "name": null
                        },
                        "metric": {
                          "name": null,
                          "selector": {
                            "matchExpressions": null,
                            "matchLabels": null
                          }
                        },
                        "target": {
                          "averageUtilization": null,
                          "averageValue": null,
                          "type": null,
                          "value": null
                        }
                      },
                      "pods": {
                        "metric": {
                          "name": null,
                          "selector": {
                            "matchExpressions": null,
                            "matchLabels": null
                          }
                        },
                        "target": {
                          "averageUtilization": null,
                          "averageValue": null,
                          "type": null,
                          "value": null
                        }
                      },
                      "resource": {
                        "name": "cpu",
                        "target": {
                          "averageUtilization": 55,
                          "averageValue": null,
                          "type": "Utilization",
                          "value": null
                        }
                      },
                      "type": "Resource"
                    }
                  ],
                  "minReplicas": 2,
                  "scaleTargetRef": {
                    "apiVersion": "apps/v1",
                    "kind": "Deployment",
                    "name": "authservice"
                  }
                }
              },
              "type": [
                "object",
                {
                  "apiVersion": "string",
                  "kind": "string",
                  "metadata": [
                    "object",
                    {
                      "annotations": [
                        "map",
                        "string"
                      ],
                      "creationTimestamp": "string",
                      "deletionGracePeriodSeconds": "number",
                      "deletionTimestamp": "string",
                      "finalizers": [
                        "list",
                        "string"
                      ],
                      "generateName": "string",
                      "generation": "number",
                      "labels": [
                        "map",
                        "string"
                      ],
                      "managedFields": [
                        "tuple",
                        [
                          [
                            "object",
                            {
                              "apiVersion": "string",
                              "fieldsType": "string",
                              "fieldsV1": "dynamic",
                              "manager": "string",
                              "operation": "string",
                              "subresource": "string",
                              "time": "string"
                            }
                          ]
                        ]
                      ],
                      "name": "string",
                      "namespace": "string",
                      "ownerReferences": [
                        "list",
                        [
                          "object",
                          {
                            "apiVersion": "string",
                            "blockOwnerDeletion": "bool",
                            "controller": "bool",
                            "kind": "string",
                            "name": "string",
                            "uid": "string"
                          }
                        ]
                      ],
                      "resourceVersion": "string",
                      "selfLink": "string",
                      "uid": "string"
                    }
                  ],
                  "spec": [
                    "object",
                    {
                      "behavior": [
                        "object",
                        {
                          "scaleDown": [
                            "object",
                            {
                              "policies": [
                                "list",
                                [
                                  "object",
                                  {
                                    "periodSeconds": "number",
                                    "type": "string",
                                    "value": "number"
                                  }
                                ]
                              ],
                              "selectPolicy": "string",
                              "stabilizationWindowSeconds": "number"
                            }
                          ],
                          "scaleUp": [
                            "object",
                            {
                              "policies": [
                                "list",
                                [
                                  "object",
                                  {
                                    "periodSeconds": "number",
                                    "type": "string",
                                    "value": "number"
                                  }
                                ]
                              ],
                              "selectPolicy": "string",
                              "stabilizationWindowSeconds": "number"
                            }
                          ]
                        }
                      ],
                      "maxReplicas": "number",
                      "metrics": [
                        "list",
                        [
                          "object",
                          {
                            "containerResource": [
                              "object",
                              {
                                "container": "string",
                                "name": "string",
                                "target": [
                                  "object",
                                  {
                                    "averageUtilization": "number",
                                    "averageValue": "string",
                                    "type": "string",
                                    "value": "string"
                                  }
                                ]
                              }
                            ],
                            "external": [
                              "object",
                              {
                                "metric": [
                                  "object",
                                  {
                                    "name": "string",
                                    "selector": [
                                      "object",
                                      {
                                        "matchExpressions": [
                                          "list",
                                          [
                                            "object",
                                            {
                                              "key": "string",
                                              "operator": "string",
                                              "values": [
                                                "list",
                                                "string"
                                              ]
                                            }
                                          ]
                                        ],
                                        "matchLabels": [
                                          "map",
                                          "string"
                                        ]
                                      }
                                    ]
                                  }
                                ],
                                "target": [
                                  "object",
                                  {
                                    "averageUtilization": "number",
                                    "averageValue": "string",
                                    "type": "string",
                                    "value": "string"
                                  }
                                ]
                              }
                            ],
                            "object": [
                              "object",
                              {
                                "describedObject": [
                                  "object",
                                  {
                                    "apiVersion": "string",
                                    "kind": "string",
                                    "name": "string"
                                  }
                                ],
                                "metric": [
                                  "object",
                                  {
                                    "name": "string",
                                    "selector": [
                                      "object",
                                      {
                                        "matchExpressions": [
                                          "list",
                                          [
                                            "object",
                                            {
                                              "key": "string",
                                              "operator": "string",
                                              "values": [
                                                "list",
                                                "string"
                                              ]
                                            }
                                          ]
                                        ],
                                        "matchLabels": [
                                          "map",
                                          "string"
                                        ]
                                      }
                                    ]
                                  }
                                ],
                                "target": [
                                  "object",
                                  {
                                    "averageUtilization": "number",
                                    "averageValue": "string",
                                    "type": "string",
                                    "value": "string"
                                  }
                                ]
                              }
                            ],
                            "pods": [
                              "object",
                              {
                                "metric": [
                                  "object",
                                  {
                                    "name": "string",
                                    "selector": [
                                      "object",
                                      {
                                        "matchExpressions": [
                                          "list",
                                          [
                                            "object",
                                            {
                                              "key": "string",
                                              "operator": "string",
                                              "values": [
                                                "list",
                                                "string"
                                              ]
                                            }
                                          ]
                                        ],
                                        "matchLabels": [
                                          "map",
                                          "string"
                                        ]
                                      }
                                    ]
                                  }
                                ],
                                "target": [
                                  "object",
                                  {
                                    "averageUtilization": "number",
                                    "averageValue": "string",
                                    "type": "string",
                                    "value": "string"
                                  }
                                ]
                              }
                            ],
                            "resource": [
                              "object",
                              {
                                "name": "string",
                                "target": [
                                  "object",
                                  {
                                    "averageUtilization": "number",
                                    "averageValue": "string",
                                    "type": "string",
                                    "value": "string"
                                  }
                                ]
                              }
                            ],
                            "type": "string"
                          }
                        ]
                      ],
                      "minReplicas": "number",
                      "scaleTargetRef": [
                        "object",
                        {
                          "apiVersion": "string",
                          "kind": "string",
                          "name": "string"
                        }
                      ]
                    }
                  ]
                }
              ]
            },
            "timeouts": [],
            "wait": [],
            "wait_for": null
          },
          "sensitive_attributes": [],
          "identity_schema_version": 1,
          "identity": {
            "api_version": "autoscaling/v2",
            "kind": "HorizontalPodAutoscaler",
            "name": "authservice-hpa",
            "namespace": "sins"
          }
        },
        {
          "index_key": "httproute.yml",
          "schema_version": 1,
          "attributes": {
            "computed_fields": null,
            "field_manager": [],
            "manifest": {
              "value": {
                "apiVersion": "gateway.networking.k8s.io/v1beta1",
                "kind": "HTTPRoute",
                "metadata": {
                  "name": "frontend-route",
                  "namespace": "sins"
                },
                "spec": {
                  "hostnames": [
                    "sillybeings.com"
                  ],
                  "parentRefs": [
                    {
                      "name": "gateway",
                      "namespace": "kgateway-system"
                    }
                  ],
                  "rules": [
                    {
                      "backendRefs": [
                        {
                          "kind": "Service",
                          "name": "frontend",
                          "namespace": "sins",
                          "port": 80
                        }
                      ],
                      "matches": [
                        {
                          "path": {
                            "type": "PathPrefix",
                            "value": "/"
                          }
                        }
                      ]
                    }
                  ]
                }
              },
              "type": [
                "object",
                {
                  "apiVersion": "string",
                  "kind": "string",
                  "metadata": [
                    "object",
                    {
                      "name": "string",
                      "namespace": "string"
                    }
                  ],
                  "spec": [
                    "object",
                    {
                      "hostnames": [
                        "tuple",
                        [
                          "string"
                        ]
                      ],
                      "parentRefs": [
                        "tuple",
                        [
                          [
                            "object",
                            {
                              "name": "string",
                              "namespace": "string"
                            }
                          ]
                        ]
                      ],
                      "rules": [
                        "tuple",
                        [
                          [
                            "object",
                            {
                              "backendRefs": [
                                "tuple",
                                [
                                  [
                                    "object",
                                    {
                                      "kind": "string",
                                      "name": "string",
                                      "namespace": "string",
                                      "port": "number"
                                    }
                                  ]
                                ]
                              ],
                              "matches": [
                                "tuple",
                                [
                                  [
                                    "object",
                                    {
                                      "path": [
                                        "object",
                                        {
                                          "type": "string",
                                          "value": "string"
                                        }
                                      ]
                                    }
                                  ]
                                ]
                              ]
                            }
                          ]
                        ]
                      ]
                    }
                  ]
                }
              ]
            },
            "object": {
              "value": {
                "apiVersion": "gateway.networking.k8s.io/v1beta1",
                "kind": "HTTPRoute",
                "metadata": {
                  "annotations": null,
                  "creationTimestamp": null,
                  "deletionGracePeriodSeconds": null,
                  "deletionTimestamp": null,
                  "finalizers": null,
                  "generateName": null,
                  "generation": null,
                  "labels": null,
                  "managedFields": null,
                  "name": "frontend-route",
                  "namespace": "sins",
                  "ownerReferences": null,
                  "resourceVersion": null,
                  "selfLink": null,
                  "uid": null
                },
                "spec": {
                  "hostnames": [
                    "sillybeings.com"
                  ],
                  "parentRefs": [
                    {
                      "group": "gateway.networking.k8s.io",
                      "kind": "Gateway",
                      "name": "gateway",
                      "namespace": "kgateway-system",
                      "port": null,
                      "sectionName": null
                    }
                  ],
                  "rules": [
                    {
                      "backendRefs": [
                        {
                          "filters": null,
                          "group": "",
                          "kind": "Service",
                          "name": "frontend",
                          "namespace": "sins",
                          "port": 80,
                          "weight": 1
                        }
                      ],
                      "filters": null,
                      "matches": [
                        {
                          "headers": null,
                          "method": null,
                          "path": {
                            "type": "PathPrefix",
                            "value": "/"
                          },
                          "queryParams": null
                        }
                      ],
                      "timeouts": {
                        "backendRequest": null,
                        "request": null
                      }
                    }
                  ]
                }
              },
              "type": [
                "object",
                {
                  "apiVersion": "string",
                  "kind": "string",
                  "metadata": [
                    "object",
                    {
                      "annotations": [
                        "map",
                        "string"
                      ],
                      "creationTimestamp": "string",
                      "deletionGracePeriodSeconds": "number",
                      "deletionTimestamp": "string",
                      "finalizers": [
                        "list",
                        "string"
                      ],
                      "generateName": "string",
                      "generation": "number",
                      "labels": [
                        "map",
                        "string"
                      ],
                      "managedFields": [
                        "tuple",
                        [
                          [
                            "object",
                            {
                              "apiVersion": "string",
                              "fieldsType": "string",
                              "fieldsV1": "dynamic",
                              "manager": "string",
                              "operation": "string",
                              "subresource": "string",
                              "time": "string"
                            }
                          ]
                        ]
                      ],
                      "name": "string",
                      "namespace": "string",
                      "ownerReferences": [
                        "list",
                        [
                          "object",
                          {
                            "apiVersion": "string",
                            "blockOwnerDeletion": "bool",
                            "controller": "bool",
                            "kind": "string",
                            "name": "string",
                            "uid": "string"
                          }
                        ]
                      ],
                      "resourceVersion": "string",
                      "selfLink": "string",
                      "uid": "string"
                    }
                  ],
                  "spec": [
                    "object",
                    {
                      "hostnames": [
                        "list",
                        "string"
                      ],
                      "parentRefs": [
                        "list",
                        [
                          "object",
                          {
                            "group": "string",
                            "kind": "string",
                            "name": "string",
                            "namespace": "string",
                            "port": "number",
                            "sectionName": "string"
                          }
                        ]
                      ],
                      "rules": [
                        "list",
                        [
                          "object",
                          {
                            "backendRefs": [
                              "list",
                              [
                                "object",
                                {
                                  "filters": [
                                    "list",
                                    [
                                      "object",
                                      {
                                        "extensionRef": [
                                          "object",
                                          {
                                            "group": "string",
                                            "kind": "string",
                                            "name": "string"
                                          }
                                        ],
                                        "requestHeaderModifier": [
                                          "object",
                                          {
                                            "add": [
                                              "list",
                                              [
                                                "object",
                                                {
                                                  "name": "string",
                                                  "value": "string"
                                                }
                                              ]
                                            ],
                                            "remove": [
                                              "list",
                                              "string"
                                            ],
                                            "set": [
                                              "list",
                                              [
                                                "object",
                                                {
                                                  "name": "string",
                                                  "value": "string"
                                                }
                                              ]
                                            ]
                                          }
                                        ],
                                        "requestMirror": [
                                          "object",
                                          {
                                            "backendRef": [
                                              "object",
                                              {
                                                "group": "string",
                                                "kind": "string",
                                                "name": "string",
                                                "namespace": "string",
                                                "port": "number"
                                              }
                                            ],
                                            "fraction": [
                                              "object",
                                              {
                                                "denominator": "number",
                                                "numerator": "number"
                                              }
                                            ],
                                            "percent": "number"
                                          }
                                        ],
                                        "requestRedirect": [
                                          "object",
                                          {
                                            "hostname": "string",
                                            "path": [
                                              "object",
                                              {
                                                "replaceFullPath": "string",
                                                "replacePrefixMatch": "string",
                                                "type": "string"
                                              }
                                            ],
                                            "port": "number",
                                            "scheme": "string",
                                            "statusCode": "number"
                                          }
                                        ],
                                        "responseHeaderModifier": [
                                          "object",
                                          {
                                            "add": [
                                              "list",
                                              [
                                                "object",
                                                {
                                                  "name": "string",
                                                  "value": "string"
                                                }
                                              ]
                                            ],
                                            "remove": [
                                              "list",
                                              "string"
                                            ],
                                            "set": [
                                              "list",
                                              [
                                                "object",
                                                {
                                                  "name": "string",
                                                  "value": "string"
                                                }
                                              ]
                                            ]
                                          }
                                        ],
                                        "type": "string",
                                        "urlRewrite": [
                                          "object",
                                          {
                                            "hostname": "string",
                                            "path": [
                                              "object",
                                              {
                                                "replaceFullPath": "string",
                                                "replacePrefixMatch": "string",
                                                "type": "string"
                                              }
                                            ]
                                          }
                                        ]
                                      }
                                    ]
                                  ],
                                  "group": "string",
                                  "kind": "string",
                                  "name": "string",
                                  "namespace": "string",
                                  "port": "number",
                                  "weight": "number"
                                }
                              ]
                            ],
                            "filters": [
                              "list",
                              [
                                "object",
                                {
                                  "extensionRef": [
                                    "object",
                                    {
                                      "group": "string",
                                      "kind": "string",
                                      "name": "string"
                                    }
                                  ],
                                  "requestHeaderModifier": [
                                    "object",
                                    {
                                      "add": [
                                        "list",
                                        [
                                          "object",
                                          {
                                            "name": "string",
                                            "value": "string"
                                          }
                                        ]
                                      ],
                                      "remove": [
                                        "list",
                                        "string"
                                      ],
                                      "set": [
                                        "list",
                                        [
                                          "object",
                                          {
                                            "name": "string",
                                            "value": "string"
                                          }
                                        ]
                                      ]
                                    }
                                  ],
                                  "requestMirror": [
                                    "object",
                                    {
                                      "backendRef": [
                                        "object",
                                        {
                                          "group": "string",
                                          "kind": "string",
                                          "name": "string",
                                          "namespace": "string",
                                          "port": "number"
                                        }
                                      ],
                                      "fraction": [
                                        "object",
                                        {
                                          "denominator": "number",
                                          "numerator": "number"
                                        }
                                      ],
                                      "percent": "number"
                                    }
                                  ],
                                  "requestRedirect": [
                                    "object",
                                    {
                                      "hostname": "string",
                                      "path": [
                                        "object",
                                        {
                                          "replaceFullPath": "string",
                                          "replacePrefixMatch": "string",
                                          "type": "string"
                                        }
                                      ],
                                      "port": "number",
                                      "scheme": "string",
                                      "statusCode": "number"
                                    }
                                  ],
                                  "responseHeaderModifier": [
                                    "object",
                                    {
                                      "add": [
                                        "list",
                                        [
                                          "object",
                                          {
                                            "name": "string",
                                            "value": "string"
                                          }
                                        ]
                                      ],
                                      "remove": [
                                        "list",
                                        "string"
                                      ],
                                      "set": [
                                        "list",
                                        [
                                          "object",
                                          {
                                            "name": "string",
                                            "value": "string"
                                          }
                                        ]
                                      ]
                                    }
                                  ],
                                  "type": "string",
                                  "urlRewrite": [
                                    "object",
                                    {
                                      "hostname": "string",
                                      "path": [
                                        "object",
                                        {
                                          "replaceFullPath": "string",
                                          "replacePrefixMatch": "string",
                                          "type": "string"
                                        }
                                      ]
                                    }
                                  ]
                                }
                              ]
                            ],
                            "matches": [
                              "list",
                              [
                                "object",
                                {
                                  "headers": [
                                    "list",
                                    [
                                      "object",
                                      {
                                        "name": "string",
                                        "type": "string",
                                        "value": "string"
                                      }
                                    ]
                                  ],
                                  "method": "string",
                                  "path": [
                                    "object",
                                    {
                                      "type": "string",
                                      "value": "string"
                                    }
                                  ],
                                  "queryParams": [
                                    "list",
                                    [
                                      "object",
                                      {
                                        "name": "string",
                                        "type": "string",
                                        "value": "string"
                                      }
                                    ]
                                  ]
                                }
                              ]
                            ],
                            "timeouts": [
                              "object",
                              {
                                "backendRequest": "string",
                                "request": "string"
                              }
                            ]
                          }
                        ]
                      ]
                    }
                  ]
                }
              ]
            },
            "timeouts": [],
            "wait": [],
            "wait_for": null
          },
          "sensitive_attributes": [],
          "identity_schema_version": 1,
          "identity": {
            "api_version": "gateway.networking.k8s.io/v1beta1",
            "kind": "HTTPRoute",
            "name": "frontend-route",
            "namespace": "sins"
          }
        },
        {
          "index_key": "pgcluster.yml",
          "schema_version": 1,
          "attributes": {
            "computed_fields": null,
            "field_manager": [],
            "manifest": {
              "value": {
                "apiVersion": "postgresql.cnpg.io/v1",
                "kind": "Cluster",
                "metadata": {
                  "name": "postgres",
                  "namespace": "sins"
                },
                "spec": {
                  "bootstrap": {
                    "initdb": {
                      "database": "dbname",
                      "owner": "user",
                      "postInitApplicationSQLRefs": {
                        "configMapRefs": [
                          {
                            "key": "init.sql",
                            "name": "init-sql"
                          }
                        ]
                      }
                    }
                  },
                  "instances": 3,
                  "storage": {
                    "size": "1Gi"
                  }
                }
              },
              "type": [
                "object",
                {
                  "apiVersion": "string",
                  "kind": "string",
                  "metadata": [
                    "object",
                    {
                      "name": "string",
                      "namespace": "string"
                    }
                  ],
                  "spec": [
                    "object",
                    {
                      "bootstrap": [
                        "object",
                        {
                          "initdb": [
                            "object",
                            {
                              "database": "string",
                              "owner": "string",
                              "postInitApplicationSQLRefs": [
                                "object",
                                {
                                  "configMapRefs": [
                                    "tuple",
                                    [
                                      [
                                        "object",
                                        {
                                          "key": "string",
                                          "name": "string"
                                        }
                                      ]
                                    ]
                                  ]
                                }
                              ]
                            }
                          ]
                        }
                      ],
                      "instances": "number",
                      "storage": [
                        "object",
                        {
                          "size": "string"
                        }
                      ]
                    }
                  ]
                }
              ]
            },
            "object": {
              "value": {
                "apiVersion": "postgresql.cnpg.io/v1",
                "kind": "Cluster",
                "metadata": {
                  "annotations": null,
                  "creationTimestamp": null,
                  "deletionGracePeriodSeconds": null,
                  "deletionTimestamp": null,
                  "finalizers": null,
                  "generateName": null,
                  "generation": null,
                  "labels": null,
                  "managedFields": null,
                  "name": "postgres",
                  "namespace": "sins",
                  "ownerReferences": null,
                  "resourceVersion": null,
                  "selfLink": null,
                  "uid": null
                },
                "spec": {
                  "affinity": {
                    "additionalPodAffinity": {
                      "preferredDuringSchedulingIgnoredDuringExecution": null,
                      "requiredDuringSchedulingIgnoredDuringExecution": null
                    },
                    "additionalPodAntiAffinity": {
                      "preferredDuringSchedulingIgnoredDuringExecution": null,
                      "requiredDuringSchedulingIgnoredDuringExecution": null
                    },
                    "enablePodAntiAffinity": null,
                    "nodeAffinity": {
                      "preferredDuringSchedulingIgnoredDuringExecution": null,
                      "requiredDuringSchedulingIgnoredDuringExecution": {
                        "nodeSelectorTerms": null
                      }
                    },
                    "nodeSelector": null,
                    "podAntiAffinityType": "preferred",
                    "tolerations": null,
                    "topologyKey": null
                  },
                  "backup": {
                    "barmanObjectStore": {
                      "azureCredentials": {
                        "connectionString": {
                          "key": null,
                          "name": null
                        },
                        "inheritFromAzureAD": null,
                        "storageAccount": {
                          "key": null,
                          "name": null
                        },
                        "storageKey": {
                          "key": null,
                          "name": null
                        },
                        "storageSasToken": {
                          "key": null,
                          "name": null
                        }
                      },
                      "data": {
                        "additionalCommandArgs": null,
                        "compression": null,
                        "encryption": null,
                        "immediateCheckpoint": null,
                        "jobs": null
                      },
                      "destinationPath": null,
                      "endpointCA": {
                        "key": null,
                        "name": null
                      },
                      "endpointURL": null,
                      "googleCredentials": {
                        "applicationCredentials": {
                          "key": null,
                          "name": null
                        },
                        "gkeEnvironment": null
                      },
                      "historyTags": null,
                      "s3Credentials": {
                        "accessKeyId": {
                          "key": null,
                          "name": null
                        },
                        "inheritFromIAMRole": null,
                        "region": {
                          "key": null,
                          "name": null
                        },
                        "secretAccessKey": {
                          "key": null,
                          "name": null
                        },
                        "sessionToken": {
                          "key": null,
                          "name": null
                        }
                      },
                      "serverName": null,
                      "tags": null,
                      "wal": {
                        "archiveAdditionalCommandArgs": null,
                        "compression": null,
                        "encryption": null,
                        "maxParallel": null,
                        "restoreAdditionalCommandArgs": null
                      }
                    },
                    "retentionPolicy": null,
                    "target": null,
                    "volumeSnapshot": {
                      "annotations": null,
                      "className": null,
                      "labels": null,
                      "online": null,
                      "onlineConfiguration": {
                        "immediateCheckpoint": null,
                        "waitForArchive": null
                      },
                      "snapshotOwnerReference": null,
                      "tablespaceClassName": null,
                      "walClassName": null
                    }
                  },
                  "bootstrap": {
                    "initdb": {
                      "builtinLocale": null,
                      "dataChecksums": null,
                      "database": "dbname",
                      "encoding": "UTF8",
                      "icuLocale": null,
                      "icuRules": null,
                      "import": {
                        "databases": null,
                        "pgDumpExtraOptions": null,
                        "pgRestoreExtraOptions": null,
                        "postImportApplicationSQL": null,
                        "roles": null,
                        "schemaOnly": null,
                        "source": {
                          "externalCluster": null
                        },
                        "type": null
                      },
                      "locale": null,
                      "localeCType": "C",
                      "localeCollate": "C",
                      "localeProvider": null,
                      "options": null,
                      "owner": "user",
                      "postInitApplicationSQL": null,
                      "postInitApplicationSQLRefs": {
                        "configMapRefs": [
                          {
                            "key": "init.sql",
                            "name": "init-sql"
                          }
                        ],
                        "secretRefs": null
                      },
                      "postInitSQL": null,
                      "postInitSQLRefs": {
                        "configMapRefs": null,
                        "secretRefs": null
                      },
                      "postInitTemplateSQL": null,
                      "postInitTemplateSQLRefs": {
                        "configMapRefs": null,
                        "secretRefs": null
                      },
                      "secret": {
                        "name": null
                      },
                      "walSegmentSize": null
                    },
                    "pg_basebackup": {
                      "database": null,
                      "owner": null,
                      "secret": {
                        "name": null
                      },
                      "source": null
                    },
                    "recovery": {
                      "backup": {
                        "endpointCA": {
                          "key": null,
                          "name": null
                        },
                        "name": null
                      },
                      "database": null,
                      "owner": null,
                      "recoveryTarget": {
                        "backupID": null,
                        "exclusive": null,
                        "targetImmediate": null,
                        "targetLSN": null,
                        "targetName": null,
                        "targetTLI": null,
                        "targetTime": null,
                        "targetXID": null
                      },
                      "secret": {
                        "name": null
                      },
                      "source": null,
                      "volumeSnapshots": {
                        "storage": {
                          "apiGroup": null,
                          "kind": null,
                          "name": null
                        },
                        "tablespaceStorage": null,
                        "walStorage": {
                          "apiGroup": null,
                          "kind": null,
                          "name": null
                        }
                      }
                    }
                  },
                  "certificates": {
                    "clientCASecret": null,
                    "replicationTLSSecret": null,
                    "serverAltDNSNames": null,
                    "serverCASecret": null,
                    "serverTLSSecret": null
                  },
                  "description": null,
                  "enablePDB": true,
                  "enableSuperuserAccess": false,
                  "env": null,
                  "envFrom": null,
                  "ephemeralVolumeSource": {
                    "volumeClaimTemplate": {
                      "metadata": null,
                      "spec": {
                        "accessModes": null,
                        "dataSource": {
                          "apiGroup": null,
                          "kind": null,
                          "name": null
                        },
                        "dataSourceRef": {
                          "apiGroup": null,
                          "kind": null,
                          "name": null,
                          "namespace": null
                        },
                        "resources": {
                          "limits": null,
                          "requests": null
                        },
                        "selector": {
                          "matchExpressions": null,
                          "matchLabels": null
                        },
                        "storageClassName": null,
                        "volumeAttributesClassName": null,
                        "volumeMode": null,
                        "volumeName": null
                      }
                    }
                  },
                  "ephemeralVolumesSizeLimit": {
                    "shm": null,
                    "temporaryData": null
                  },
                  "externalClusters": null,
                  "failoverDelay": 0,
                  "imageCatalogRef": {
                    "apiGroup": null,
                    "kind": null,
                    "major": null,
                    "name": null
                  },
                  "imageName": "ghcr.io/cloudnative-pg/postgresql:17.5",
                  "imagePullPolicy": null,
                  "imagePullSecrets": null,
                  "inheritedMetadata": {
                    "annotations": null,
                    "labels": null
                  },
                  "instances": 3,
                  "livenessProbeTimeout": null,
                  "logLevel": "info",
                  "managed": {
                    "roles": null,
                    "services": {
                      "additional": null,
                      "disabledDefaultServices": null
                    }
                  },
                  "maxSyncReplicas": 0,
                  "minSyncReplicas": 0,
                  "monitoring": {
                    "customQueriesConfigMap": [
                      {
                        "key": "queries",
                        "name": "cnpg-default-monitoring"
                      }
                    ],
                    "customQueriesSecret": null,
                    "disableDefaultQueries": false,
                    "enablePodMonitor": false,
                    "podMonitorMetricRelabelings": null,
                    "podMonitorRelabelings": null,
                    "tls": {
                      "enabled": null
                    }
                  },
                  "nodeMaintenanceWindow": {
                    "inProgress": null,
                    "reusePVC": null
                  },
                  "plugins": null,
                  "postgresGID": 26,
                  "postgresUID": 26,
                  "postgresql": {
                    "enableAlterSystem": null,
                    "ldap": {
                      "bindAsAuth": {
                        "prefix": null,
                        "suffix": null
                      },
                      "bindSearchAuth": {
                        "baseDN": null,
                        "bindDN": null,
                        "bindPassword": {
                          "key": null,
                          "name": null,
                          "optional": null
                        },
                        "searchAttribute": null,
                        "searchFilter": null
                      },
                      "port": null,
                      "scheme": null,
                      "server": null,
                      "tls": null
                    },
                    "parameters": {
                      "archive_mode": "on",
                      "archive_timeout": "5min",
                      "dynamic_shared_memory_type": "posix",
                      "full_page_writes": "on",
                      "log_destination": "csvlog",
                      "log_directory": "/controller/log",
                      "log_filename": "postgres",
                      "log_rotation_age": "0",
                      "log_rotation_size": "0",
                      "log_truncate_on_rotation": "false",
                      "logging_collector": "on",
                      "max_parallel_workers": "32",
                      "max_replication_slots": "32",
                      "max_worker_processes": "32",
                      "shared_memory_type": "mmap",
                      "shared_preload_libraries": "",
                      "ssl_max_protocol_version": "TLSv1.3",
                      "ssl_min_protocol_version": "TLSv1.3",
                      "wal_keep_size": "512MB",
                      "wal_level": "logical",
                      "wal_log_hints": "on",
                      "wal_receiver_timeout": "5s",
                      "wal_sender_timeout": "5s"
                    },
                    "pg_hba": null,
                    "pg_ident": null,
                    "promotionTimeout": null,
                    "shared_preload_libraries": null,
                    "syncReplicaElectionConstraint": {
                      "enabled": false,
                      "nodeLabelsAntiAffinity": null
                    },
                    "synchronous": {
                      "dataDurability": null,
                      "maxStandbyNamesFromCluster": null,
                      "method": null,
                      "number": null,
                      "standbyNamesPost": null,
                      "standbyNamesPre": null
                    }
                  },
                  "primaryUpdateMethod": "restart",
                  "primaryUpdateStrategy": "unsupervised",
                  "priorityClassName": null,
                  "probes": {
                    "liveness": {
                      "failureThreshold": null,
                      "initialDelaySeconds": null,
                      "periodSeconds": null,
                      "successThreshold": null,
                      "terminationGracePeriodSeconds": null,
                      "timeoutSeconds": null
                    },
                    "readiness": {
                      "failureThreshold": null,
                      "initialDelaySeconds": null,
                      "periodSeconds": null,
                      "successThreshold": null,
                      "terminationGracePeriodSeconds": null,
                      "timeoutSeconds": null
                    },
                    "startup": {
                      "failureThreshold": null,
                      "initialDelaySeconds": null,
                      "periodSeconds": null,
                      "successThreshold": null,
                      "terminationGracePeriodSeconds": null,
                      "timeoutSeconds": null
                    }
                  },
                  "projectedVolumeTemplate": {
                    "defaultMode": null,
                    "sources": null
                  },
                  "replica": {
                    "enabled": null,
                    "minApplyDelay": null,
                    "primary": null,
                    "promotionToken": null,
                    "self": null,
                    "source": null
                  },
                  "replicationSlots": {
                    "highAvailability": {
                      "enabled": true,
                      "slotPrefix": "_cnpg_"
                    },
                    "synchronizeReplicas": {
                      "enabled": true,
                      "excludePatterns": null
                    },
                    "updateInterval": 30
                  },
                  "resources": {
                    "claims": null,
                    "limits": null,
                    "requests": null
                  },
                  "schedulerName": null,
                  "seccompProfile": {
                    "localhostProfile": null,
                    "type": null
                  },
                  "serviceAccountTemplate": {
                    "metadata": {
                      "annotations": null,
                      "labels": null,
                      "name": null
                    }
                  },
                  "smartShutdownTimeout": 180,
                  "startDelay": 3600,
                  "stopDelay": 1800,
                  "storage": {
                    "pvcTemplate": {
                      "accessModes": null,
                      "dataSource": {
                        "apiGroup": null,
                        "kind": null,
                        "name": null
                      },
                      "dataSourceRef": {
                        "apiGroup": null,
                        "kind": null,
                        "name": null,
                        "namespace": null
                      },
                      "resources": {
                        "limits": null,
                        "requests": null
                      },
                      "selector": {
                        "matchExpressions": null,
                        "matchLabels": null
                      },
                      "storageClassName": null,
                      "volumeAttributesClassName": null,
                      "volumeMode": null,
                      "volumeName": null
                    },
                    "resizeInUseVolumes": true,
                    "size": "1Gi",
                    "storageClass": null
                  },
                  "superuserSecret": {
                    "name": null
                  },
                  "switchoverDelay": 3600,
                  "tablespaces": null,
                  "topologySpreadConstraints": null,
                  "walStorage": {
                    "pvcTemplate": {
                      "accessModes": null,
                      "dataSource": {
                        "apiGroup": null,
                        "kind": null,
                        "name": null
                      },
                      "dataSourceRef": {
                        "apiGroup": null,
                        "kind": null,
                        "name": null,
                        "namespace": null
                      },
                      "resources": {
                        "limits": null,
                        "requests": null
                      },
                      "selector": {
                        "matchExpressions": null,
                        "matchLabels": null
                      },
                      "storageClassName": null,
                      "volumeAttributesClassName": null,
                      "volumeMode": null,
                      "volumeName": null
                    },
                    "resizeInUseVolumes": null,
                    "size": null,
                    "storageClass": null
                  }
                }
              },
              "type": [
                "object",
                {
                  "apiVersion": "string",
                  "kind": "string",
                  "metadata": [
                    "object",
                    {
                      "annotations": [
                        "map",
                        "string"
                      ],
                      "creationTimestamp": "string",
                      "deletionGracePeriodSeconds": "number",
                      "deletionTimestamp": "string",
                      "finalizers": [
                        "list",
                        "string"
                      ],
                      "generateName": "string",
                      "generation": "number",
                      "labels": [
                        "map",
                        "string"
                      ],
                      "managedFields": [
                        "tuple",
                        [
                          [
                            "object",
                            {
                              "apiVersion": "string",
                              "fieldsType": "string",
                              "fieldsV1": "dynamic",
                              "manager": "string",
                              "operation": "string",
                              "subresource": "string",
                              "time": "string"
                            }
                          ]
                        ]
                      ],
                      "name": "string",
                      "namespace": "string",
                      "ownerReferences": [
                        "list",
                        [
                          "object",
                          {
                            "apiVersion": "string",
                            "blockOwnerDeletion": "bool",
                            "controller": "bool",
                            "kind": "string",
                            "name": "string",
                            "uid": "string"
                          }
                        ]
                      ],
                      "resourceVersion": "string",
                      "selfLink": "string",
                      "uid": "string"
                    }
                  ],
                  "spec": [
                    "object",
                    {
                      "affinity": [
                        "object",
                        {
                          "additionalPodAffinity": [
                            "object",
                            {
                              "preferredDuringSchedulingIgnoredDuringExecution": [
                                "list",
                                [
                                  "object",
                                  {
                                    "podAffinityTerm": [
                                      "object",
                                      {
                                        "labelSelector": [
                                          "object",
                                          {
                                            "matchExpressions": [
                                              "list",
                                              [
                                                "object",
                                                {
                                                  "key": "string",
                                                  "operator": "string",
                                                  "values": [
                                                    "list",
                                                    "string"
                                                  ]
                                                }
                                              ]
                                            ],
                                            "matchLabels": [
                                              "map",
                                              "string"
                                            ]
                                          }
                                        ],
                                        "matchLabelKeys": [
                                          "list",
                                          "string"
                                        ],
                                        "mismatchLabelKeys": [
                                          "list",
                                          "string"
                                        ],
                                        "namespaceSelector": [
                                          "object",
                                          {
                                            "matchExpressions": [
                                              "list",
                                              [
                                                "object",
                                                {
                                                  "key": "string",
                                                  "operator": "string",
                                                  "values": [
                                                    "list",
                                                    "string"
                                                  ]
                                                }
                                              ]
                                            ],
                                            "matchLabels": [
                                              "map",
                                              "string"
                                            ]
                                          }
                                        ],
                                        "namespaces": [
                                          "list",
                                          "string"
                                        ],
                                        "topologyKey": "string"
                                      }
                                    ],
                                    "weight": "number"
                                  }
                                ]
                              ],
                              "requiredDuringSchedulingIgnoredDuringExecution": [
                                "list",
                                [
                                  "object",
                                  {
                                    "labelSelector": [
                                      "object",
                                      {
                                        "matchExpressions": [
                                          "list",
                                          [
                                            "object",
                                            {
                                              "key": "string",
                                              "operator": "string",
                                              "values": [
                                                "list",
                                                "string"
                                              ]
                                            }
                                          ]
                                        ],
                                        "matchLabels": [
                                          "map",
                                          "string"
                                        ]
                                      }
                                    ],
                                    "matchLabelKeys": [
                                      "list",
                                      "string"
                                    ],
                                    "mismatchLabelKeys": [
                                      "list",
                                      "string"
                                    ],
                                    "namespaceSelector": [
                                      "object",
                                      {
                                        "matchExpressions": [
                                          "list",
                                          [
                                            "object",
                                            {
                                              "key": "string",
                                              "operator": "string",
                                              "values": [
                                                "list",
                                                "string"
                                              ]
                                            }
                                          ]
                                        ],
                                        "matchLabels": [
                                          "map",
                                          "string"
                                        ]
                                      }
                                    ],
                                    "namespaces": [
                                      "list",
                                      "string"
                                    ],
                                    "topologyKey": "string"
                                  }
                                ]
                              ]
                            }
                          ],
                          "additionalPodAntiAffinity": [
                            "object",
                            {
                              "preferredDuringSchedulingIgnoredDuringExecution": [
                                "list",
                                [
                                  "object",
                                  {
                                    "podAffinityTerm": [
                                      "object",
                                      {
                                        "labelSelector": [
                                          "object",
                                          {
                                            "matchExpressions": [
                                              "list",
                                              [
                                                "object",
                                                {
                                                  "key": "string",
                                                  "operator": "string",
                                                  "values": [
                                                    "list",
                                                    "string"
                                                  ]
                                                }
                                              ]
                                            ],
                                            "matchLabels": [
                                              "map",
                                              "string"
                                            ]
                                          }
                                        ],
                                        "matchLabelKeys": [
                                          "list",
                                          "string"
                                        ],
                                        "mismatchLabelKeys": [
                                          "list",
                                          "string"
                                        ],
                                        "namespaceSelector": [
                                          "object",
                                          {
                                            "matchExpressions": [
                                              "list",
                                              [
                                                "object",
                                                {
                                                  "key": "string",
                                                  "operator": "string",
                                                  "values": [
                                                    "list",
                                                    "string"
                                                  ]
                                                }
                                              ]
                                            ],
                                            "matchLabels": [
                                              "map",
                                              "string"
                                            ]
                                          }
                                        ],
                                        "namespaces": [
                                          "list",
                                          "string"
                                        ],
                                        "topologyKey": "string"
                                      }
                                    ],
                                    "weight": "number"
                                  }
                                ]
                              ],
                              "requiredDuringSchedulingIgnoredDuringExecution": [
                                "list",
                                [
                                  "object",
                                  {
                                    "labelSelector": [
                                      "object",
                                      {
                                        "matchExpressions": [
                                          "list",
                                          [
                                            "object",
                                            {
                                              "key": "string",
                                              "operator": "string",
                                              "values": [
                                                "list",
                                                "string"
                                              ]
                                            }
                                          ]
                                        ],
                                        "matchLabels": [
                                          "map",
                                          "string"
                                        ]
                                      }
                                    ],
                                    "matchLabelKeys": [
                                      "list",
                                      "string"
                                    ],
                                    "mismatchLabelKeys": [
                                      "list",
                                      "string"
                                    ],
                                    "namespaceSelector": [
                                      "object",
                                      {
                                        "matchExpressions": [
                                          "list",
                                          [
                                            "object",
                                            {
                                              "key": "string",
                                              "operator": "string",
                                              "values": [
                                                "list",
                                                "string"
                                              ]
                                            }
                                          ]
                                        ],
                                        "matchLabels": [
                                          "map",
                                          "string"
                                        ]
                                      }
                                    ],
                                    "namespaces": [
                                      "list",
                                      "string"
                                    ],
                                    "topologyKey": "string"
                                  }
                                ]
                              ]
                            }
                          ],
                          "enablePodAntiAffinity": "bool",
                          "nodeAffinity": [
                            "object",
                            {
                              "preferredDuringSchedulingIgnoredDuringExecution": [
                                "list",
                                [
                                  "object",
                                  {
                                    "preference": [
                                      "object",
                                      {
                                        "matchExpressions": [
                                          "list",
                                          [
                                            "object",
                                            {
                                              "key": "string",
                                              "operator": "string",
                                              "values": [
                                                "list",
                                                "string"
                                              ]
                                            }
                                          ]
                                        ],
                                        "matchFields": [
                                          "list",
                                          [
                                            "object",
                                            {
                                              "key": "string",
                                              "operator": "string",
                                              "values": [
                                                "list",
                                                "string"
                                              ]
                                            }
                                          ]
                                        ]
                                      }
                                    ],
                                    "weight": "number"
                                  }
                                ]
                              ],
                              "requiredDuringSchedulingIgnoredDuringExecution": [
                                "object",
                                {
                                  "nodeSelectorTerms": [
                                    "list",
                                    [
                                      "object",
                                      {
                                        "matchExpressions": [
                                          "list",
                                          [
                                            "object",
                                            {
                                              "key": "string",
                                              "operator": "string",
                                              "values": [
                                                "list",
                                                "string"
                                              ]
                                            }
                                          ]
                                        ],
                                        "matchFields": [
                                          "list",
                                          [
                                            "object",
                                            {
                                              "key": "string",
                                              "operator": "string",
                                              "values": [
                                                "list",
                                                "string"
                                              ]
                                            }
                                          ]
                                        ]
                                      }
                                    ]
                                  ]
                                }
                              ]
                            }
                          ],
                          "nodeSelector": [
                            "map",
                            "string"
                          ],
                          "podAntiAffinityType": "string",
                          "tolerations": [
                            "list",
                            [
                              "object",
                              {
                                "effect": "string",
                                "key": "string",
                                "operator": "string",
                                "tolerationSeconds": "number",
                                "value": "string"
                              }
                            ]
                          ],
                          "topologyKey": "string"
                        }
                      ],
                      "backup": [
                        "object",
                        {
                          "barmanObjectStore": [
                            "object",
                            {
                              "azureCredentials": [
                                "object",
                                {
                                  "connectionString": [
                                    "object",
                                    {
                                      "key": "string",
                                      "name": "string"
                                    }
                                  ],
                                  "inheritFromAzureAD": "bool",
                                  "storageAccount": [
                                    "object",
                                    {
                                      "key": "string",
                                      "name": "string"
                                    }
                                  ],
                                  "storageKey": [
                                    "object",
                                    {
                                      "key": "string",
                                      "name": "string"
                                    }
                                  ],
                                  "storageSasToken": [
                                    "object",
                                    {
                                      "key": "string",
                                      "name": "string"
                                    }
                                  ]
                                }
                              ],
                              "data": [
                                "object",
                                {
                                  "additionalCommandArgs": [
                                    "list",
                                    "string"
                                  ],
                                  "compression": "string",
                                  "encryption": "string",
                                  "immediateCheckpoint": "bool",
                                  "jobs": "number"
                                }
                              ],
                              "destinationPath": "string",
                              "endpointCA": [
                                "object",
                                {
                                  "key": "string",
                                  "name": "string"
                                }
                              ],
                              "endpointURL": "string",
                              "googleCredentials": [
                                "object",
                                {
                                  "applicationCredentials": [
                                    "object",
                                    {
                                      "key": "string",
                                      "name": "string"
                                    }
                                  ],
                                  "gkeEnvironment": "bool"
                                }
                              ],
                              "historyTags": [
                                "map",
                                "string"
                              ],
                              "s3Credentials": [
                                "object",
                                {
                                  "accessKeyId": [
                                    "object",
                                    {
                                      "key": "string",
                                      "name": "string"
                                    }
                                  ],
                                  "inheritFromIAMRole": "bool",
                                  "region": [
                                    "object",
                                    {
                                      "key": "string",
                                      "name": "string"
                                    }
                                  ],
                                  "secretAccessKey": [
                                    "object",
                                    {
                                      "key": "string",
                                      "name": "string"
                                    }
                                  ],
                                  "sessionToken": [
                                    "object",
                                    {
                                      "key": "string",
                                      "name": "string"
                                    }
                                  ]
                                }
                              ],
                              "serverName": "string",
                              "tags": [
                                "map",
                                "string"
                              ],
                              "wal": [
                                "object",
                                {
                                  "archiveAdditionalCommandArgs": [
                                    "list",
                                    "string"
                                  ],
                                  "compression": "string",
                                  "encryption": "string",
                                  "maxParallel": "number",
                                  "restoreAdditionalCommandArgs": [
                                    "list",
                                    "string"
                                  ]
                                }
                              ]
                            }
                          ],
                          "retentionPolicy": "string",
                          "target": "string",
                          "volumeSnapshot": [
                            "object",
                            {
                              "annotations": [
                                "map",
                                "string"
                              ],
                              "className": "string",
                              "labels": [
                                "map",
                                "string"
                              ],
                              "online": "bool",
                              "onlineConfiguration": [
                                "object",
                                {
                                  "immediateCheckpoint": "bool",
                                  "waitForArchive": "bool"
                                }
                              ],
                              "snapshotOwnerReference": "string",
                              "tablespaceClassName": [
                                "map",
                                "string"
                              ],
                              "walClassName": "string"
                            }
                          ]
                        }
                      ],
                      "bootstrap": [
                        "object",
                        {
                          "initdb": [
                            "object",
                            {
                              "builtinLocale": "string",
                              "dataChecksums": "bool",
                              "database": "string",
                              "encoding": "string",
                              "icuLocale": "string",
                              "icuRules": "string",
                              "import": [
                                "object",
                                {
                                  "databases": [
                                    "list",
                                    "string"
                                  ],
                                  "pgDumpExtraOptions": [
                                    "list",
                                    "string"
                                  ],
                                  "pgRestoreExtraOptions": [
                                    "list",
                                    "string"
                                  ],
                                  "postImportApplicationSQL": [
                                    "list",
                                    "string"
                                  ],
                                  "roles": [
                                    "list",
                                    "string"
                                  ],
                                  "schemaOnly": "bool",
                                  "source": [
                                    "object",
                                    {
                                      "externalCluster": "string"
                                    }
                                  ],
                                  "type": "string"
                                }
                              ],
                              "locale": "string",
                              "localeCType": "string",
                              "localeCollate": "string",
                              "localeProvider": "string",
                              "options": [
                                "list",
                                "string"
                              ],
                              "owner": "string",
                              "postInitApplicationSQL": [
                                "list",
                                "string"
                              ],
                              "postInitApplicationSQLRefs": [
                                "object",
                                {
                                  "configMapRefs": [
                                    "list",
                                    [
                                      "object",
                                      {
                                        "key": "string",
                                        "name": "string"
                                      }
                                    ]
                                  ],
                                  "secretRefs": [
                                    "list",
                                    [
                                      "object",
                                      {
                                        "key": "string",
                                        "name": "string"
                                      }
                                    ]
                                  ]
                                }
                              ],
                              "postInitSQL": [
                                "list",
                                "string"
                              ],
                              "postInitSQLRefs": [
                                "object",
                                {
                                  "configMapRefs": [
                                    "list",
                                    [
                                      "object",
                                      {
                                        "key": "string",
                                        "name": "string"
                                      }
                                    ]
                                  ],
                                  "secretRefs": [
                                    "list",
                                    [
                                      "object",
                                      {
                                        "key": "string",
                                        "name": "string"
                                      }
                                    ]
                                  ]
                                }
                              ],
                              "postInitTemplateSQL": [
                                "list",
                                "string"
                              ],
                              "postInitTemplateSQLRefs": [
                                "object",
                                {
                                  "configMapRefs": [
                                    "list",
                                    [
                                      "object",
                                      {
                                        "key": "string",
                                        "name": "string"
                                      }
                                    ]
                                  ],
                                  "secretRefs": [
                                    "list",
                                    [
                                      "object",
                                      {
                                        "key": "string",
                                        "name": "string"
                                      }
                                    ]
                                  ]
                                }
                              ],
                              "secret": [
                                "object",
                                {
                                  "name": "string"
                                }
                              ],
                              "walSegmentSize": "number"
                            }
                          ],
                          "pg_basebackup": [
                            "object",
                            {
                              "database": "string",
                              "owner": "string",
                              "secret": [
                                "object",
                                {
                                  "name": "string"
                                }
                              ],
                              "source": "string"
                            }
                          ],
                          "recovery": [
                            "object",
                            {
                              "backup": [
                                "object",
                                {
                                  "endpointCA": [
                                    "object",
                                    {
                                      "key": "string",
                                      "name": "string"
                                    }
                                  ],
                                  "name": "string"
                                }
                              ],
                              "database": "string",
                              "owner": "string",
                              "recoveryTarget": [
                                "object",
                                {
                                  "backupID": "string",
                                  "exclusive": "bool",
                                  "targetImmediate": "bool",
                                  "targetLSN": "string",
                                  "targetName": "string",
                                  "targetTLI": "string",
                                  "targetTime": "string",
                                  "targetXID": "string"
                                }
                              ],
                              "secret": [
                                "object",
                                {
                                  "name": "string"
                                }
                              ],
                              "source": "string",
                              "volumeSnapshots": [
                                "object",
                                {
                                  "storage": [
                                    "object",
                                    {
                                      "apiGroup": "string",
                                      "kind": "string",
                                      "name": "string"
                                    }
                                  ],
                                  "tablespaceStorage": [
                                    "map",
                                    [
                                      "object",
                                      {
                                        "apiGroup": "string",
                                        "kind": "string",
                                        "name": "string"
                                      }
                                    ]
                                  ],
                                  "walStorage": [
                                    "object",
                                    {
                                      "apiGroup": "string",
                                      "kind": "string",
                                      "name": "string"
                                    }
                                  ]
                                }
                              ]
                            }
                          ]
                        }
                      ],
                      "certificates": [
                        "object",
                        {
                          "clientCASecret": "string",
                          "replicationTLSSecret": "string",
                          "serverAltDNSNames": [
                            "list",
                            "string"
                          ],
                          "serverCASecret": "string",
                          "serverTLSSecret": "string"
                        }
                      ],
                      "description": "string",
                      "enablePDB": "bool",
                      "enableSuperuserAccess": "bool",
                      "env": [
                        "list",
                        [
                          "object",
                          {
                            "name": "string",
                            "value": "string",
                            "valueFrom": [
                              "object",
                              {
                                "configMapKeyRef": [
                                  "object",
                                  {
                                    "key": "string",
                                    "name": "string",
                                    "optional": "bool"
                                  }
                                ],
                                "fieldRef": [
                                  "object",
                                  {
                                    "apiVersion": "string",
                                    "fieldPath": "string"
                                  }
                                ],
                                "resourceFieldRef": [
                                  "object",
                                  {
                                    "containerName": "string",
                                    "divisor": "string",
                                    "resource": "string"
                                  }
                                ],
                                "secretKeyRef": [
                                  "object",
                                  {
                                    "key": "string",
                                    "name": "string",
                                    "optional": "bool"
                                  }
                                ]
                              }
                            ]
                          }
                        ]
                      ],
                      "envFrom": [
                        "list",
                        [
                          "object",
                          {
                            "configMapRef": [
                              "object",
                              {
                                "name": "string",
                                "optional": "bool"
                              }
                            ],
                            "prefix": "string",
                            "secretRef": [
                              "object",
                              {
                                "name": "string",
                                "optional": "bool"
                              }
                            ]
                          }
                        ]
                      ],
                      "ephemeralVolumeSource": [
                        "object",
                        {
                          "volumeClaimTemplate": [
                            "object",
                            {
                              "metadata": "dynamic",
                              "spec": [
                                "object",
                                {
                                  "accessModes": [
                                    "list",
                                    "string"
                                  ],
                                  "dataSource": [
                                    "object",
                                    {
                                      "apiGroup": "string",
                                      "kind": "string",
                                      "name": "string"
                                    }
                                  ],
                                  "dataSourceRef": [
                                    "object",
                                    {
                                      "apiGroup": "string",
                                      "kind": "string",
                                      "name": "string",
                                      "namespace": "string"
                                    }
                                  ],
                                  "resources": [
                                    "object",
                                    {
                                      "limits": [
                                        "map",
                                        "string"
                                      ],
                                      "requests": [
                                        "map",
                                        "string"
                                      ]
                                    }
                                  ],
                                  "selector": [
                                    "object",
                                    {
                                      "matchExpressions": [
                                        "list",
                                        [
                                          "object",
                                          {
                                            "key": "string",
                                            "operator": "string",
                                            "values": [
                                              "list",
                                              "string"
                                            ]
                                          }
                                        ]
                                      ],
                                      "matchLabels": [
                                        "map",
                                        "string"
                                      ]
                                    }
                                  ],
                                  "storageClassName": "string",
                                  "volumeAttributesClassName": "string",
                                  "volumeMode": "string",
                                  "volumeName": "string"
                                }
                              ]
                            }
                          ]
                        }
                      ],
                      "ephemeralVolumesSizeLimit": [
                        "object",
                        {
                          "shm": "string",
                          "temporaryData": "string"
                        }
                      ],
                      "externalClusters": [
                        "list",
                        [
                          "object",
                          {
                            "barmanObjectStore": [
                              "object",
                              {
                                "azureCredentials": [
                                  "object",
                                  {
                                    "connectionString": [
                                      "object",
                                      {
                                        "key": "string",
                                        "name": "string"
                                      }
                                    ],
                                    "inheritFromAzureAD": "bool",
                                    "storageAccount": [
                                      "object",
                                      {
                                        "key": "string",
                                        "name": "string"
                                      }
                                    ],
                                    "storageKey": [
                                      "object",
                                      {
                                        "key": "string",
                                        "name": "string"
                                      }
                                    ],
                                    "storageSasToken": [
                                      "object",
                                      {
                                        "key": "string",
                                        "name": "string"
                                      }
                                    ]
                                  }
                                ],
                                "data": [
                                  "object",
                                  {
                                    "additionalCommandArgs": [
                                      "list",
                                      "string"
                                    ],
                                    "compression": "string",
                                    "encryption": "string",
                                    "immediateCheckpoint": "bool",
                                    "jobs": "number"
                                  }
                                ],
                                "destinationPath": "string",
                                "endpointCA": [
                                  "object",
                                  {
                                    "key": "string",
                                    "name": "string"
                                  }
                                ],
                                "endpointURL": "string",
                                "googleCredentials": [
                                  "object",
                                  {
                                    "applicationCredentials": [
                                      "object",
                                      {
                                        "key": "string",
                                        "name": "string"
                                      }
                                    ],
                                    "gkeEnvironment": "bool"
                                  }
                                ],
                                "historyTags": [
                                  "map",
                                  "string"
                                ],
                                "s3Credentials": [
                                  "object",
                                  {
                                    "accessKeyId": [
                                      "object",
                                      {
                                        "key": "string",
                                        "name": "string"
                                      }
                                    ],
                                    "inheritFromIAMRole": "bool",
                                    "region": [
                                      "object",
                                      {
                                        "key": "string",
                                        "name": "string"
                                      }
                                    ],
                                    "secretAccessKey": [
                                      "object",
                                      {
                                        "key": "string",
                                        "name": "string"
                                      }
                                    ],
                                    "sessionToken": [
                                      "object",
                                      {
                                        "key": "string",
                                        "name": "string"
                                      }
                                    ]
                                  }
                                ],
                                "serverName": "string",
                                "tags": [
                                  "map",
                                  "string"
                                ],
                                "wal": [
                                  "object",
                                  {
                                    "archiveAdditionalCommandArgs": [
                                      "list",
                                      "string"
                                    ],
                                    "compression": "string",
                                    "encryption": "string",
                                    "maxParallel": "number",
                                    "restoreAdditionalCommandArgs": [
                                      "list",
                                      "string"
                                    ]
                                  }
                                ]
                              }
                            ],
                            "connectionParameters": [
                              "map",
                              "string"
                            ],
                            "name": "string",
                            "password": [
                              "object",
                              {
                                "key": "string",
                                "name": "string",
                                "optional": "bool"
                              }
                            ],
                            "plugin": [
                              "object",
                              {
                                "enabled": "bool",
                                "isWALArchiver": "bool",
                                "name": "string",
                                "parameters": [
                                  "map",
                                  "string"
                                ]
                              }
                            ],
                            "sslCert": [
                              "object",
                              {
                                "key": "string",
                                "name": "string",
                                "optional": "bool"
                              }
                            ],
                            "sslKey": [
                              "object",
                              {
                                "key": "string",
                                "name": "string",
                                "optional": "bool"
                              }
                            ],
                            "sslRootCert": [
                              "object",
                              {
                                "key": "string",
                                "name": "string",
                                "optional": "bool"
                              }
                            ]
                          }
                        ]
                      ],
                      "failoverDelay": "number",
                      "imageCatalogRef": [
                        "object",
                        {
                          "apiGroup": "string",
                          "kind": "string",
                          "major": "number",
                          "name": "string"
                        }
                      ],
                      "imageName": "string",
                      "imagePullPolicy": "string",
                      "imagePullSecrets": [
                        "list",
                        [
                          "object",
                          {
                            "name": "string"
                          }
                        ]
                      ],
                      "inheritedMetadata": [
                        "object",
                        {
                          "annotations": [
                            "map",
                            "string"
                          ],
                          "labels": [
                            "map",
                            "string"
                          ]
                        }
                      ],
                      "instances": "number",
                      "livenessProbeTimeout": "number",
                      "logLevel": "string",
                      "managed": [
                        "object",
                        {
                          "roles": [
                            "list",
                            [
                              "object",
                              {
                                "bypassrls": "bool",
                                "comment": "string",
                                "connectionLimit": "number",
                                "createdb": "bool",
                                "createrole": "bool",
                                "disablePassword": "bool",
                                "ensure": "string",
                                "inRoles": [
                                  "list",
                                  "string"
                                ],
                                "inherit": "bool",
                                "login": "bool",
                                "name": "string",
                                "passwordSecret": [
                                  "object",
                                  {
                                    "name": "string"
                                  }
                                ],
                                "replication": "bool",
                                "superuser": "bool",
                                "validUntil": "string"
                              }
                            ]
                          ],
                          "services": [
                            "object",
                            {
                              "additional": [
                                "list",
                                [
                                  "object",
                                  {
                                    "selectorType": "string",
                                    "serviceTemplate": [
                                      "object",
                                      {
                                        "metadata": [
                                          "object",
                                          {
                                            "annotations": [
                                              "map",
                                              "string"
                                            ],
                                            "labels": [
                                              "map",
                                              "string"
                                            ],
                                            "name": "string"
                                          }
                                        ],
                                        "spec": [
                                          "object",
                                          {
                                            "allocateLoadBalancerNodePorts": "bool",
                                            "clusterIP": "string",
                                            "clusterIPs": [
                                              "list",
                                              "string"
                                            ],
                                            "externalIPs": [
                                              "list",
                                              "string"
                                            ],
                                            "externalName": "string",
                                            "externalTrafficPolicy": "string",
                                            "healthCheckNodePort": "number",
                                            "internalTrafficPolicy": "string",
                                            "ipFamilies": [
                                              "list",
                                              "string"
                                            ],
                                            "ipFamilyPolicy": "string",
                                            "loadBalancerClass": "string",
                                            "loadBalancerIP": "string",
                                            "loadBalancerSourceRanges": [
                                              "list",
                                              "string"
                                            ],
                                            "ports": [
                                              "list",
                                              [
                                                "object",
                                                {
                                                  "appProtocol": "string",
                                                  "name": "string",
                                                  "nodePort": "number",
                                                  "port": "number",
                                                  "protocol": "string",
                                                  "targetPort": "string"
                                                }
                                              ]
                                            ],
                                            "publishNotReadyAddresses": "bool",
                                            "selector": [
                                              "map",
                                              "string"
                                            ],
                                            "sessionAffinity": "string",
                                            "sessionAffinityConfig": [
                                              "object",
                                              {
                                                "clientIP": [
                                                  "object",
                                                  {
                                                    "timeoutSeconds": "number"
                                                  }
                                                ]
                                              }
                                            ],
                                            "trafficDistribution": "string",
                                            "type": "string"
                                          }
                                        ]
                                      }
                                    ],
                                    "updateStrategy": "string"
                                  }
                                ]
                              ],
                              "disabledDefaultServices": [
                                "list",
                                "string"
                              ]
                            }
                          ]
                        }
                      ],
                      "maxSyncReplicas": "number",
                      "minSyncReplicas": "number",
                      "monitoring": [
                        "object",
                        {
                          "customQueriesConfigMap": [
                            "list",
                            [
                              "object",
                              {
                                "key": "string",
                                "name": "string"
                              }
                            ]
                          ],
                          "customQueriesSecret": [
                            "list",
                            [
                              "object",
                              {
                                "key": "string",
                                "name": "string"
                              }
                            ]
                          ],
                          "disableDefaultQueries": "bool",
                          "enablePodMonitor": "bool",
                          "podMonitorMetricRelabelings": [
                            "list",
                            [
                              "object",
                              {
                                "action": "string",
                                "modulus": "number",
                                "regex": "string",
                                "replacement": "string",
                                "separator": "string",
                                "sourceLabels": [
                                  "list",
                                  "string"
                                ],
                                "targetLabel": "string"
                              }
                            ]
                          ],
                          "podMonitorRelabelings": [
                            "list",
                            [
                              "object",
                              {
                                "action": "string",
                                "modulus": "number",
                                "regex": "string",
                                "replacement": "string",
                                "separator": "string",
                                "sourceLabels": [
                                  "list",
                                  "string"
                                ],
                                "targetLabel": "string"
                              }
                            ]
                          ],
                          "tls": [
                            "object",
                            {
                              "enabled": "bool"
                            }
                          ]
                        }
                      ],
                      "nodeMaintenanceWindow": [
                        "object",
                        {
                          "inProgress": "bool",
                          "reusePVC": "bool"
                        }
                      ],
                      "plugins": [
                        "list",
                        [
                          "object",
                          {
                            "enabled": "bool",
                            "isWALArchiver": "bool",
                            "name": "string",
                            "parameters": [
                              "map",
                              "string"
                            ]
                          }
                        ]
                      ],
                      "postgresGID": "number",
                      "postgresUID": "number",
                      "postgresql": [
                        "object",
                        {
                          "enableAlterSystem": "bool",
                          "ldap": [
                            "object",
                            {
                              "bindAsAuth": [
                                "object",
                                {
                                  "prefix": "string",
                                  "suffix": "string"
                                }
                              ],
                              "bindSearchAuth": [
                                "object",
                                {
                                  "baseDN": "string",
                                  "bindDN": "string",
                                  "bindPassword": [
                                    "object",
                                    {
                                      "key": "string",
                                      "name": "string",
                                      "optional": "bool"
                                    }
                                  ],
                                  "searchAttribute": "string",
                                  "searchFilter": "string"
                                }
                              ],
                              "port": "number",
                              "scheme": "string",
                              "server": "string",
                              "tls": "bool"
                            }
                          ],
                          "parameters": [
                            "map",
                            "string"
                          ],
                          "pg_hba": [
                            "list",
                            "string"
                          ],
                          "pg_ident": [
                            "list",
                            "string"
                          ],
                          "promotionTimeout": "number",
                          "shared_preload_libraries": [
                            "list",
                            "string"
                          ],
                          "syncReplicaElectionConstraint": [
                            "object",
                            {
                              "enabled": "bool",
                              "nodeLabelsAntiAffinity": [
                                "list",
                                "string"
                              ]
                            }
                          ],
                          "synchronous": [
                            "object",
                            {
                              "dataDurability": "string",
                              "maxStandbyNamesFromCluster": "number",
                              "method": "string",
                              "number": "number",
                              "standbyNamesPost": [
                                "list",
                                "string"
                              ],
                              "standbyNamesPre": [
                                "list",
                                "string"
                              ]
                            }
                          ]
                        }
                      ],
                      "primaryUpdateMethod": "string",
                      "primaryUpdateStrategy": "string",
                      "priorityClassName": "string",
                      "probes": [
                        "object",
                        {
                          "liveness": [
                            "object",
                            {
                              "failureThreshold": "number",
                              "initialDelaySeconds": "number",
                              "periodSeconds": "number",
                              "successThreshold": "number",
                              "terminationGracePeriodSeconds": "number",
                              "timeoutSeconds": "number"
                            }
                          ],
                          "readiness": [
                            "object",
                            {
                              "failureThreshold": "number",
                              "initialDelaySeconds": "number",
                              "periodSeconds": "number",
                              "successThreshold": "number",
                              "terminationGracePeriodSeconds": "number",
                              "timeoutSeconds": "number"
                            }
                          ],
                          "startup": [
                            "object",
                            {
                              "failureThreshold": "number",
                              "initialDelaySeconds": "number",
                              "periodSeconds": "number",
                              "successThreshold": "number",
                              "terminationGracePeriodSeconds": "number",
                              "timeoutSeconds": "number"
                            }
                          ]
                        }
                      ],
                      "projectedVolumeTemplate": [
                        "object",
                        {
                          "defaultMode": "number",
                          "sources": [
                            "list",
                            [
                              "object",
                              {
                                "clusterTrustBundle": [
                                  "object",
                                  {
                                    "labelSelector": [
                                      "object",
                                      {
                                        "matchExpressions": [
                                          "list",
                                          [
                                            "object",
                                            {
                                              "key": "string",
                                              "operator": "string",
                                              "values": [
                                                "list",
                                                "string"
                                              ]
                                            }
                                          ]
                                        ],
                                        "matchLabels": [
                                          "map",
                                          "string"
                                        ]
                                      }
                                    ],
                                    "name": "string",
                                    "optional": "bool",
                                    "path": "string",
                                    "signerName": "string"
                                  }
                                ],
                                "configMap": [
                                  "object",
                                  {
                                    "items": [
                                      "list",
                                      [
                                        "object",
                                        {
                                          "key": "string",
                                          "mode": "number",
                                          "path": "string"
                                        }
                                      ]
                                    ],
                                    "name": "string",
                                    "optional": "bool"
                                  }
                                ],
                                "downwardAPI": [
                                  "object",
                                  {
                                    "items": [
                                      "list",
                                      [
                                        "object",
                                        {
                                          "fieldRef": [
                                            "object",
                                            {
                                              "apiVersion": "string",
                                              "fieldPath": "string"
                                            }
                                          ],
                                          "mode": "number",
                                          "path": "string",
                                          "resourceFieldRef": [
                                            "object",
                                            {
                                              "containerName": "string",
                                              "divisor": "string",
                                              "resource": "string"
                                            }
                                          ]
                                        }
                                      ]
                                    ]
                                  }
                                ],
                                "secret": [
                                  "object",
                                  {
                                    "items": [
                                      "list",
                                      [
                                        "object",
                                        {
                                          "key": "string",
                                          "mode": "number",
                                          "path": "string"
                                        }
                                      ]
                                    ],
                                    "name": "string",
                                    "optional": "bool"
                                  }
                                ],
                                "serviceAccountToken": [
                                  "object",
                                  {
                                    "audience": "string",
                                    "expirationSeconds": "number",
                                    "path": "string"
                                  }
                                ]
                              }
                            ]
                          ]
                        }
                      ],
                      "replica": [
                        "object",
                        {
                          "enabled": "bool",
                          "minApplyDelay": "string",
                          "primary": "string",
                          "promotionToken": "string",
                          "self": "string",
                          "source": "string"
                        }
                      ],
                      "replicationSlots": [
                        "object",
                        {
                          "highAvailability": [
                            "object",
                            {
                              "enabled": "bool",
                              "slotPrefix": "string"
                            }
                          ],
                          "synchronizeReplicas": [
                            "object",
                            {
                              "enabled": "bool",
                              "excludePatterns": [
                                "list",
                                "string"
                              ]
                            }
                          ],
                          "updateInterval": "number"
                        }
                      ],
                      "resources": [
                        "object",
                        {
                          "claims": [
                            "list",
                            [
                              "object",
                              {
                                "name": "string",
                                "request": "string"
                              }
                            ]
                          ],
                          "limits": [
                            "map",
                            "string"
                          ],
                          "requests": [
                            "map",
                            "string"
                          ]
                        }
                      ],
                      "schedulerName": "string",
                      "seccompProfile": [
                        "object",
                        {
                          "localhostProfile": "string",
                          "type": "string"
                        }
                      ],
                      "serviceAccountTemplate": [
                        "object",
                        {
                          "metadata": [
                            "object",
                            {
                              "annotations": [
                                "map",
                                "string"
                              ],
                              "labels": [
                                "map",
                                "string"
                              ],
                              "name": "string"
                            }
                          ]
                        }
                      ],
                      "smartShutdownTimeout": "number",
                      "startDelay": "number",
                      "stopDelay": "number",
                      "storage": [
                        "object",
                        {
                          "pvcTemplate": [
                            "object",
                            {
                              "accessModes": [
                                "list",
                                "string"
                              ],
                              "dataSource": [
                                "object",
                                {
                                  "apiGroup": "string",
                                  "kind": "string",
                                  "name": "string"
                                }
                              ],
                              "dataSourceRef": [
                                "object",
                                {
                                  "apiGroup": "string",
                                  "kind": "string",
                                  "name": "string",
                                  "namespace": "string"
                                }
                              ],
                              "resources": [
                                "object",
                                {
                                  "limits": [
                                    "map",
                                    "string"
                                  ],
                                  "requests": [
                                    "map",
                                    "string"
                                  ]
                                }
                              ],
                              "selector": [
                                "object",
                                {
                                  "matchExpressions": [
                                    "list",
                                    [
                                      "object",
                                      {
                                        "key": "string",
                                        "operator": "string",
                                        "values": [
                                          "list",
                                          "string"
                                        ]
                                      }
                                    ]
                                  ],
                                  "matchLabels": [
                                    "map",
                                    "string"
                                  ]
                                }
                              ],
                              "storageClassName": "string",
                              "volumeAttributesClassName": "string",
                              "volumeMode": "string",
                              "volumeName": "string"
                            }
                          ],
                          "resizeInUseVolumes": "bool",
                          "size": "string",
                          "storageClass": "string"
                        }
                      ],
                      "superuserSecret": [
                        "object",
                        {
                          "name": "string"
                        }
                      ],
                      "switchoverDelay": "number",
                      "tablespaces": [
                        "list",
                        [
                          "object",
                          {
                            "name": "string",
                            "owner": [
                              "object",
                              {
                                "name": "string"
                              }
                            ],
                            "storage": [
                              "object",
                              {
                                "pvcTemplate": [
                                  "object",
                                  {
                                    "accessModes": [
                                      "list",
                                      "string"
                                    ],
                                    "dataSource": [
                                      "object",
                                      {
                                        "apiGroup": "string",
                                        "kind": "string",
                                        "name": "string"
                                      }
                                    ],
                                    "dataSourceRef": [
                                      "object",
                                      {
                                        "apiGroup": "string",
                                        "kind": "string",
                                        "name": "string",
                                        "namespace": "string"
                                      }
                                    ],
                                    "resources": [
                                      "object",
                                      {
                                        "limits": [
                                          "map",
                                          "string"
                                        ],
                                        "requests": [
                                          "map",
                                          "string"
                                        ]
                                      }
                                    ],
                                    "selector": [
                                      "object",
                                      {
                                        "matchExpressions": [
                                          "list",
                                          [
                                            "object",
                                            {
                                              "key": "string",
                                              "operator": "string",
                                              "values": [
                                                "list",
                                                "string"
                                              ]
                                            }
                                          ]
                                        ],
                                        "matchLabels": [
                                          "map",
                                          "string"
                                        ]
                                      }
                                    ],
                                    "storageClassName": "string",
                                    "volumeAttributesClassName": "string",
                                    "volumeMode": "string",
                                    "volumeName": "string"
                                  }
                                ],
                                "resizeInUseVolumes": "bool",
                                "size": "string",
                                "storageClass": "string"
                              }
                            ],
                            "temporary": "bool"
                          }
                        ]
                      ],
                      "topologySpreadConstraints": [
                        "list",
                        [
                          "object",
                          {
                            "labelSelector": [
                              "object",
                              {
                                "matchExpressions": [
                                  "list",
                                  [
                                    "object",
                                    {
                                      "key": "string",
                                      "operator": "string",
                                      "values": [
                                        "list",
                                        "string"
                                      ]
                                    }
                                  ]
                                ],
                                "matchLabels": [
                                  "map",
                                  "string"
                                ]
                              }
                            ],
                            "matchLabelKeys": [
                              "list",
                              "string"
                            ],
                            "maxSkew": "number",
                            "minDomains": "number",
                            "nodeAffinityPolicy": "string",
                            "nodeTaintsPolicy": "string",
                            "topologyKey": "string",
                            "whenUnsatisfiable": "string"
                          }
                        ]
                      ],
                      "walStorage": [
                        "object",
                        {
                          "pvcTemplate": [
                            "object",
                            {
                              "accessModes": [
                                "list",
                                "string"
                              ],
                              "dataSource": [
                                "object",
                                {
                                  "apiGroup": "string",
                                  "kind": "string",
                                  "name": "string"
                                }
                              ],
                              "dataSourceRef": [
                                "object",
                                {
                                  "apiGroup": "string",
                                  "kind": "string",
                                  "name": "string",
                                  "namespace": "string"
                                }
                              ],
                              "resources": [
                                "object",
                                {
                                  "limits": [
                                    "map",
                                    "string"
                                  ],
                                  "requests": [
                                    "map",
                                    "string"
                                  ]
                                }
                              ],
                              "selector": [
                                "object",
                                {
                                  "matchExpressions": [
                                    "list",
                                    [
                                      "object",
                                      {
                                        "key": "string",
                                        "operator": "string",
                                        "values": [
                                          "list",
                                          "string"
                                        ]
                                      }
                                    ]
                                  ],
                                  "matchLabels": [
                                    "map",
                                    "string"
                                  ]
                                }
                              ],
                              "storageClassName": "string",
                              "volumeAttributesClassName": "string",
                              "volumeMode": "string",
                              "volumeName": "string"
                            }
                          ],
                          "resizeInUseVolumes": "bool",
                          "size": "string",
                          "storageClass": "string"
                        }
                      ]
                    }
                  ]
                }
              ]
            },
            "timeouts": [],
            "wait": [],
            "wait_for": null
          },
          "sensitive_attributes": [],
          "identity_schema_version": 1,
          "identity": {
            "api_version": "postgresql.cnpg.io/v1",
            "kind": "Cluster",
            "name": "postgres",
            "namespace": "sins"
          }
        },
        {
          "index_key": "sins.yml",
          "schema_version": 1,
          "attributes": {
            "computed_fields": null,
            "field_manager": [],
            "manifest": {
              "value": {
                "apiVersion": "v1",
                "kind": "Namespace",
                "metadata": {
                  "name": "sins"
                }
              },
              "type": [
                "object",
                {
                  "apiVersion": "string",
                  "kind": "string",
                  "metadata": [
                    "object",
                    {
                      "name": "string"
                    }
                  ]
                }
              ]
            },
            "object": {
              "value": {
                "apiVersion": "v1",
                "kind": "Namespace",
                "metadata": {
                  "annotations": null,
                  "creationTimestamp": null,
                  "deletionGracePeriodSeconds": null,
                  "deletionTimestamp": null,
                  "finalizers": null,
                  "generateName": null,
                  "generation": null,
                  "labels": {
                    "kubernetes.io/metadata.name": "sins"
                  },
                  "managedFields": null,
                  "name": "sins",
                  "namespace": null,
                  "ownerReferences": null,
                  "resourceVersion": null,
                  "selfLink": null,
                  "uid": null
                },
                "spec": {
                  "finalizers": [
                    "kubernetes"
                  ]
                }
              },
              "type": [
                "object",
                {
                  "apiVersion": "string",
                  "kind": "string",
                  "metadata": [
                    "object",
                    {
                      "annotations": [
                        "map",
                        "string"
                      ],
                      "creationTimestamp": "string",
                      "deletionGracePeriodSeconds": "number",
                      "deletionTimestamp": "string",
                      "finalizers": [
                        "list",
                        "string"
                      ],
                      "generateName": "string",
                      "generation": "number",
                      "labels": [
                        "map",
                        "string"
                      ],
                      "managedFields": [
                        "tuple",
                        [
                          [
                            "object",
                            {
                              "apiVersion": "string",
                              "fieldsType": "string",
                              "fieldsV1": "dynamic",
                              "manager": "string",
                              "operation": "string",
                              "subresource": "string",
                              "time": "string"
                            }
                          ]
                        ]
                      ],
                      "name": "string",
                      "namespace": "string",
                      "ownerReferences": [
                        "list",
                        [
                          "object",
                          {
                            "apiVersion": "string",
                            "blockOwnerDeletion": "bool",
                            "controller": "bool",
                            "kind": "string",
                            "name": "string",
                            "uid": "string"
                          }
                        ]
                      ],
                      "resourceVersion": "string",
                      "selfLink": "string",
                      "uid": "string"
                    }
                  ],
                  "spec": [
                    "object",
                    {
                      "finalizers": [
                        "list",
                        "string"
                      ]
                    }
                  ]
                }
              ]
            },
            "timeouts": [],
            "wait": [],
            "wait_for": null
          },
          "sensitive_attributes": [],
          "identity_schema_version": 1,
          "identity": {
            "api_version": "v1",
            "kind": "Namespace",
            "name": "sins",
            "namespace": ""
          }
        }
      ]
    },
    {
      "mode": "managed",
      "type": "kubernetes_manifest",
      "name": "frontend",
      "provider": "provider[\"registry.terraform.io/hashicorp/kubernetes\"]",
      "instances": [
        {
          "schema_version": 1,
          "attributes": {
            "computed_fields": null,
            "field_manager": [],
            "manifest": {
              "value": {
                "apiVersion": "v1",
                "kind": "Service",
                "metadata": {
                  "name": "frontend",
                  "namespace": "sins"
                },
                "spec": {
                  "ports": [
                    {
                      "port": 80,
                      "targetPort": 80
                    }
                  ],
                  "selector": {
                    "app": "frontend"
                  },
                  "type": "ClusterIP"
                }
              },
              "type": [
                "object",
                {
                  "apiVersion": "string",
                  "kind": "string",
                  "metadata": [
                    "object",
                    {
                      "name": "string",
                      "namespace": "string"
                    }
                  ],
                  "spec": [
                    "object",
                    {
                      "ports": [
                        "tuple",
                        [
                          [
                            "object",
                            {
                              "port": "number",
                              "targetPort": "number"
                            }
                          ]
                        ]
                      ],
                      "selector": [
                        "object",
                        {
                          "app": "string"
                        }
                      ],
                      "type": "string"
                    }
                  ]
                }
              ]
            },
            "object": {
              "value": {
                "apiVersion": "v1",
                "kind": "Service",
                "metadata": {
                  "annotations": null,
                  "creationTimestamp": null,
                  "deletionGracePeriodSeconds": null,
                  "deletionTimestamp": null,
                  "finalizers": null,
                  "generateName": null,
                  "generation": null,
                  "labels": null,
                  "managedFields": null,
                  "name": "frontend",
                  "namespace": "sins",
                  "ownerReferences": null,
                  "resourceVersion": null,
                  "selfLink": null,
                  "uid": null
                },
                "spec": {
                  "allocateLoadBalancerNodePorts": null,
                  "clusterIP": "10.0.73.226",
                  "clusterIPs": [
                    "10.0.73.226"
                  ],
                  "externalIPs": null,
                  "externalName": null,
                  "externalTrafficPolicy": null,
                  "healthCheckNodePort": null,
                  "internalTrafficPolicy": "Cluster",
                  "ipFamilies": [
                    "IPv4"
                  ],
                  "ipFamilyPolicy": "SingleStack",
                  "loadBalancerClass": null,
                  "loadBalancerIP": null,
                  "loadBalancerSourceRanges": null,
                  "ports": [
                    {
                      "appProtocol": null,
                      "name": null,
                      "nodePort": null,
                      "port": 80,
                      "protocol": "TCP",
                      "targetPort": "80"
                    }
                  ],
                  "publishNotReadyAddresses": null,
                  "selector": {
                    "app": "frontend"
                  },
                  "sessionAffinity": "None",
                  "sessionAffinityConfig": {
                    "clientIP": {
                      "timeoutSeconds": null
                    }
                  },
                  "trafficDistribution": null,
                  "type": "ClusterIP"
                }
              },
              "type": [
                "object",
                {
                  "apiVersion": "string",
                  "kind": "string",
                  "metadata": [
                    "object",
                    {
                      "annotations": [
                        "map",
                        "string"
                      ],
                      "creationTimestamp": "string",
                      "deletionGracePeriodSeconds": "number",
                      "deletionTimestamp": "string",
                      "finalizers": [
                        "list",
                        "string"
                      ],
                      "generateName": "string",
                      "generation": "number",
                      "labels": [
                        "map",
                        "string"
                      ],
                      "managedFields": [
                        "tuple",
                        [
                          [
                            "object",
                            {
                              "apiVersion": "string",
                              "fieldsType": "string",
                              "fieldsV1": "dynamic",
                              "manager": "string",
                              "operation": "string",
                              "subresource": "string",
                              "time": "string"
                            }
                          ]
                        ]
                      ],
                      "name": "string",
                      "namespace": "string",
                      "ownerReferences": [
                        "list",
                        [
                          "object",
                          {
                            "apiVersion": "string",
                            "blockOwnerDeletion": "bool",
                            "controller": "bool",
                            "kind": "string",
                            "name": "string",
                            "uid": "string"
                          }
                        ]
                      ],
                      "resourceVersion": "string",
                      "selfLink": "string",
                      "uid": "string"
                    }
                  ],
                  "spec": [
                    "object",
                    {
                      "allocateLoadBalancerNodePorts": "bool",
                      "clusterIP": "string",
                      "clusterIPs": [
                        "list",
                        "string"
                      ],
                      "externalIPs": [
                        "list",
                        "string"
                      ],
                      "externalName": "string",
                      "externalTrafficPolicy": "string",
                      "healthCheckNodePort": "number",
                      "internalTrafficPolicy": "string",
                      "ipFamilies": [
                        "list",
                        "string"
                      ],
                      "ipFamilyPolicy": "string",
                      "loadBalancerClass": "string",
                      "loadBalancerIP": "string",
                      "loadBalancerSourceRanges": [
                        "list",
                        "string"
                      ],
                      "ports": [
                        "list",
                        [
                          "object",
                          {
                            "appProtocol": "string",
                            "name": "string",
                            "nodePort": "number",
                            "port": "number",
                            "protocol": "string",
                            "targetPort": "string"
                          }
                        ]
                      ],
                      "publishNotReadyAddresses": "bool",
                      "selector": [
                        "map",
                        "string"
                      ],
                      "sessionAffinity": "string",
                      "sessionAffinityConfig": [
                        "object",
                        {
                          "clientIP": [
                            "object",
                            {
                              "timeoutSeconds": "number"
                            }
                          ]
                        }
                      ],
                      "trafficDistribution": "string",
                      "type": "string"
                    }
                  ]
                }
              ]
            },
            "timeouts": [],
            "wait": [],
            "wait_for": null
          },
          "sensitive_attributes": [],
          "identity_schema_version": 1,
          "identity": {
            "api_version": "v1",
            "kind": "Service",
            "name": "frontend",
            "namespace": "sins"
          }
        }
      ]
    },
    {
      "mode": "managed",
      "type": "kubernetes_manifest",
      "name": "game-service",
      "provider": "provider[\"registry.terraform.io/hashicorp/kubernetes\"]",
      "instances": [
        {
          "schema_version": 1,
          "attributes": {
            "computed_fields": null,
            "field_manager": [],
            "manifest": {
              "value": {
                "apiVersion": "v1",
                "kind": "Service",
                "metadata": {
                  "labels": {
                    "app": "game-service"
                  },
                  "name": "game-service",
                  "namespace": "sins"
                },
                "spec": {
                  "ports": [
                    {
                      "name": "http-metrics",
                      "port": 8081,
                      "targetPort": 8081
                    }
                  ],
                  "selector": {
                    "app": "game-service"
                  }
                }
              },
              "type": [
                "object",
                {
                  "apiVersion": "string",
                  "kind": "string",
                  "metadata": [
                    "object",
                    {
                      "labels": [
                        "object",
                        {
                          "app": "string"
                        }
                      ],
                      "name": "string",
                      "namespace": "string"
                    }
                  ],
                  "spec": [
                    "object",
                    {
                      "ports": [
                        "tuple",
                        [
                          [
                            "object",
                            {
                              "name": "string",
                              "port": "number",
                              "targetPort": "number"
                            }
                          ]
                        ]
                      ],
                      "selector": [
                        "object",
                        {
                          "app": "string"
                        }
                      ]
                    }
                  ]
                }
              ]
            },
            "object": {
              "value": {
                "apiVersion": "v1",
                "kind": "Service",
                "metadata": {
                  "annotations": null,
                  "creationTimestamp": null,
                  "deletionGracePeriodSeconds": null,
                  "deletionTimestamp": null,
                  "finalizers": null,
                  "generateName": null,
                  "generation": null,
                  "labels": {
                    "app": "game-service"
                  },
                  "managedFields": null,
                  "name": "game-service",
                  "namespace": "sins",
                  "ownerReferences": null,
                  "resourceVersion": null,
                  "selfLink": null,
                  "uid": null
                },
                "spec": {
                  "allocateLoadBalancerNodePorts": null,
                  "clusterIP": "10.0.113.21",
                  "clusterIPs": [
                    "10.0.113.21"
                  ],
                  "externalIPs": null,
                  "externalName": null,
                  "externalTrafficPolicy": null,
                  "healthCheckNodePort": null,
                  "internalTrafficPolicy": "Cluster",
                  "ipFamilies": [
                    "IPv4"
                  ],
                  "ipFamilyPolicy": "SingleStack",
                  "loadBalancerClass": null,
                  "loadBalancerIP": null,
                  "loadBalancerSourceRanges": null,
                  "ports": [
                    {
                      "appProtocol": null,
                      "name": "http-metrics",
                      "nodePort": null,
                      "port": 8081,
                      "protocol": "TCP",
                      "targetPort": "8081"
                    }
                  ],
                  "publishNotReadyAddresses": null,
                  "selector": {
                    "app": "game-service"
                  },
                  "sessionAffinity": "None",
                  "sessionAffinityConfig": {
                    "clientIP": {
                      "timeoutSeconds": null
                    }
                  },
                  "trafficDistribution": null,
                  "type": "ClusterIP"
                }
              },
              "type": [
                "object",
                {
                  "apiVersion": "string",
                  "kind": "string",
                  "metadata": [
                    "object",
                    {
                      "annotations": [
                        "map",
                        "string"
                      ],
                      "creationTimestamp": "string",
                      "deletionGracePeriodSeconds": "number",
                      "deletionTimestamp": "string",
                      "finalizers": [
                        "list",
                        "string"
                      ],
                      "generateName": "string",
                      "generation": "number",
                      "labels": [
                        "map",
                        "string"
                      ],
                      "managedFields": [
                        "tuple",
                        [
                          [
                            "object",
                            {
                              "apiVersion": "string",
                              "fieldsType": "string",
                              "fieldsV1": "dynamic",
                              "manager": "string",
                              "operation": "string",
                              "subresource": "string",
                              "time": "string"
                            }
                          ]
                        ]
                      ],
                      "name": "string",
                      "namespace": "string",
                      "ownerReferences": [
                        "list",
                        [
                          "object",
                          {
                            "apiVersion": "string",
                            "blockOwnerDeletion": "bool",
                            "controller": "bool",
                            "kind": "string",
                            "name": "string",
                            "uid": "string"
                          }
                        ]
                      ],
                      "resourceVersion": "string",
                      "selfLink": "string",
                      "uid": "string"
                    }
                  ],
                  "spec": [
                    "object",
                    {
                      "allocateLoadBalancerNodePorts": "bool",
                      "clusterIP": "string",
                      "clusterIPs": [
                        "list",
                        "string"
                      ],
                      "externalIPs": [
                        "list",
                        "string"
                      ],
                      "externalName": "string",
                      "externalTrafficPolicy": "string",
                      "healthCheckNodePort": "number",
                      "internalTrafficPolicy": "string",
                      "ipFamilies": [
                        "list",
                        "string"
                      ],
                      "ipFamilyPolicy": "string",
                      "loadBalancerClass": "string",
                      "loadBalancerIP": "string",
                      "loadBalancerSourceRanges": [
                        "list",
                        "string"
                      ],
                      "ports": [
                        "list",
                        [
                          "object",
                          {
                            "appProtocol": "string",
                            "name": "string",
                            "nodePort": "number",
                            "port": "number",
                            "protocol": "string",
                            "targetPort": "string"
                          }
                        ]
                      ],
                      "publishNotReadyAddresses": "bool",
                      "selector": [
                        "map",
                        "string"
                      ],
                      "sessionAffinity": "string",
                      "sessionAffinityConfig": [
                        "object",
                        {
                          "clientIP": [
                            "object",
                            {
                              "timeoutSeconds": "number"
                            }
                          ]
                        }
                      ],
                      "trafficDistribution": "string",
                      "type": "string"
                    }
                  ]
                }
              ]
            },
            "timeouts": [],
            "wait": [],
            "wait_for": null
          },
          "sensitive_attributes": [],
          "identity_schema_version": 1,
          "identity": {
            "api_version": "v1",
            "kind": "Service",
            "name": "game-service",
            "namespace": "sins"
          }
        }
      ]
    },
    {
      "mode": "managed",
      "type": "kubernetes_manifest",
      "name": "services",
      "provider": "provider[\"registry.terraform.io/hashicorp/kubernetes\"]",
      "instances": [
        {
          "schema_version": 1,
          "attributes": {
            "computed_fields": null,
            "field_manager": [],
            "manifest": {
              "value": {
                "apiVersion": "v1",
                "kind": "Service",
                "metadata": {
                  "labels": {
                    "app": "auth-service"
                  },
                  "name": "auth-service",
                  "namespace": "sins"
                },
                "spec": {
                  "ports": [
                    {
                      "name": "http-metrics",
                      "port": 8080,
                      "targetPort": 8080
                    }
                  ],
                  "selector": {
                    "app": "auth-service"
                  }
                }
              },
              "type": [
                "object",
                {
                  "apiVersion": "string",
                  "kind": "string",
                  "metadata": [
                    "object",
                    {
                      "labels": [
                        "object",
                        {
                          "app": "string"
                        }
                      ],
                      "name": "string",
                      "namespace": "string"
                    }
                  ],
                  "spec": [
                    "object",
                    {
                      "ports": [
                        "tuple",
                        [
                          [
                            "object",
                            {
                              "name": "string",
                              "port": "number",
                              "targetPort": "number"
                            }
                          ]
                        ]
                      ],
                      "selector": [
                        "object",
                        {
                          "app": "string"
                        }
                      ]
                    }
                  ]
                }
              ]
            },
            "object": {
              "value": {
                "apiVersion": "v1",
                "kind": "Service",
                "metadata": {
                  "annotations": null,
                  "creationTimestamp": null,
                  "deletionGracePeriodSeconds": null,
                  "deletionTimestamp": null,
                  "finalizers": null,
                  "generateName": null,
                  "generation": null,
                  "labels": {
                    "app": "auth-service"
                  },
                  "managedFields": null,
                  "name": "auth-service",
                  "namespace": "sins",
                  "ownerReferences": null,
                  "resourceVersion": null,
                  "selfLink": null,
                  "uid": null
                },
                "spec": {
                  "allocateLoadBalancerNodePorts": null,
                  "clusterIP": "10.0.42.241",
                  "clusterIPs": [
                    "10.0.42.241"
                  ],
                  "externalIPs": null,
                  "externalName": null,
                  "externalTrafficPolicy": null,
                  "healthCheckNodePort": null,
                  "internalTrafficPolicy": "Cluster",
                  "ipFamilies": [
                    "IPv4"
                  ],
                  "ipFamilyPolicy": "SingleStack",
                  "loadBalancerClass": null,
                  "loadBalancerIP": null,
                  "loadBalancerSourceRanges": null,
                  "ports": [
                    {
                      "appProtocol": null,
                      "name": "http-metrics",
                      "nodePort": null,
                      "port": 8080,
                      "protocol": "TCP",
                      "targetPort": "8080"
                    }
                  ],
                  "publishNotReadyAddresses": null,
                  "selector": {
                    "app": "auth-service"
                  },
                  "sessionAffinity": "None",
                  "sessionAffinityConfig": {
                    "clientIP": {
                      "timeoutSeconds": null
                    }
                  },
                  "trafficDistribution": null,
                  "type": "ClusterIP"
                }
              },
              "type": [
                "object",
                {
                  "apiVersion": "string",
                  "kind": "string",
                  "metadata": [
                    "object",
                    {
                      "annotations": [
                        "map",
                        "string"
                      ],
                      "creationTimestamp": "string",
                      "deletionGracePeriodSeconds": "number",
                      "deletionTimestamp": "string",
                      "finalizers": [
                        "list",
                        "string"
                      ],
                      "generateName": "string",
                      "generation": "number",
                      "labels": [
                        "map",
                        "string"
                      ],
                      "managedFields": [
                        "tuple",
                        [
                          [
                            "object",
                            {
                              "apiVersion": "string",
                              "fieldsType": "string",
                              "fieldsV1": "dynamic",
                              "manager": "string",
                              "operation": "string",
                              "subresource": "string",
                              "time": "string"
                            }
                          ]
                        ]
                      ],
                      "name": "string",
                      "namespace": "string",
                      "ownerReferences": [
                        "list",
                        [
                          "object",
                          {
                            "apiVersion": "string",
                            "blockOwnerDeletion": "bool",
                            "controller": "bool",
                            "kind": "string",
                            "name": "string",
                            "uid": "string"
                          }
                        ]
                      ],
                      "resourceVersion": "string",
                      "selfLink": "string",
                      "uid": "string"
                    }
                  ],
                  "spec": [
                    "object",
                    {
                      "allocateLoadBalancerNodePorts": "bool",
                      "clusterIP": "string",
                      "clusterIPs": [
                        "list",
                        "string"
                      ],
                      "externalIPs": [
                        "list",
                        "string"
                      ],
                      "externalName": "string",
                      "externalTrafficPolicy": "string",
                      "healthCheckNodePort": "number",
                      "internalTrafficPolicy": "string",
                      "ipFamilies": [
                        "list",
                        "string"
                      ],
                      "ipFamilyPolicy": "string",
                      "loadBalancerClass": "string",
                      "loadBalancerIP": "string",
                      "loadBalancerSourceRanges": [
                        "list",
                        "string"
                      ],
                      "ports": [
                        "list",
                        [
                          "object",
                          {
                            "appProtocol": "string",
                            "name": "string",
                            "nodePort": "number",
                            "port": "number",
                            "protocol": "string",
                            "targetPort": "string"
                          }
                        ]
                      ],
                      "publishNotReadyAddresses": "bool",
                      "selector": [
                        "map",
                        "string"
                      ],
                      "sessionAffinity": "string",
                      "sessionAffinityConfig": [
                        "object",
                        {
                          "clientIP": [
                            "object",
                            {
                              "timeoutSeconds": "number"
                            }
                          ]
                        }
                      ],
                      "trafficDistribution": "string",
                      "type": "string"
                    }
                  ]
                }
              ]
            },
            "timeouts": [],
            "wait": [],
            "wait_for": null
          },
          "sensitive_attributes": [],
          "identity_schema_version": 1,
          "identity": {
            "api_version": "v1",
            "kind": "Service",
            "name": "auth-service",
            "namespace": "sins"
          }
        }
      ]
    }
  ],
  "check_results": null
}
